Microsoft Visual Studio Solution File, Format Version 12.00
# Visual Studio Version 16
VisualStudioVersion = 16.0.29318.209
MinimumVisualStudioVersion = 10.0.40219.1
Project("{2150E333-8FDC-42A3-9474-1A3956D46DE8}") = "Data", "Data", "{F306B0F5-310E-4ABB-8269-A01EDD959A44}"
EndProject
Project("{2150E333-8FDC-42A3-9474-1A3956D46DE8}") = "Services", "Services", "{EEAC1B7E-6EB4-41A0-AA3C-5448089A483E}"
EndProject
Project("{2150E333-8FDC-42A3-9474-1A3956D46DE8}") = "Web", "Web", "{4D48BC4C-7905-416D-8539-A314ECBA8983}"
EndProject
Project("{9A19103F-16F7-4668-BE54-9A1E7A4F7556}") = "Sharebook.Services", "Sharebook.Services\Sharebook.Services\Sharebook.Services.csproj", "{C9BFCE9E-6BF9-4140-9ACE-365126FB48A7}"
EndProject
Project("{9A19103F-16F7-4668-BE54-9A1E7A4F7556}") = "Sharebook.Services.Data", "Sharebook.Services\Sharebook.Services.Data\Sharebook.Services.Data.csproj", "{44B045E9-946B-4853-B899-1D3512DFCB94}"
EndProject
Project("{9A19103F-16F7-4668-BE54-9A1E7A4F7556}") = "Sharebook.Web.Api", "Web\Sharebook.WebApi\Sharebook.Web.Api.csproj", "{15442A7C-0EBF-447E-B227-C0322341E7A8}"
EndProject
Project("{9A19103F-16F7-4668-BE54-9A1E7A4F7556}") = "Sharebook.Web.Models", "Web\Sharebook.Web.Models\Sharebook.Web.Models.csproj", "{64D65CB3-2E71-44C6-A58E-6C0EB41CAF0E}"
EndProject
Project("{9A19103F-16F7-4668-BE54-9A1E7A4F7556}") = "Sharebook.Data.Models", "Sharebook.Data\Sharebook.Data.Models\Sharebook.Data.Models.csproj", "{EB6B55CF-5A32-4896-A8E4-891E13411F60}"
EndProject
Project("{9A19103F-16F7-4668-BE54-9A1E7A4F7556}") = "Sharebook.Services.Mapping", "Sharebook.Services\Sharebook.Services.Mapping\Sharebook.Services.Mapping.csproj", "{A494881F-C424-404E-AC35-FFCFE9998AFE}"
EndProject
Project("{9A19103F-16F7-4668-BE54-9A1E7A4F7556}") = "Sharebook.DIContainerCore", "Sharebook.DIContainerCore\Sharebook.DIContainerCore.csproj", "{9E14334A-7235-4517-A14C-8C882A85FA65}"
EndProject
Project("{9A19103F-16F7-4668-BE54-9A1E7A4F7556}") = "Sharebook.IdentityManagementCore", "Sharebook.IdentityManagementCore\Sharebook.IdentityManagementCore.csproj", "{C27E9719-39B6-4306-AA6D-031C066B98A9}"
EndProject
Project("{9A19103F-16F7-4668-BE54-9A1E7A4F7556}") = "Sharebook.Data.Common", "Sharebook.Data\Sharebook.Data.Common\Sharebook.Data.Common.csproj", "{1A208123-914A-4E3F-9D5C-67CAF3B901D5}"
EndProject
Project("{9A19103F-16F7-4668-BE54-9A1E7A4F7556}") = "Sharebook.Data", "Sharebook.Data\Sharebook.Data\Sharebook.Data.csproj", "{4A5837C6-8DCE-449F-9F7E-2934DC0687EA}"
EndProject
Project("{9A19103F-16F7-4668-BE54-9A1E7A4F7556}") = "Sharebook.Common", "Sharebook.Common\Sharebook.Common.csproj", "{DBB435AB-CEB6-4E49-A8A5-7D06DA32F73F}"
EndProject
Global
	GlobalSection(SolutionConfigurationPlatforms) = preSolution
		Debug|Any CPU = Debug|Any CPU
		Release|Any CPU = Release|Any CPU
	EndGlobalSection
	GlobalSection(ProjectConfigurationPlatforms) = postSolution
		{C9BFCE9E-6BF9-4140-9ACE-365126FB48A7}.Debug|Any CPU.ActiveCfg = Debug|Any CPU
		{C9BFCE9E-6BF9-4140-9ACE-365126FB48A7}.Debug|Any CPU.Build.0 = Debug|Any CPU
		{C9BFCE9E-6BF9-4140-9ACE-365126FB48A7}.Release|Any CPU.ActiveCfg = Release|Any CPU
		{C9BFCE9E-6BF9-4140-9ACE-365126FB48A7}.Release|Any CPU.Build.0 = Release|Any CPU
		{44B045E9-946B-4853-B899-1D3512DFCB94}.Debug|Any CPU.ActiveCfg = Debug|Any CPU
		{44B045E9-946B-4853-B899-1D3512DFCB94}.Debug|Any CPU.Build.0 = Debug|Any CPU
		{44B045E9-946B-4853-B899-1D3512DFCB94}.Release|Any CPU.ActiveCfg = Release|Any CPU
		{44B045E9-946B-4853-B899-1D3512DFCB94}.Release|Any CPU.Build.0 = Release|Any CPU
		{15442A7C-0EBF-447E-B227-C0322341E7A8}.Debug|Any CPU.ActiveCfg = Debug|Any CPU
		{15442A7C-0EBF-447E-B227-C0322341E7A8}.Debug|Any CPU.Build.0 = Debug|Any CPU
		{15442A7C-0EBF-447E-B227-C0322341E7A8}.Release|Any CPU.ActiveCfg = Release|Any CPU
		{15442A7C-0EBF-447E-B227-C0322341E7A8}.Release|Any CPU.Build.0 = Release|Any CPU
		{64D65CB3-2E71-44C6-A58E-6C0EB41CAF0E}.Debug|Any CPU.ActiveCfg = Debug|Any CPU
		{64D65CB3-2E71-44C6-A58E-6C0EB41CAF0E}.Debug|Any CPU.Build.0 = Debug|Any CPU
		{64D65CB3-2E71-44C6-A58E-6C0EB41CAF0E}.Release|Any CPU.ActiveCfg = Release|Any CPU
		{64D65CB3-2E71-44C6-A58E-6C0EB41CAF0E}.Release|Any CPU.Build.0 = Release|Any CPU
		{EB6B55CF-5A32-4896-A8E4-891E13411F60}.Debug|Any CPU.ActiveCfg = Debug|Any CPU
		{EB6B55CF-5A32-4896-A8E4-891E13411F60}.Debug|Any CPU.Build.0 = Debug|Any CPU
		{EB6B55CF-5A32-4896-A8E4-891E13411F60}.Release|Any CPU.ActiveCfg = Release|Any CPU
		{EB6B55CF-5A32-4896-A8E4-891E13411F60}.Release|Any CPU.Build.0 = Release|Any CPU
		{A494881F-C424-404E-AC35-FFCFE9998AFE}.Debug|Any CPU.ActiveCfg = Debug|Any CPU
		{A494881F-C424-404E-AC35-FFCFE9998AFE}.Debug|Any CPU.Build.0 = Debug|Any CPU
		{A494881F-C424-404E-AC35-FFCFE9998AFE}.Release|Any CPU.ActiveCfg = Release|Any CPU
		{A494881F-C424-404E-AC35-FFCFE9998AFE}.Release|Any CPU.Build.0 = Release|Any CPU
		{9E14334A-7235-4517-A14C-8C882A85FA65}.Debug|Any CPU.ActiveCfg = Debug|Any CPU
		{9E14334A-7235-4517-A14C-8C882A85FA65}.Debug|Any CPU.Build.0 = Debug|Any CPU
		{9E14334A-7235-4517-A14C-8C882A85FA65}.Release|Any CPU.ActiveCfg = Release|Any CPU
		{9E14334A-7235-4517-A14C-8C882A85FA65}.Release|Any CPU.Build.0 = Release|Any CPU
		{C27E9719-39B6-4306-AA6D-031C066B98A9}.Debug|Any CPU.ActiveCfg = Debug|Any CPU
		{C27E9719-39B6-4306-AA6D-031C066B98A9}.Debug|Any CPU.Build.0 = Debug|Any CPU
		{C27E9719-39B6-4306-AA6D-031C066B98A9}.Release|Any CPU.ActiveCfg = Release|Any CPU
		{C27E9719-39B6-4306-AA6D-031C066B98A9}.Release|Any CPU.Build.0 = Release|Any CPU
		{1A208123-914A-4E3F-9D5C-67CAF3B901D5}.Debug|Any CPU.ActiveCfg = Debug|Any CPU
		{1A208123-914A-4E3F-9D5C-67CAF3B901D5}.Debug|Any CPU.Build.0 = Debug|Any CPU
		{1A208123-914A-4E3F-9D5C-67CAF3B901D5}.Release|Any CPU.ActiveCfg = Release|Any CPU
		{1A208123-914A-4E3F-9D5C-67CAF3B901D5}.Release|Any CPU.Build.0 = Release|Any CPU
		{4A5837C6-8DCE-449F-9F7E-2934DC0687EA}.Debug|Any CPU.ActiveCfg = Debug|Any CPU
		{4A5837C6-8DCE-449F-9F7E-2934DC0687EA}.Debug|Any CPU.Build.0 = Debug|Any CPU
		{4A5837C6-8DCE-449F-9F7E-2934DC0687EA}.Release|Any CPU.ActiveCfg = Release|Any CPU
		{4A5837C6-8DCE-449F-9F7E-2934DC0687EA}.Release|Any CPU.Build.0 = Release|Any CPU
		{DBB435AB-CEB6-4E49-A8A5-7D06DA32F73F}.Debug|Any CPU.ActiveCfg = Debug|Any CPU
		{DBB435AB-CEB6-4E49-A8A5-7D06DA32F73F}.Debug|Any CPU.Build.0 = Debug|Any CPU
		{DBB435AB-CEB6-4E49-A8A5-7D06DA32F73F}.Release|Any CPU.ActiveCfg = Release|Any CPU
		{DBB435AB-CEB6-4E49-A8A5-7D06DA32F73F}.Release|Any CPU.Build.0 = Release|Any CPU
	EndGlobalSection
	GlobalSection(SolutionProperties) = preSolution
		HideSolutionNode = FALSE
	EndGlobalSection
	GlobalSection(NestedProjects) = preSolution
		{C9BFCE9E-6BF9-4140-9ACE-365126FB48A7} = {EEAC1B7E-6EB4-41A0-AA3C-5448089A483E}
		{44B045E9-946B-4853-B899-1D3512DFCB94} = {EEAC1B7E-6EB4-41A0-AA3C-5448089A483E}
		{15442A7C-0EBF-447E-B227-C0322341E7A8} = {4D48BC4C-7905-416D-8539-A314ECBA8983}
		{64D65CB3-2E71-44C6-A58E-6C0EB41CAF0E} = {4D48BC4C-7905-416D-8539-A314ECBA8983}
		{EB6B55CF-5A32-4896-A8E4-891E13411F60} = {F306B0F5-310E-4ABB-8269-A01EDD959A44}
		{A494881F-C424-404E-AC35-FFCFE9998AFE} = {EEAC1B7E-6EB4-41A0-AA3C-5448089A483E}
		{1A208123-914A-4E3F-9D5C-67CAF3B901D5} = {F306B0F5-310E-4ABB-8269-A01EDD959A44}
		{4A5837C6-8DCE-449F-9F7E-2934DC0687EA} = {F306B0F5-310E-4ABB-8269-A01EDD959A44}
	EndGlobalSection
	GlobalSection(ExtensibilityGlobals) = postSolution
		SolutionGuid = {328B8E10-FED4-47C9-86C2-27E2B708C6E0}
	EndGlobalSection
EndGlobal
