
Microsoft Visual Studio Solution File, Format Version 12.00
# Visual Studio Version 16
VisualStudioVersion = 16.0.29709.97
MinimumVisualStudioVersion = 10.0.40219.1
Project("{2150E333-8FDC-42A3-9474-1A3956D46DE8}") = "src", "src", "{7394B8F6-BF6A-420B-A2D9-33807B4F9809}"
EndProject
Project("{2150E333-8FDC-42A3-9474-1A3956D46DE8}") = "Envoy", "Envoy", "{5BFDFA73-834C-4417-9936-E021179A9A0B}"
EndProject
Project("{2150E333-8FDC-42A3-9474-1A3956D46DE8}") = "ApiGateways", "ApiGateways", "{93F69DAE-0CC5-473B-ABAC-F6DF1C7B2B6C}"
EndProject
Project("{2150E333-8FDC-42A3-9474-1A3956D46DE8}") = "Services", "Services", "{511803A5-A736-4F5D-92B9-266F6F3697B7}"
EndProject
Project("{2150E333-8FDC-42A3-9474-1A3956D46DE8}") = "Admin", "Admin", "{0C90D317-87AB-461D-8650-49CF3704EE05}"
EndProject
Project("{2150E333-8FDC-42A3-9474-1A3956D46DE8}") = "Notifications", "Notifications", "{153654FC-F2F4-4198-AD10-26DFE5FCA57A}"
EndProject
Project("{2150E333-8FDC-42A3-9474-1A3956D46DE8}") = "BuildingBlocks", "BuildingBlocks", "{9BA9CD96-078A-49DE-A98E-72A742BABC09}"
EndProject
Project("{2150E333-8FDC-42A3-9474-1A3956D46DE8}") = "Devspaces.Support", "Devspaces.Support", "{985A52E3-0C8C-48DA-9644-A17B7108A665}"
EndProject
Project("{9A19103F-16F7-4668-BE54-9A1E7A4F7556}") = "Devspaces.Support", "BuildingBlocks\Devspaces.Support\Devspaces.Support.csproj", "{A695E56E-ECBB-4E6E-963F-09940702285B}"
EndProject
Project("{2150E333-8FDC-42A3-9474-1A3956D46DE8}") = "Identity", "Identity", "{C5ACE062-B912-4B88-A390-2B1D31EE3346}"
EndProject
Project("{2150E333-8FDC-42A3-9474-1A3956D46DE8}") = "Web Apps", "Web Apps", "{4D3FAC8B-9D42-4440-8995-D9E6654539D7}"
EndProject
Project("{9A19103F-16F7-4668-BE54-9A1E7A4F7556}") = "WebSPA", "Web\WebSPA\WebSPA.csproj", "{8FD7A620-42C2-43A2-89E5-E9B1864E233B}"
EndProject
Project("{9A19103F-16F7-4668-BE54-9A1E7A4F7556}") = "Sharebook.Admin", "Services\Admin\Sharebook.Admin.csproj", "{2294501F-65A5-4FB3-9301-2E66512F13A7}"
EndProject
Project("{2150E333-8FDC-42A3-9474-1A3956D46DE8}") = "Identity", "Identity", "{C8A9B7F6-EC1E-403B-952E-4F29BEC1D39D}"
EndProject
Project("{9A19103F-16F7-4668-BE54-9A1E7A4F7556}") = "Identity.HttpAggregator", "ApiGateways\Identity\Identity.HttpAggregator.csproj", "{B0CD3F27-D2BB-4D8D-AEFA-7058DC73E7C5}"
EndProject
Project("{9A19103F-16F7-4668-BE54-9A1E7A4F7556}") = "WebStatus", "Web\WebStatus\WebStatus.csproj", "{9A63ECA1-887C-47BB-BC05-53115142B434}"
EndProject
Project("{2150E333-8FDC-42A3-9474-1A3956D46DE8}") = "Programming", "Programming", "{728BE41D-6979-498A-8BCD-D4E3BA476D92}"
EndProject
Project("{2150E333-8FDC-42A3-9474-1A3956D46DE8}") = "Services", "Services", "{9D7A703D-CDF7-4461-80D3-3C8B60697233}"
EndProject
Project("{2150E333-8FDC-42A3-9474-1A3956D46DE8}") = "Quiz", "Quiz", "{EC0ED15B-0011-45E9-BF8E-B2663AB264DC}"
EndProject
Project("{2150E333-8FDC-42A3-9474-1A3956D46DE8}") = "Data", "Data", "{B9151FE9-D4A1-463B-8ADA-373019A90B33}"
EndProject
Project("{2150E333-8FDC-42A3-9474-1A3956D46DE8}") = "Services", "Services", "{EB698FC0-5EFA-42B9-A67C-C182C62FBA1A}"
EndProject
Project("{2150E333-8FDC-42A3-9474-1A3956D46DE8}") = "Web", "Web", "{E9261BE3-6734-48CA-8C0C-58F2EDB0B291}"
EndProject
Project("{9A19103F-16F7-4668-BE54-9A1E7A4F7556}") = "Sharebook.Programming.Quiz.Web.ViewModels", "Programming\Services\Quiz\WorldFeed.Programming.Quiz.Web.ViewModels\Sharebook.Programming.Quiz.Web.ViewModels.csproj", "{B9A6BCBB-4430-4CBA-A606-B23D7DD52E12}"
EndProject
Project("{9A19103F-16F7-4668-BE54-9A1E7A4F7556}") = "Sharebook.Programming.Quiz.Services", "Programming\Services\Quiz\WorldFeed.Programming.Quiz.Services\Sharebook.Programming.Quiz.Services.csproj", "{09CDD879-5080-4BD4-A9F6-29342FCD979A}"
EndProject
Project("{9A19103F-16F7-4668-BE54-9A1E7A4F7556}") = "Sharebook.Programming.Quiz.Services.Data", "Programming\Services\Quiz\WorldFeed.Programming.Quiz.Services.Data\Sharebook.Programming.Quiz.Services.Data.csproj", "{3C32D7E3-C3F5-45CB-8B29-EE2FBB5F1338}"
EndProject
Project("{9A19103F-16F7-4668-BE54-9A1E7A4F7556}") = "Sharebook.Programming.Quiz.Web", "Programming\Services\Quiz\WorldFeed.Programming.Quiz.Web\Sharebook.Programming.Quiz.Web.csproj", "{990D197B-8F76-4D6A-B209-0DCB7FE0DA87}"
EndProject
Project("{9A19103F-16F7-4668-BE54-9A1E7A4F7556}") = "Sharebook.Programming.Quiz.Common", "Programming\Services\Quiz\WorldFeed.Programming.Quiz.Common\Sharebook.Programming.Quiz.Common.csproj", "{443C0652-B278-46A7-BB01-2C3CA08719A4}"
EndProject
Project("{9A19103F-16F7-4668-BE54-9A1E7A4F7556}") = "Sharebook.Programming.Quiz.Data.Common", "Programming\Services\Quiz\WorldFeed.Programming.Quiz.Data.Common\Sharebook.Programming.Quiz.Data.Common.csproj", "{B8C48727-95BB-4603-98DB-4BDC3A33E465}"
EndProject
Project("{9A19103F-16F7-4668-BE54-9A1E7A4F7556}") = "Sharebook.Programming.Quiz.Data", "Programming\Services\Quiz\WorldFeed.Programming.Quiz.Data\Sharebook.Programming.Quiz.Data.csproj", "{43C4DC59-A8B1-4E91-99AD-FEEB4731705E}"
EndProject
Project("{9A19103F-16F7-4668-BE54-9A1E7A4F7556}") = "Sharebook.Programming.Quiz.Data.Models", "Programming\Services\Quiz\WorldFeed.Programming.Quiz.Data.Models\Sharebook.Programming.Quiz.Data.Models.csproj", "{B871C68A-CCD7-4E3C-A1B3-869642A6D222}"
EndProject
Project("{9A19103F-16F7-4668-BE54-9A1E7A4F7556}") = "Sharebook.Programming.Quiz.Services.Mapping", "Programming\Services\Quiz\WorldFeed.Programming.Quiz.Services.Mapping\Sharebook.Programming.Quiz.Services.Mapping.csproj", "{C8E4788A-6A93-471B-8C23-2DDF62CF8804}"
EndProject
Project("{9A19103F-16F7-4668-BE54-9A1E7A4F7556}") = "Sharebook.Programming.Quiz.Services.Messaging", "Programming\Services\Quiz\WorldFeed.Programming.Quiz.Services.Messaging\Sharebook.Programming.Quiz.Services.Messaging.csproj", "{4FDEE240-B74E-46DA-8EC5-71BBDD198DD8}"
EndProject
Project("{2150E333-8FDC-42A3-9474-1A3956D46DE8}") = "EventBus", "EventBus", "{B70C317C-2BF1-4E83-9735-9A5AF1177332}"
EndProject
Project("{9A19103F-16F7-4668-BE54-9A1E7A4F7556}") = "EventBusRabbitMQ", "BuildingBlocks\EventBus\EventBusRabbitMQ\EventBusRabbitMQ.csproj", "{B1118B24-1899-4F67-8229-554EE15BF7C6}"
EndProject
Project("{9A19103F-16F7-4668-BE54-9A1E7A4F7556}") = "EventBus", "BuildingBlocks\EventBus\EventBus\EventBus.csproj", "{853AFA5B-4699-4763-A1BC-40D5152E5327}"
EndProject
Project("{2150E333-8FDC-42A3-9474-1A3956D46DE8}") = "Web.Bff", "Web.Bff", "{1A16063A-D196-49E6-84CF-F2E2D51DE6BF}"
EndProject
Project("{9A19103F-16F7-4668-BE54-9A1E7A4F7556}") = "Web.HttpAggregator", "ApiGateways\Web.Bff\aggregator\Web.HttpAggregator.csproj", "{DFD0ED8C-0788-4AEF-9D59-B1BD7E452FB6}"
EndProject
Project("{2150E333-8FDC-42A3-9474-1A3956D46DE8}") = "Post", "Post", "{F5DF3BFB-AAB1-4EBE-8B8A-FE829CB3BB84}"
EndProject
Project("{2150E333-8FDC-42A3-9474-1A3956D46DE8}") = "Upload", "Upload", "{3AFEDF76-C40B-4E5B-975C-C8F1B9D0BEB0}"
EndProject
Project("{2150E333-8FDC-42A3-9474-1A3956D46DE8}") = "Profile", "Profile", "{27153CC6-B5CD-4008-874D-D9892480BD72}"
EndProject
Project("{9A19103F-16F7-4668-BE54-9A1E7A4F7556}") = "Sharebook.Identity.Domain", "Services\Identity\WorldFeed.Identity.Domain\Sharebook.Identity.Domain.csproj", "{C523CCA7-EAE0-432D-9A9F-92FCE14A9326}"
EndProject
Project("{9A19103F-16F7-4668-BE54-9A1E7A4F7556}") = "Sharebook.Identity.Infrastructure", "Services\Identity\WorldFeed.Identity.Infrastructure\Sharebook.Identity.Infrastructure.csproj", "{54498877-F7D3-43A5-AD9F-FE088EBC2E82}"
EndProject
Project("{2150E333-8FDC-42A3-9474-1A3956D46DE8}") = "Message", "Message", "{93A2C133-60AE-496D-97F5-3D5834B81983}"
EndProject
Project("{2150E333-8FDC-42A3-9474-1A3956D46DE8}") = "Trend", "Trend", "{BEA94DC0-07C9-47AC-B69B-D71A9436EE46}"
EndProject
Project("{2150E333-8FDC-42A3-9474-1A3956D46DE8}") = "Search", "Search", "{42AA9DA0-E0D0-435A-A137-983DB00F9012}"
EndProject
Project("{2150E333-8FDC-42A3-9474-1A3956D46DE8}") = "Book", "Book", "{6BB35754-9C87-4140-8CB2-3226FBEECC0D}"
EndProject
Project("{9A19103F-16F7-4668-BE54-9A1E7A4F7556}") = "Sharebook.Message.API", "Services\Message\Sharebook.Message.API\Sharebook.Message.API.csproj", "{A099004B-13BA-4F53-B1EC-EDAF8251AB86}"
EndProject
Project("{9A19103F-16F7-4668-BE54-9A1E7A4F7556}") = "Sharebook.Message.Application", "Services\Message\Sharebook.Message.Application\Sharebook.Message.Application.csproj", "{CE4F4607-AE29-4A11-96D7-3E31958F5227}"
EndProject
Project("{9A19103F-16F7-4668-BE54-9A1E7A4F7556}") = "Sharebook.Message.Domain", "Services\Message\Sharebook.Message.Domain\Sharebook.Message.Domain.csproj", "{459AFD43-A9E1-4126-AD8F-C19DED752125}"
EndProject
Project("{9A19103F-16F7-4668-BE54-9A1E7A4F7556}") = "Sharebook.Message.Infrastructure", "Services\Message\Sharebook.Message.Infrastructure\Sharebook.Message.Infrastructure.csproj", "{F00435A9-3F36-4653-8CC2-90FDC91351BA}"
EndProject
Project("{9A19103F-16F7-4668-BE54-9A1E7A4F7556}") = "Sharebook.Book.API", "Services\Book\Sharebook.Book.API\Sharebook.Book.API.csproj", "{01C2B7CC-F799-4A46-9481-4785695CF4F4}"
EndProject
Project("{9A19103F-16F7-4668-BE54-9A1E7A4F7556}") = "Sharebook.Book.Application", "Services\Book\Sharebook.Book.Application\Sharebook.Book.Application.csproj", "{0D3C16EE-AA91-4ACE-9641-8AE82E38D302}"
EndProject
Project("{9A19103F-16F7-4668-BE54-9A1E7A4F7556}") = "Sharebook.Book.Domain", "Services\Book\Sharebook.Book.Domain\Sharebook.Book.Domain.csproj", "{07053AA9-A824-49D6-878D-1384DC4D0D9E}"
EndProject
Project("{9A19103F-16F7-4668-BE54-9A1E7A4F7556}") = "Sharebook.Book.Infrastructure", "Services\Book\Sharebook.Book.Infrastructure\Sharebook.Book.Infrastructure.csproj", "{89FDB0FC-046B-4DAD-BCAE-C284C6CD3E06}"
EndProject
Project("{9A19103F-16F7-4668-BE54-9A1E7A4F7556}") = "Sharebook.Identity.API", "Services\Identity\Sharebook.Identity.API\Sharebook.Identity.API.csproj", "{1C705DA9-1C42-4D5B-8EFB-248BAC560928}"
EndProject
Project("{9A19103F-16F7-4668-BE54-9A1E7A4F7556}") = "Sharebook.Notifications", "Sharebook.Notifications\Sharebook.Notifications.csproj", "{C52468E1-DCB6-4CA9-BD0B-6EB1C09A1286}"
EndProject
Project("{9A19103F-16F7-4668-BE54-9A1E7A4F7556}") = "Sharebook.Post.API", "Services\Post\Sharebook.Post.API\Sharebook.Post.API.csproj", "{70A7D825-C717-45CE-B483-2575051AA194}"
EndProject
Project("{9A19103F-16F7-4668-BE54-9A1E7A4F7556}") = "Sharebook.Post.Application", "Services\Post\Sharebook.Post.Application\Sharebook.Post.Application.csproj", "{94B62E22-1B65-4167-94AF-CF0C1463BA8D}"
EndProject
Project("{9A19103F-16F7-4668-BE54-9A1E7A4F7556}") = "Sharebook.Post.Domain", "Services\Post\Sharebook.Post.Domain\Sharebook.Post.Domain.csproj", "{BE4CDF4D-80B1-432D-9B74-06F4A2EA4E71}"
EndProject
Project("{9A19103F-16F7-4668-BE54-9A1E7A4F7556}") = "Sharebook.Post.Infrastructure", "Services\Post\Sharebook.Post.Infrastructure\Sharebook.Post.Infrastructure.csproj", "{B3915C0E-FD14-4C0D-A265-7D30DF059601}"
EndProject
Project("{9A19103F-16F7-4668-BE54-9A1E7A4F7556}") = "Sharebook.Profile.API", "Services\Profile\Sharebook.Profile.API\Sharebook.Profile.API.csproj", "{4BAE3D30-79FC-41B4-8076-298018EC86A6}"
EndProject
Project("{9A19103F-16F7-4668-BE54-9A1E7A4F7556}") = "Sharebook.Profile.Application", "Services\Profile\Sharebook.Profile.Application\Sharebook.Profile.Application.csproj", "{51D41170-F5D8-4713-ABCE-198A3126315D}"
EndProject
Project("{9A19103F-16F7-4668-BE54-9A1E7A4F7556}") = "Sharebook.Profile.Domain", "Services\Profile\Sharebook.Profile.Domain\Sharebook.Profile.Domain.csproj", "{144B0BC0-C4D0-4336-92CF-E5AAE90A73DB}"
EndProject
Project("{9A19103F-16F7-4668-BE54-9A1E7A4F7556}") = "Sharebook.Profile.Infrastructure", "Services\Profile\Sharebook.Profile.Infrastructure\Sharebook.Profile.Infrastructure.csproj", "{F812531C-9BE8-4435-A681-CFB115F6ADB0}"
EndProject
Project("{9A19103F-16F7-4668-BE54-9A1E7A4F7556}") = "Sharebook.Search", "Services\Search\Sharebook.Search\Sharebook.Search.csproj", "{86C62B3A-64BB-4219-B73B-3C41AB089251}"
EndProject
Project("{9A19103F-16F7-4668-BE54-9A1E7A4F7556}") = "Sharebook.Trend.API", "Services\Trend\Sharebook.Trend.API\Sharebook.Trend.API.csproj", "{1952003C-06B6-4262-A098-E262A6F064D9}"
EndProject
Project("{9A19103F-16F7-4668-BE54-9A1E7A4F7556}") = "Sharebook.Trend.Application", "Services\Trend\Sharebook.Trend.Application\Sharebook.Trend.Application.csproj", "{BFDDF03A-03F0-4748-A711-061746DAF230}"
EndProject
Project("{9A19103F-16F7-4668-BE54-9A1E7A4F7556}") = "Sharebook.Trend.Domain", "Services\Trend\Sharebook.Trend.Domain\Sharebook.Trend.Domain.csproj", "{36D0334C-DB6D-4592-A5C0-930F706B77C2}"
EndProject
Project("{9A19103F-16F7-4668-BE54-9A1E7A4F7556}") = "Sharebook.Trend.Infrastructure", "Services\Trend\Sharebook.Trend.Infrastructure\Sharebook.Trend.Infrastructure.csproj", "{8129AB66-906B-40FA-A6BE-A3964BCC3EA8}"
EndProject
Project("{9A19103F-16F7-4668-BE54-9A1E7A4F7556}") = "Sharebook.Upload.API", "Services\Upload\Sharebook.Upload.API\Sharebook.Upload.API.csproj", "{2ABD86E3-CC40-4868-A423-5F88E210A000}"
EndProject
Project("{9A19103F-16F7-4668-BE54-9A1E7A4F7556}") = "Sharebook.Upload.Application", "Services\Upload\Sharebook.Upload.Application\Sharebook.Upload.Application.csproj", "{1F29A501-0034-4E1C-9237-0ABD08888377}"
EndProject
Project("{9A19103F-16F7-4668-BE54-9A1E7A4F7556}") = "Sharebook.Upload.Domain", "Services\Upload\Sharebook.Upload.Domain\Sharebook.Upload.Domain.csproj", "{FBEB2BC4-3715-4780-BB2C-CACA2701F3F0}"
EndProject
Project("{9A19103F-16F7-4668-BE54-9A1E7A4F7556}") = "Sharebook.Upload.Infrastructure", "Services\Upload\Sharebook.Upload.Infrastructure\Sharebook.Upload.Infrastructure.csproj", "{7E974523-FDF1-4237-901A-470F14A79620}"
EndProject
Project("{9A19103F-16F7-4668-BE54-9A1E7A4F7556}") = "Sharebook", "Sharebook\Sharebook.csproj", "{5F1E6B99-6F56-45BE-9D92-AC2FF3B9CBF2}"
EndProject
Project("{9A19103F-16F7-4668-BE54-9A1E7A4F7556}") = "Sharebook.AspNet", "Sharebook.AspNet\Sharebook.AspNet.csproj", "{2E40A4EB-1DFF-4467-9565-4802D7F66963}"
EndProject
Project("{9A19103F-16F7-4668-BE54-9A1E7A4F7556}") = "Sharebook.Controllers", "Sharebook.Controllers\Sharebook.Controllers.csproj", "{B8AF77E2-2724-4F46-B218-4FF4A8B948B8}"
EndProject
Project("{9A19103F-16F7-4668-BE54-9A1E7A4F7556}") = "Sharebook.WebLogic", "Sharebook.WebLogic\Sharebook.WebLogic.csproj", "{BCA2710F-C9DA-4ED1-8861-8BF6AE73D735}"
EndProject
Project("{9A19103F-16F7-4668-BE54-9A1E7A4F7556}") = "Sharebook.Common", "Sharebook.Common\Sharebook.Common.csproj", "{97C50F57-EF98-4341-83FE-A3A3DE2C496D}"
EndProject
Project("{9A19103F-16F7-4668-BE54-9A1E7A4F7556}") = "Sharebook.Security", "Sharebook.Security\Sharebook.Security.csproj", "{7BE9A09F-0431-462A-BF07-F3662E20FB56}"
EndProject
Global
	GlobalSection(SolutionConfigurationPlatforms) = preSolution
		Debug|Any CPU = Debug|Any CPU
		Release|Any CPU = Release|Any CPU
	EndGlobalSection
	GlobalSection(ProjectConfigurationPlatforms) = postSolution
		{A695E56E-ECBB-4E6E-963F-09940702285B}.Debug|Any CPU.ActiveCfg = Debug|Any CPU
		{A695E56E-ECBB-4E6E-963F-09940702285B}.Debug|Any CPU.Build.0 = Debug|Any CPU
		{A695E56E-ECBB-4E6E-963F-09940702285B}.Release|Any CPU.ActiveCfg = Release|Any CPU
		{A695E56E-ECBB-4E6E-963F-09940702285B}.Release|Any CPU.Build.0 = Release|Any CPU
		{8FD7A620-42C2-43A2-89E5-E9B1864E233B}.Debug|Any CPU.ActiveCfg = Debug|Any CPU
		{8FD7A620-42C2-43A2-89E5-E9B1864E233B}.Debug|Any CPU.Build.0 = Debug|Any CPU
		{8FD7A620-42C2-43A2-89E5-E9B1864E233B}.Release|Any CPU.ActiveCfg = Release|Any CPU
		{8FD7A620-42C2-43A2-89E5-E9B1864E233B}.Release|Any CPU.Build.0 = Release|Any CPU
		{2294501F-65A5-4FB3-9301-2E66512F13A7}.Debug|Any CPU.ActiveCfg = Debug|Any CPU
		{2294501F-65A5-4FB3-9301-2E66512F13A7}.Debug|Any CPU.Build.0 = Debug|Any CPU
		{2294501F-65A5-4FB3-9301-2E66512F13A7}.Release|Any CPU.ActiveCfg = Release|Any CPU
		{2294501F-65A5-4FB3-9301-2E66512F13A7}.Release|Any CPU.Build.0 = Release|Any CPU
		{B0CD3F27-D2BB-4D8D-AEFA-7058DC73E7C5}.Debug|Any CPU.ActiveCfg = Debug|Any CPU
		{B0CD3F27-D2BB-4D8D-AEFA-7058DC73E7C5}.Debug|Any CPU.Build.0 = Debug|Any CPU
		{B0CD3F27-D2BB-4D8D-AEFA-7058DC73E7C5}.Release|Any CPU.ActiveCfg = Release|Any CPU
		{B0CD3F27-D2BB-4D8D-AEFA-7058DC73E7C5}.Release|Any CPU.Build.0 = Release|Any CPU
		{9A63ECA1-887C-47BB-BC05-53115142B434}.Debug|Any CPU.ActiveCfg = Debug|Any CPU
		{9A63ECA1-887C-47BB-BC05-53115142B434}.Debug|Any CPU.Build.0 = Debug|Any CPU
		{9A63ECA1-887C-47BB-BC05-53115142B434}.Release|Any CPU.ActiveCfg = Release|Any CPU
		{9A63ECA1-887C-47BB-BC05-53115142B434}.Release|Any CPU.Build.0 = Release|Any CPU
		{B9A6BCBB-4430-4CBA-A606-B23D7DD52E12}.Debug|Any CPU.ActiveCfg = Debug|Any CPU
		{B9A6BCBB-4430-4CBA-A606-B23D7DD52E12}.Debug|Any CPU.Build.0 = Debug|Any CPU
		{B9A6BCBB-4430-4CBA-A606-B23D7DD52E12}.Release|Any CPU.ActiveCfg = Release|Any CPU
		{B9A6BCBB-4430-4CBA-A606-B23D7DD52E12}.Release|Any CPU.Build.0 = Release|Any CPU
		{09CDD879-5080-4BD4-A9F6-29342FCD979A}.Debug|Any CPU.ActiveCfg = Debug|Any CPU
		{09CDD879-5080-4BD4-A9F6-29342FCD979A}.Debug|Any CPU.Build.0 = Debug|Any CPU
		{09CDD879-5080-4BD4-A9F6-29342FCD979A}.Release|Any CPU.ActiveCfg = Release|Any CPU
		{09CDD879-5080-4BD4-A9F6-29342FCD979A}.Release|Any CPU.Build.0 = Release|Any CPU
		{3C32D7E3-C3F5-45CB-8B29-EE2FBB5F1338}.Debug|Any CPU.ActiveCfg = Debug|Any CPU
		{3C32D7E3-C3F5-45CB-8B29-EE2FBB5F1338}.Debug|Any CPU.Build.0 = Debug|Any CPU
		{3C32D7E3-C3F5-45CB-8B29-EE2FBB5F1338}.Release|Any CPU.ActiveCfg = Release|Any CPU
		{3C32D7E3-C3F5-45CB-8B29-EE2FBB5F1338}.Release|Any CPU.Build.0 = Release|Any CPU
		{990D197B-8F76-4D6A-B209-0DCB7FE0DA87}.Debug|Any CPU.ActiveCfg = Debug|Any CPU
		{990D197B-8F76-4D6A-B209-0DCB7FE0DA87}.Debug|Any CPU.Build.0 = Debug|Any CPU
		{990D197B-8F76-4D6A-B209-0DCB7FE0DA87}.Release|Any CPU.ActiveCfg = Release|Any CPU
		{990D197B-8F76-4D6A-B209-0DCB7FE0DA87}.Release|Any CPU.Build.0 = Release|Any CPU
		{443C0652-B278-46A7-BB01-2C3CA08719A4}.Debug|Any CPU.ActiveCfg = Debug|Any CPU
		{443C0652-B278-46A7-BB01-2C3CA08719A4}.Debug|Any CPU.Build.0 = Debug|Any CPU
		{443C0652-B278-46A7-BB01-2C3CA08719A4}.Release|Any CPU.ActiveCfg = Release|Any CPU
		{443C0652-B278-46A7-BB01-2C3CA08719A4}.Release|Any CPU.Build.0 = Release|Any CPU
		{B8C48727-95BB-4603-98DB-4BDC3A33E465}.Debug|Any CPU.ActiveCfg = Debug|Any CPU
		{B8C48727-95BB-4603-98DB-4BDC3A33E465}.Debug|Any CPU.Build.0 = Debug|Any CPU
		{B8C48727-95BB-4603-98DB-4BDC3A33E465}.Release|Any CPU.ActiveCfg = Release|Any CPU
		{B8C48727-95BB-4603-98DB-4BDC3A33E465}.Release|Any CPU.Build.0 = Release|Any CPU
		{43C4DC59-A8B1-4E91-99AD-FEEB4731705E}.Debug|Any CPU.ActiveCfg = Debug|Any CPU
		{43C4DC59-A8B1-4E91-99AD-FEEB4731705E}.Debug|Any CPU.Build.0 = Debug|Any CPU
		{43C4DC59-A8B1-4E91-99AD-FEEB4731705E}.Release|Any CPU.ActiveCfg = Release|Any CPU
		{43C4DC59-A8B1-4E91-99AD-FEEB4731705E}.Release|Any CPU.Build.0 = Release|Any CPU
		{B871C68A-CCD7-4E3C-A1B3-869642A6D222}.Debug|Any CPU.ActiveCfg = Debug|Any CPU
		{B871C68A-CCD7-4E3C-A1B3-869642A6D222}.Debug|Any CPU.Build.0 = Debug|Any CPU
		{B871C68A-CCD7-4E3C-A1B3-869642A6D222}.Release|Any CPU.ActiveCfg = Release|Any CPU
		{B871C68A-CCD7-4E3C-A1B3-869642A6D222}.Release|Any CPU.Build.0 = Release|Any CPU
		{C8E4788A-6A93-471B-8C23-2DDF62CF8804}.Debug|Any CPU.ActiveCfg = Debug|Any CPU
		{C8E4788A-6A93-471B-8C23-2DDF62CF8804}.Debug|Any CPU.Build.0 = Debug|Any CPU
		{C8E4788A-6A93-471B-8C23-2DDF62CF8804}.Release|Any CPU.ActiveCfg = Release|Any CPU
		{C8E4788A-6A93-471B-8C23-2DDF62CF8804}.Release|Any CPU.Build.0 = Release|Any CPU
		{4FDEE240-B74E-46DA-8EC5-71BBDD198DD8}.Debug|Any CPU.ActiveCfg = Debug|Any CPU
		{4FDEE240-B74E-46DA-8EC5-71BBDD198DD8}.Debug|Any CPU.Build.0 = Debug|Any CPU
		{4FDEE240-B74E-46DA-8EC5-71BBDD198DD8}.Release|Any CPU.ActiveCfg = Release|Any CPU
		{4FDEE240-B74E-46DA-8EC5-71BBDD198DD8}.Release|Any CPU.Build.0 = Release|Any CPU
		{B1118B24-1899-4F67-8229-554EE15BF7C6}.Debug|Any CPU.ActiveCfg = Debug|Any CPU
		{B1118B24-1899-4F67-8229-554EE15BF7C6}.Debug|Any CPU.Build.0 = Debug|Any CPU
		{B1118B24-1899-4F67-8229-554EE15BF7C6}.Release|Any CPU.ActiveCfg = Release|Any CPU
		{B1118B24-1899-4F67-8229-554EE15BF7C6}.Release|Any CPU.Build.0 = Release|Any CPU
		{853AFA5B-4699-4763-A1BC-40D5152E5327}.Debug|Any CPU.ActiveCfg = Debug|Any CPU
		{853AFA5B-4699-4763-A1BC-40D5152E5327}.Debug|Any CPU.Build.0 = Debug|Any CPU
		{853AFA5B-4699-4763-A1BC-40D5152E5327}.Release|Any CPU.ActiveCfg = Release|Any CPU
		{853AFA5B-4699-4763-A1BC-40D5152E5327}.Release|Any CPU.Build.0 = Release|Any CPU
		{DFD0ED8C-0788-4AEF-9D59-B1BD7E452FB6}.Debug|Any CPU.ActiveCfg = Debug|Any CPU
		{DFD0ED8C-0788-4AEF-9D59-B1BD7E452FB6}.Debug|Any CPU.Build.0 = Debug|Any CPU
		{DFD0ED8C-0788-4AEF-9D59-B1BD7E452FB6}.Release|Any CPU.ActiveCfg = Release|Any CPU
		{DFD0ED8C-0788-4AEF-9D59-B1BD7E452FB6}.Release|Any CPU.Build.0 = Release|Any CPU
		{C523CCA7-EAE0-432D-9A9F-92FCE14A9326}.Debug|Any CPU.ActiveCfg = Debug|Any CPU
		{C523CCA7-EAE0-432D-9A9F-92FCE14A9326}.Debug|Any CPU.Build.0 = Debug|Any CPU
		{C523CCA7-EAE0-432D-9A9F-92FCE14A9326}.Release|Any CPU.ActiveCfg = Release|Any CPU
		{C523CCA7-EAE0-432D-9A9F-92FCE14A9326}.Release|Any CPU.Build.0 = Release|Any CPU
		{54498877-F7D3-43A5-AD9F-FE088EBC2E82}.Debug|Any CPU.ActiveCfg = Debug|Any CPU
		{54498877-F7D3-43A5-AD9F-FE088EBC2E82}.Debug|Any CPU.Build.0 = Debug|Any CPU
		{54498877-F7D3-43A5-AD9F-FE088EBC2E82}.Release|Any CPU.ActiveCfg = Release|Any CPU
		{54498877-F7D3-43A5-AD9F-FE088EBC2E82}.Release|Any CPU.Build.0 = Release|Any CPU
		{A099004B-13BA-4F53-B1EC-EDAF8251AB86}.Debug|Any CPU.ActiveCfg = Debug|Any CPU
		{A099004B-13BA-4F53-B1EC-EDAF8251AB86}.Debug|Any CPU.Build.0 = Debug|Any CPU
		{A099004B-13BA-4F53-B1EC-EDAF8251AB86}.Release|Any CPU.ActiveCfg = Release|Any CPU
		{A099004B-13BA-4F53-B1EC-EDAF8251AB86}.Release|Any CPU.Build.0 = Release|Any CPU
		{CE4F4607-AE29-4A11-96D7-3E31958F5227}.Debug|Any CPU.ActiveCfg = Debug|Any CPU
		{CE4F4607-AE29-4A11-96D7-3E31958F5227}.Debug|Any CPU.Build.0 = Debug|Any CPU
		{CE4F4607-AE29-4A11-96D7-3E31958F5227}.Release|Any CPU.ActiveCfg = Release|Any CPU
		{CE4F4607-AE29-4A11-96D7-3E31958F5227}.Release|Any CPU.Build.0 = Release|Any CPU
		{459AFD43-A9E1-4126-AD8F-C19DED752125}.Debug|Any CPU.ActiveCfg = Debug|Any CPU
		{459AFD43-A9E1-4126-AD8F-C19DED752125}.Debug|Any CPU.Build.0 = Debug|Any CPU
		{459AFD43-A9E1-4126-AD8F-C19DED752125}.Release|Any CPU.ActiveCfg = Release|Any CPU
		{459AFD43-A9E1-4126-AD8F-C19DED752125}.Release|Any CPU.Build.0 = Release|Any CPU
		{F00435A9-3F36-4653-8CC2-90FDC91351BA}.Debug|Any CPU.ActiveCfg = Debug|Any CPU
		{F00435A9-3F36-4653-8CC2-90FDC91351BA}.Debug|Any CPU.Build.0 = Debug|Any CPU
		{F00435A9-3F36-4653-8CC2-90FDC91351BA}.Release|Any CPU.ActiveCfg = Release|Any CPU
		{F00435A9-3F36-4653-8CC2-90FDC91351BA}.Release|Any CPU.Build.0 = Release|Any CPU
		{01C2B7CC-F799-4A46-9481-4785695CF4F4}.Debug|Any CPU.ActiveCfg = Debug|Any CPU
		{01C2B7CC-F799-4A46-9481-4785695CF4F4}.Debug|Any CPU.Build.0 = Debug|Any CPU
		{01C2B7CC-F799-4A46-9481-4785695CF4F4}.Release|Any CPU.ActiveCfg = Release|Any CPU
		{01C2B7CC-F799-4A46-9481-4785695CF4F4}.Release|Any CPU.Build.0 = Release|Any CPU
		{0D3C16EE-AA91-4ACE-9641-8AE82E38D302}.Debug|Any CPU.ActiveCfg = Debug|Any CPU
		{0D3C16EE-AA91-4ACE-9641-8AE82E38D302}.Debug|Any CPU.Build.0 = Debug|Any CPU
		{0D3C16EE-AA91-4ACE-9641-8AE82E38D302}.Release|Any CPU.ActiveCfg = Release|Any CPU
		{0D3C16EE-AA91-4ACE-9641-8AE82E38D302}.Release|Any CPU.Build.0 = Release|Any CPU
		{07053AA9-A824-49D6-878D-1384DC4D0D9E}.Debug|Any CPU.ActiveCfg = Debug|Any CPU
		{07053AA9-A824-49D6-878D-1384DC4D0D9E}.Debug|Any CPU.Build.0 = Debug|Any CPU
		{07053AA9-A824-49D6-878D-1384DC4D0D9E}.Release|Any CPU.ActiveCfg = Release|Any CPU
		{07053AA9-A824-49D6-878D-1384DC4D0D9E}.Release|Any CPU.Build.0 = Release|Any CPU
		{89FDB0FC-046B-4DAD-BCAE-C284C6CD3E06}.Debug|Any CPU.ActiveCfg = Debug|Any CPU
		{89FDB0FC-046B-4DAD-BCAE-C284C6CD3E06}.Debug|Any CPU.Build.0 = Debug|Any CPU
		{89FDB0FC-046B-4DAD-BCAE-C284C6CD3E06}.Release|Any CPU.ActiveCfg = Release|Any CPU
		{89FDB0FC-046B-4DAD-BCAE-C284C6CD3E06}.Release|Any CPU.Build.0 = Release|Any CPU
		{1C705DA9-1C42-4D5B-8EFB-248BAC560928}.Debug|Any CPU.ActiveCfg = Debug|Any CPU
		{1C705DA9-1C42-4D5B-8EFB-248BAC560928}.Debug|Any CPU.Build.0 = Debug|Any CPU
		{1C705DA9-1C42-4D5B-8EFB-248BAC560928}.Release|Any CPU.ActiveCfg = Release|Any CPU
		{1C705DA9-1C42-4D5B-8EFB-248BAC560928}.Release|Any CPU.Build.0 = Release|Any CPU
		{C52468E1-DCB6-4CA9-BD0B-6EB1C09A1286}.Debug|Any CPU.ActiveCfg = Debug|Any CPU
		{C52468E1-DCB6-4CA9-BD0B-6EB1C09A1286}.Debug|Any CPU.Build.0 = Debug|Any CPU
		{C52468E1-DCB6-4CA9-BD0B-6EB1C09A1286}.Release|Any CPU.ActiveCfg = Release|Any CPU
		{C52468E1-DCB6-4CA9-BD0B-6EB1C09A1286}.Release|Any CPU.Build.0 = Release|Any CPU
		{70A7D825-C717-45CE-B483-2575051AA194}.Debug|Any CPU.ActiveCfg = Debug|Any CPU
		{70A7D825-C717-45CE-B483-2575051AA194}.Debug|Any CPU.Build.0 = Debug|Any CPU
		{70A7D825-C717-45CE-B483-2575051AA194}.Release|Any CPU.ActiveCfg = Release|Any CPU
		{70A7D825-C717-45CE-B483-2575051AA194}.Release|Any CPU.Build.0 = Release|Any CPU
		{94B62E22-1B65-4167-94AF-CF0C1463BA8D}.Debug|Any CPU.ActiveCfg = Debug|Any CPU
		{94B62E22-1B65-4167-94AF-CF0C1463BA8D}.Debug|Any CPU.Build.0 = Debug|Any CPU
		{94B62E22-1B65-4167-94AF-CF0C1463BA8D}.Release|Any CPU.ActiveCfg = Release|Any CPU
		{94B62E22-1B65-4167-94AF-CF0C1463BA8D}.Release|Any CPU.Build.0 = Release|Any CPU
		{BE4CDF4D-80B1-432D-9B74-06F4A2EA4E71}.Debug|Any CPU.ActiveCfg = Debug|Any CPU
		{BE4CDF4D-80B1-432D-9B74-06F4A2EA4E71}.Debug|Any CPU.Build.0 = Debug|Any CPU
		{BE4CDF4D-80B1-432D-9B74-06F4A2EA4E71}.Release|Any CPU.ActiveCfg = Release|Any CPU
		{BE4CDF4D-80B1-432D-9B74-06F4A2EA4E71}.Release|Any CPU.Build.0 = Release|Any CPU
		{B3915C0E-FD14-4C0D-A265-7D30DF059601}.Debug|Any CPU.ActiveCfg = Debug|Any CPU
		{B3915C0E-FD14-4C0D-A265-7D30DF059601}.Debug|Any CPU.Build.0 = Debug|Any CPU
		{B3915C0E-FD14-4C0D-A265-7D30DF059601}.Release|Any CPU.ActiveCfg = Release|Any CPU
		{B3915C0E-FD14-4C0D-A265-7D30DF059601}.Release|Any CPU.Build.0 = Release|Any CPU
		{4BAE3D30-79FC-41B4-8076-298018EC86A6}.Debug|Any CPU.ActiveCfg = Debug|Any CPU
		{4BAE3D30-79FC-41B4-8076-298018EC86A6}.Debug|Any CPU.Build.0 = Debug|Any CPU
		{4BAE3D30-79FC-41B4-8076-298018EC86A6}.Release|Any CPU.ActiveCfg = Release|Any CPU
		{4BAE3D30-79FC-41B4-8076-298018EC86A6}.Release|Any CPU.Build.0 = Release|Any CPU
		{51D41170-F5D8-4713-ABCE-198A3126315D}.Debug|Any CPU.ActiveCfg = Debug|Any CPU
		{51D41170-F5D8-4713-ABCE-198A3126315D}.Debug|Any CPU.Build.0 = Debug|Any CPU
		{51D41170-F5D8-4713-ABCE-198A3126315D}.Release|Any CPU.ActiveCfg = Release|Any CPU
		{51D41170-F5D8-4713-ABCE-198A3126315D}.Release|Any CPU.Build.0 = Release|Any CPU
		{144B0BC0-C4D0-4336-92CF-E5AAE90A73DB}.Debug|Any CPU.ActiveCfg = Debug|Any CPU
		{144B0BC0-C4D0-4336-92CF-E5AAE90A73DB}.Debug|Any CPU.Build.0 = Debug|Any CPU
		{144B0BC0-C4D0-4336-92CF-E5AAE90A73DB}.Release|Any CPU.ActiveCfg = Release|Any CPU
		{144B0BC0-C4D0-4336-92CF-E5AAE90A73DB}.Release|Any CPU.Build.0 = Release|Any CPU
		{F812531C-9BE8-4435-A681-CFB115F6ADB0}.Debug|Any CPU.ActiveCfg = Debug|Any CPU
		{F812531C-9BE8-4435-A681-CFB115F6ADB0}.Debug|Any CPU.Build.0 = Debug|Any CPU
		{F812531C-9BE8-4435-A681-CFB115F6ADB0}.Release|Any CPU.ActiveCfg = Release|Any CPU
		{F812531C-9BE8-4435-A681-CFB115F6ADB0}.Release|Any CPU.Build.0 = Release|Any CPU
		{86C62B3A-64BB-4219-B73B-3C41AB089251}.Debug|Any CPU.ActiveCfg = Debug|Any CPU
		{86C62B3A-64BB-4219-B73B-3C41AB089251}.Debug|Any CPU.Build.0 = Debug|Any CPU
		{86C62B3A-64BB-4219-B73B-3C41AB089251}.Release|Any CPU.ActiveCfg = Release|Any CPU
		{86C62B3A-64BB-4219-B73B-3C41AB089251}.Release|Any CPU.Build.0 = Release|Any CPU
		{1952003C-06B6-4262-A098-E262A6F064D9}.Debug|Any CPU.ActiveCfg = Debug|Any CPU
		{1952003C-06B6-4262-A098-E262A6F064D9}.Debug|Any CPU.Build.0 = Debug|Any CPU
		{1952003C-06B6-4262-A098-E262A6F064D9}.Release|Any CPU.ActiveCfg = Release|Any CPU
		{1952003C-06B6-4262-A098-E262A6F064D9}.Release|Any CPU.Build.0 = Release|Any CPU
		{BFDDF03A-03F0-4748-A711-061746DAF230}.Debug|Any CPU.ActiveCfg = Debug|Any CPU
		{BFDDF03A-03F0-4748-A711-061746DAF230}.Debug|Any CPU.Build.0 = Debug|Any CPU
		{BFDDF03A-03F0-4748-A711-061746DAF230}.Release|Any CPU.ActiveCfg = Release|Any CPU
		{BFDDF03A-03F0-4748-A711-061746DAF230}.Release|Any CPU.Build.0 = Release|Any CPU
		{36D0334C-DB6D-4592-A5C0-930F706B77C2}.Debug|Any CPU.ActiveCfg = Debug|Any CPU
		{36D0334C-DB6D-4592-A5C0-930F706B77C2}.Debug|Any CPU.Build.0 = Debug|Any CPU
		{36D0334C-DB6D-4592-A5C0-930F706B77C2}.Release|Any CPU.ActiveCfg = Release|Any CPU
		{36D0334C-DB6D-4592-A5C0-930F706B77C2}.Release|Any CPU.Build.0 = Release|Any CPU
		{8129AB66-906B-40FA-A6BE-A3964BCC3EA8}.Debug|Any CPU.ActiveCfg = Debug|Any CPU
		{8129AB66-906B-40FA-A6BE-A3964BCC3EA8}.Debug|Any CPU.Build.0 = Debug|Any CPU
		{8129AB66-906B-40FA-A6BE-A3964BCC3EA8}.Release|Any CPU.ActiveCfg = Release|Any CPU
		{8129AB66-906B-40FA-A6BE-A3964BCC3EA8}.Release|Any CPU.Build.0 = Release|Any CPU
		{2ABD86E3-CC40-4868-A423-5F88E210A000}.Debug|Any CPU.ActiveCfg = Debug|Any CPU
		{2ABD86E3-CC40-4868-A423-5F88E210A000}.Debug|Any CPU.Build.0 = Debug|Any CPU
		{2ABD86E3-CC40-4868-A423-5F88E210A000}.Release|Any CPU.ActiveCfg = Release|Any CPU
		{2ABD86E3-CC40-4868-A423-5F88E210A000}.Release|Any CPU.Build.0 = Release|Any CPU
		{1F29A501-0034-4E1C-9237-0ABD08888377}.Debug|Any CPU.ActiveCfg = Debug|Any CPU
		{1F29A501-0034-4E1C-9237-0ABD08888377}.Debug|Any CPU.Build.0 = Debug|Any CPU
		{1F29A501-0034-4E1C-9237-0ABD08888377}.Release|Any CPU.ActiveCfg = Release|Any CPU
		{1F29A501-0034-4E1C-9237-0ABD08888377}.Release|Any CPU.Build.0 = Release|Any CPU
		{FBEB2BC4-3715-4780-BB2C-CACA2701F3F0}.Debug|Any CPU.ActiveCfg = Debug|Any CPU
		{FBEB2BC4-3715-4780-BB2C-CACA2701F3F0}.Debug|Any CPU.Build.0 = Debug|Any CPU
		{FBEB2BC4-3715-4780-BB2C-CACA2701F3F0}.Release|Any CPU.ActiveCfg = Release|Any CPU
		{FBEB2BC4-3715-4780-BB2C-CACA2701F3F0}.Release|Any CPU.Build.0 = Release|Any CPU
		{7E974523-FDF1-4237-901A-470F14A79620}.Debug|Any CPU.ActiveCfg = Debug|Any CPU
		{7E974523-FDF1-4237-901A-470F14A79620}.Debug|Any CPU.Build.0 = Debug|Any CPU
		{7E974523-FDF1-4237-901A-470F14A79620}.Release|Any CPU.ActiveCfg = Release|Any CPU
		{7E974523-FDF1-4237-901A-470F14A79620}.Release|Any CPU.Build.0 = Release|Any CPU
		{5F1E6B99-6F56-45BE-9D92-AC2FF3B9CBF2}.Debug|Any CPU.ActiveCfg = Debug|Any CPU
		{5F1E6B99-6F56-45BE-9D92-AC2FF3B9CBF2}.Debug|Any CPU.Build.0 = Debug|Any CPU
		{5F1E6B99-6F56-45BE-9D92-AC2FF3B9CBF2}.Release|Any CPU.ActiveCfg = Release|Any CPU
		{5F1E6B99-6F56-45BE-9D92-AC2FF3B9CBF2}.Release|Any CPU.Build.0 = Release|Any CPU
		{2E40A4EB-1DFF-4467-9565-4802D7F66963}.Debug|Any CPU.ActiveCfg = Debug|Any CPU
		{2E40A4EB-1DFF-4467-9565-4802D7F66963}.Debug|Any CPU.Build.0 = Debug|Any CPU
		{2E40A4EB-1DFF-4467-9565-4802D7F66963}.Release|Any CPU.ActiveCfg = Release|Any CPU
		{2E40A4EB-1DFF-4467-9565-4802D7F66963}.Release|Any CPU.Build.0 = Release|Any CPU
		{B8AF77E2-2724-4F46-B218-4FF4A8B948B8}.Debug|Any CPU.ActiveCfg = Debug|Any CPU
		{B8AF77E2-2724-4F46-B218-4FF4A8B948B8}.Debug|Any CPU.Build.0 = Debug|Any CPU
		{B8AF77E2-2724-4F46-B218-4FF4A8B948B8}.Release|Any CPU.ActiveCfg = Release|Any CPU
		{B8AF77E2-2724-4F46-B218-4FF4A8B948B8}.Release|Any CPU.Build.0 = Release|Any CPU
		{BCA2710F-C9DA-4ED1-8861-8BF6AE73D735}.Debug|Any CPU.ActiveCfg = Debug|Any CPU
		{BCA2710F-C9DA-4ED1-8861-8BF6AE73D735}.Debug|Any CPU.Build.0 = Debug|Any CPU
		{BCA2710F-C9DA-4ED1-8861-8BF6AE73D735}.Release|Any CPU.ActiveCfg = Release|Any CPU
		{BCA2710F-C9DA-4ED1-8861-8BF6AE73D735}.Release|Any CPU.Build.0 = Release|Any CPU
		{97C50F57-EF98-4341-83FE-A3A3DE2C496D}.Debug|Any CPU.ActiveCfg = Debug|Any CPU
		{97C50F57-EF98-4341-83FE-A3A3DE2C496D}.Debug|Any CPU.Build.0 = Debug|Any CPU
		{97C50F57-EF98-4341-83FE-A3A3DE2C496D}.Release|Any CPU.ActiveCfg = Release|Any CPU
		{97C50F57-EF98-4341-83FE-A3A3DE2C496D}.Release|Any CPU.Build.0 = Release|Any CPU
		{7BE9A09F-0431-462A-BF07-F3662E20FB56}.Debug|Any CPU.ActiveCfg = Debug|Any CPU
		{7BE9A09F-0431-462A-BF07-F3662E20FB56}.Debug|Any CPU.Build.0 = Debug|Any CPU
		{7BE9A09F-0431-462A-BF07-F3662E20FB56}.Release|Any CPU.ActiveCfg = Release|Any CPU
		{7BE9A09F-0431-462A-BF07-F3662E20FB56}.Release|Any CPU.Build.0 = Release|Any CPU
	EndGlobalSection
	GlobalSection(SolutionProperties) = preSolution
		HideSolutionNode = FALSE
	EndGlobalSection
	GlobalSection(NestedProjects) = preSolution
		{5BFDFA73-834C-4417-9936-E021179A9A0B} = {93F69DAE-0CC5-473B-ABAC-F6DF1C7B2B6C}
		{93F69DAE-0CC5-473B-ABAC-F6DF1C7B2B6C} = {7394B8F6-BF6A-420B-A2D9-33807B4F9809}
		{511803A5-A736-4F5D-92B9-266F6F3697B7} = {7394B8F6-BF6A-420B-A2D9-33807B4F9809}
		{0C90D317-87AB-461D-8650-49CF3704EE05} = {511803A5-A736-4F5D-92B9-266F6F3697B7}
		{153654FC-F2F4-4198-AD10-26DFE5FCA57A} = {511803A5-A736-4F5D-92B9-266F6F3697B7}
		{9BA9CD96-078A-49DE-A98E-72A742BABC09} = {7394B8F6-BF6A-420B-A2D9-33807B4F9809}
		{985A52E3-0C8C-48DA-9644-A17B7108A665} = {9BA9CD96-078A-49DE-A98E-72A742BABC09}
		{A695E56E-ECBB-4E6E-963F-09940702285B} = {985A52E3-0C8C-48DA-9644-A17B7108A665}
		{C5ACE062-B912-4B88-A390-2B1D31EE3346} = {511803A5-A736-4F5D-92B9-266F6F3697B7}
		{4D3FAC8B-9D42-4440-8995-D9E6654539D7} = {7394B8F6-BF6A-420B-A2D9-33807B4F9809}
		{8FD7A620-42C2-43A2-89E5-E9B1864E233B} = {4D3FAC8B-9D42-4440-8995-D9E6654539D7}
		{2294501F-65A5-4FB3-9301-2E66512F13A7} = {0C90D317-87AB-461D-8650-49CF3704EE05}
		{C8A9B7F6-EC1E-403B-952E-4F29BEC1D39D} = {93F69DAE-0CC5-473B-ABAC-F6DF1C7B2B6C}
		{B0CD3F27-D2BB-4D8D-AEFA-7058DC73E7C5} = {C8A9B7F6-EC1E-403B-952E-4F29BEC1D39D}
		{9A63ECA1-887C-47BB-BC05-53115142B434} = {4D3FAC8B-9D42-4440-8995-D9E6654539D7}
		{728BE41D-6979-498A-8BCD-D4E3BA476D92} = {7394B8F6-BF6A-420B-A2D9-33807B4F9809}
		{9D7A703D-CDF7-4461-80D3-3C8B60697233} = {728BE41D-6979-498A-8BCD-D4E3BA476D92}
		{EC0ED15B-0011-45E9-BF8E-B2663AB264DC} = {9D7A703D-CDF7-4461-80D3-3C8B60697233}
		{B9151FE9-D4A1-463B-8ADA-373019A90B33} = {EC0ED15B-0011-45E9-BF8E-B2663AB264DC}
		{EB698FC0-5EFA-42B9-A67C-C182C62FBA1A} = {EC0ED15B-0011-45E9-BF8E-B2663AB264DC}
		{E9261BE3-6734-48CA-8C0C-58F2EDB0B291} = {EC0ED15B-0011-45E9-BF8E-B2663AB264DC}
		{B9A6BCBB-4430-4CBA-A606-B23D7DD52E12} = {E9261BE3-6734-48CA-8C0C-58F2EDB0B291}
		{09CDD879-5080-4BD4-A9F6-29342FCD979A} = {EB698FC0-5EFA-42B9-A67C-C182C62FBA1A}
		{3C32D7E3-C3F5-45CB-8B29-EE2FBB5F1338} = {EB698FC0-5EFA-42B9-A67C-C182C62FBA1A}
		{990D197B-8F76-4D6A-B209-0DCB7FE0DA87} = {E9261BE3-6734-48CA-8C0C-58F2EDB0B291}
		{443C0652-B278-46A7-BB01-2C3CA08719A4} = {EC0ED15B-0011-45E9-BF8E-B2663AB264DC}
		{B8C48727-95BB-4603-98DB-4BDC3A33E465} = {B9151FE9-D4A1-463B-8ADA-373019A90B33}
		{43C4DC59-A8B1-4E91-99AD-FEEB4731705E} = {B9151FE9-D4A1-463B-8ADA-373019A90B33}
		{B871C68A-CCD7-4E3C-A1B3-869642A6D222} = {B9151FE9-D4A1-463B-8ADA-373019A90B33}
		{C8E4788A-6A93-471B-8C23-2DDF62CF8804} = {EB698FC0-5EFA-42B9-A67C-C182C62FBA1A}
		{4FDEE240-B74E-46DA-8EC5-71BBDD198DD8} = {EB698FC0-5EFA-42B9-A67C-C182C62FBA1A}
		{B70C317C-2BF1-4E83-9735-9A5AF1177332} = {9BA9CD96-078A-49DE-A98E-72A742BABC09}
		{B1118B24-1899-4F67-8229-554EE15BF7C6} = {B70C317C-2BF1-4E83-9735-9A5AF1177332}
		{853AFA5B-4699-4763-A1BC-40D5152E5327} = {B70C317C-2BF1-4E83-9735-9A5AF1177332}
		{1A16063A-D196-49E6-84CF-F2E2D51DE6BF} = {93F69DAE-0CC5-473B-ABAC-F6DF1C7B2B6C}
		{DFD0ED8C-0788-4AEF-9D59-B1BD7E452FB6} = {1A16063A-D196-49E6-84CF-F2E2D51DE6BF}
		{F5DF3BFB-AAB1-4EBE-8B8A-FE829CB3BB84} = {511803A5-A736-4F5D-92B9-266F6F3697B7}
		{3AFEDF76-C40B-4E5B-975C-C8F1B9D0BEB0} = {511803A5-A736-4F5D-92B9-266F6F3697B7}
		{27153CC6-B5CD-4008-874D-D9892480BD72} = {511803A5-A736-4F5D-92B9-266F6F3697B7}
		{C523CCA7-EAE0-432D-9A9F-92FCE14A9326} = {C5ACE062-B912-4B88-A390-2B1D31EE3346}
		{54498877-F7D3-43A5-AD9F-FE088EBC2E82} = {C5ACE062-B912-4B88-A390-2B1D31EE3346}
		{93A2C133-60AE-496D-97F5-3D5834B81983} = {511803A5-A736-4F5D-92B9-266F6F3697B7}
		{BEA94DC0-07C9-47AC-B69B-D71A9436EE46} = {511803A5-A736-4F5D-92B9-266F6F3697B7}
		{42AA9DA0-E0D0-435A-A137-983DB00F9012} = {511803A5-A736-4F5D-92B9-266F6F3697B7}
		{6BB35754-9C87-4140-8CB2-3226FBEECC0D} = {511803A5-A736-4F5D-92B9-266F6F3697B7}
		{A099004B-13BA-4F53-B1EC-EDAF8251AB86} = {93A2C133-60AE-496D-97F5-3D5834B81983}
		{CE4F4607-AE29-4A11-96D7-3E31958F5227} = {93A2C133-60AE-496D-97F5-3D5834B81983}
		{459AFD43-A9E1-4126-AD8F-C19DED752125} = {93A2C133-60AE-496D-97F5-3D5834B81983}
		{F00435A9-3F36-4653-8CC2-90FDC91351BA} = {93A2C133-60AE-496D-97F5-3D5834B81983}
		{01C2B7CC-F799-4A46-9481-4785695CF4F4} = {6BB35754-9C87-4140-8CB2-3226FBEECC0D}
		{0D3C16EE-AA91-4ACE-9641-8AE82E38D302} = {6BB35754-9C87-4140-8CB2-3226FBEECC0D}
		{07053AA9-A824-49D6-878D-1384DC4D0D9E} = {6BB35754-9C87-4140-8CB2-3226FBEECC0D}
		{89FDB0FC-046B-4DAD-BCAE-C284C6CD3E06} = {6BB35754-9C87-4140-8CB2-3226FBEECC0D}
		{1C705DA9-1C42-4D5B-8EFB-248BAC560928} = {C5ACE062-B912-4B88-A390-2B1D31EE3346}
		{C52468E1-DCB6-4CA9-BD0B-6EB1C09A1286} = {153654FC-F2F4-4198-AD10-26DFE5FCA57A}
		{70A7D825-C717-45CE-B483-2575051AA194} = {F5DF3BFB-AAB1-4EBE-8B8A-FE829CB3BB84}
		{94B62E22-1B65-4167-94AF-CF0C1463BA8D} = {F5DF3BFB-AAB1-4EBE-8B8A-FE829CB3BB84}
		{BE4CDF4D-80B1-432D-9B74-06F4A2EA4E71} = {F5DF3BFB-AAB1-4EBE-8B8A-FE829CB3BB84}
		{B3915C0E-FD14-4C0D-A265-7D30DF059601} = {F5DF3BFB-AAB1-4EBE-8B8A-FE829CB3BB84}
		{4BAE3D30-79FC-41B4-8076-298018EC86A6} = {27153CC6-B5CD-4008-874D-D9892480BD72}
		{51D41170-F5D8-4713-ABCE-198A3126315D} = {27153CC6-B5CD-4008-874D-D9892480BD72}
		{144B0BC0-C4D0-4336-92CF-E5AAE90A73DB} = {27153CC6-B5CD-4008-874D-D9892480BD72}
		{F812531C-9BE8-4435-A681-CFB115F6ADB0} = {27153CC6-B5CD-4008-874D-D9892480BD72}
		{86C62B3A-64BB-4219-B73B-3C41AB089251} = {42AA9DA0-E0D0-435A-A137-983DB00F9012}
		{1952003C-06B6-4262-A098-E262A6F064D9} = {BEA94DC0-07C9-47AC-B69B-D71A9436EE46}
		{BFDDF03A-03F0-4748-A711-061746DAF230} = {BEA94DC0-07C9-47AC-B69B-D71A9436EE46}
		{36D0334C-DB6D-4592-A5C0-930F706B77C2} = {BEA94DC0-07C9-47AC-B69B-D71A9436EE46}
		{8129AB66-906B-40FA-A6BE-A3964BCC3EA8} = {BEA94DC0-07C9-47AC-B69B-D71A9436EE46}
		{2ABD86E3-CC40-4868-A423-5F88E210A000} = {3AFEDF76-C40B-4E5B-975C-C8F1B9D0BEB0}
		{1F29A501-0034-4E1C-9237-0ABD08888377} = {3AFEDF76-C40B-4E5B-975C-C8F1B9D0BEB0}
		{FBEB2BC4-3715-4780-BB2C-CACA2701F3F0} = {3AFEDF76-C40B-4E5B-975C-C8F1B9D0BEB0}
		{7E974523-FDF1-4237-901A-470F14A79620} = {3AFEDF76-C40B-4E5B-975C-C8F1B9D0BEB0}
		{5F1E6B99-6F56-45BE-9D92-AC2FF3B9CBF2} = {7394B8F6-BF6A-420B-A2D9-33807B4F9809}
		{2E40A4EB-1DFF-4467-9565-4802D7F66963} = {7394B8F6-BF6A-420B-A2D9-33807B4F9809}
		{B8AF77E2-2724-4F46-B218-4FF4A8B948B8} = {7394B8F6-BF6A-420B-A2D9-33807B4F9809}
		{BCA2710F-C9DA-4ED1-8861-8BF6AE73D735} = {7394B8F6-BF6A-420B-A2D9-33807B4F9809}
		{97C50F57-EF98-4341-83FE-A3A3DE2C496D} = {7394B8F6-BF6A-420B-A2D9-33807B4F9809}
		{7BE9A09F-0431-462A-BF07-F3662E20FB56} = {7394B8F6-BF6A-420B-A2D9-33807B4F9809}
	EndGlobalSection
	GlobalSection(ExtensibilityGlobals) = postSolution
		SolutionGuid = {58A386E4-E7C7-49B8-8E30-D8DD2154B7D5}
	EndGlobalSection
EndGlobal
