
Microsoft Visual Studio Solution File, Format Version 12.00
# Visual Studio Version 16
VisualStudioVersion = 16.0.29709.97
MinimumVisualStudioVersion = 10.0.40219.1
Project("{9A19103F-16F7-4668-BE54-9A1E7A4F7556}") = "WorldFeed.Admin", "WorldFeed.Admin\WorldFeed.Admin.csproj", "{D61A53FB-64F6-4E3F-A161-EA484CB702F0}"
EndProject
Project("{9A19103F-16F7-4668-BE54-9A1E7A4F7556}") = "WorldFeed.Common", "WorldFeed.Common\WorldFeed.Common.csproj", "{94B89F70-D398-4D4B-8D10-935EC46EDBC9}"
EndProject
Project("{9A19103F-16F7-4668-BE54-9A1E7A4F7556}") = "WorldFeed.History.BC.Science.Gateway", "WorldFeed.Dealers.Gateway\WorldFeed.History.BC.Science.Gateway.csproj", "{5689836B-49E4-4C98-830F-7237D741122D}"
EndProject
Project("{9A19103F-16F7-4668-BE54-9A1E7A4F7556}") = "WorldFeed.Identity", "WorldFeed.Identity\WorldFeed.Identity.csproj", "{3BC5DC8B-9F86-40C3-8E88-66A446F9C634}"
EndProject
Project("{9A19103F-16F7-4668-BE54-9A1E7A4F7556}") = "WorldFeed.Notifications", "WorldFeed.Notifications\WorldFeed.Notifications.csproj", "{DAA8E7E9-FAD4-4EE9-8536-52A6B975890C}"
EndProject
Project("{9A19103F-16F7-4668-BE54-9A1E7A4F7556}") = "WorldFeed.Schedule", "WorldFeed.Schedule\WorldFeed.Schedule.csproj", "{934CDEBB-AF27-4BF7-8DD2-12D6FAFFA489}"
EndProject
Project("{9A19103F-16F7-4668-BE54-9A1E7A4F7556}") = "WorldFeed.Statistics", "WorldFeed.Statistics\WorldFeed.Statistics.csproj", "{06B86D4F-B3E3-42EE-83AA-28CD84A6C889}"
EndProject
Project("{2150E333-8FDC-42A3-9474-1A3956D46DE8}") = "History", "History", "{EB129BD3-25F4-48BF-838A-4A921019E4A2}"
EndProject
Project("{2150E333-8FDC-42A3-9474-1A3956D46DE8}") = "BC", "BC", "{DFB55D5B-F394-4AEB-8684-AFC07A6CBE21}"
EndProject
Project("{2150E333-8FDC-42A3-9474-1A3956D46DE8}") = "Science", "Science", "{43216E23-EBB0-4EA0-B0BA-9CCC19AF2613}"
EndProject
Project("{9A19103F-16F7-4668-BE54-9A1E7A4F7556}") = "WorldFeed.History.Common", "History\WorldFeed.History.Common\WorldFeed.History.Common.csproj", "{BE665E78-2245-445C-A322-F2684970F84F}"
EndProject
Project("{2150E333-8FDC-42A3-9474-1A3956D46DE8}") = "Web", "Web", "{1267170A-8DF8-4957-8779-8C836F5FEA31}"
EndProject
Project("{9A19103F-16F7-4668-BE54-9A1E7A4F7556}") = "WorldFeed.Web.Common", "Web\WorldFeed.Web.Shared\WorldFeed.Web.Common.csproj", "{E2184C75-2E38-44CB-A63F-167407D7B5FF}"
EndProject
Project("{9A19103F-16F7-4668-BE54-9A1E7A4F7556}") = "WorldFeed.History.BC.Science.Post", "History\BC\Science\WorldFeed.History.BC.Science.Post\WorldFeed.History.BC.Science.Post.csproj", "{ACC5345C-5C7E-4576-8E7C-86FA8ED11EBB}"
EndProject
Project("{9A19103F-16F7-4668-BE54-9A1E7A4F7556}") = "WorldFeed.History.BC.Science", "History\BC\Science\WorldFeed.History.BC.Science\WorldFeed.History.BC.Science.csproj", "{0C0FDDF9-A5D0-4FEA-8427-57CF53EA00FD}"
EndProject
Project("{9A19103F-16F7-4668-BE54-9A1E7A4F7556}") = "WorldFeed.WebLogic", "WorldFeed.WebLogic\WorldFeed.WebLogic.csproj", "{04513D25-B5B1-4FC9-B61A-6CBBB20B273E}"
EndProject
Project("{9A19103F-16F7-4668-BE54-9A1E7A4F7556}") = "WorldFeed.Security", "WorldFeed.Security\WorldFeed.Security.csproj", "{A370EEFD-A62C-4661-951C-8A6DA1DE56F7}"
EndProject
Project("{9A19103F-16F7-4668-BE54-9A1E7A4F7556}") = "WorldFeed.Streams", "WorldFeed.Streams\WorldFeed.Streams.csproj", "{272CD898-B93B-4125-87A2-139E2A3785F8}"
EndProject
Project("{9A19103F-16F7-4668-BE54-9A1E7A4F7556}") = "WorldFeed.Logic", "WorldFeed.Logic\WorldFeed.Logic.csproj", "{8B197D6B-E473-4B16-A46C-D01773FD7435}"
EndProject
Project("{9A19103F-16F7-4668-BE54-9A1E7A4F7556}") = "WorldFeed.Credentials", "WorldFeed.Credentials\WorldFeed.Credentials.csproj", "{D71BA4C8-C4D4-40B3-8288-72EDBAB52AE4}"
EndProject
Project("{9A19103F-16F7-4668-BE54-9A1E7A4F7556}") = "WorldFeed.Controllers", "WorldFeed.Controllers\WorldFeed.Controllers.csproj", "{CB835FF6-8A54-4FB8-BC91-B287644DD16F}"
EndProject
Project("{9A19103F-16F7-4668-BE54-9A1E7A4F7556}") = "WorldFeed.AspNet", "WorldFeed.AspNet\WorldFeed.AspNet.csproj", "{82897B9A-561E-45D0-B617-1C6D84BAED5C}"
EndProject
Project("{9A19103F-16F7-4668-BE54-9A1E7A4F7556}") = "WorldFeed", "WorldFeed\WorldFeed.csproj", "{625CDB8C-E0D2-4D23-8EC1-9D85CFBE318F}"
EndProject
Project("{2150E333-8FDC-42A3-9474-1A3956D46DE8}") = "src", "src", "{7394B8F6-BF6A-420B-A2D9-33807B4F9809}"
EndProject
Project("{2150E333-8FDC-42A3-9474-1A3956D46DE8}") = "Solution Items", "Solution Items", "{13223C60-0A8B-403A-A3EB-80601B6D0918}"
EndProject
Global
	GlobalSection(SolutionConfigurationPlatforms) = preSolution
		Debug|Any CPU = Debug|Any CPU
		Release|Any CPU = Release|Any CPU
	EndGlobalSection
	GlobalSection(ProjectConfigurationPlatforms) = postSolution
		{D61A53FB-64F6-4E3F-A161-EA484CB702F0}.Debug|Any CPU.ActiveCfg = Debug|Any CPU
		{D61A53FB-64F6-4E3F-A161-EA484CB702F0}.Debug|Any CPU.Build.0 = Debug|Any CPU
		{D61A53FB-64F6-4E3F-A161-EA484CB702F0}.Release|Any CPU.ActiveCfg = Release|Any CPU
		{D61A53FB-64F6-4E3F-A161-EA484CB702F0}.Release|Any CPU.Build.0 = Release|Any CPU
		{94B89F70-D398-4D4B-8D10-935EC46EDBC9}.Debug|Any CPU.ActiveCfg = Debug|Any CPU
		{94B89F70-D398-4D4B-8D10-935EC46EDBC9}.Debug|Any CPU.Build.0 = Debug|Any CPU
		{94B89F70-D398-4D4B-8D10-935EC46EDBC9}.Release|Any CPU.ActiveCfg = Release|Any CPU
		{94B89F70-D398-4D4B-8D10-935EC46EDBC9}.Release|Any CPU.Build.0 = Release|Any CPU
		{5689836B-49E4-4C98-830F-7237D741122D}.Debug|Any CPU.ActiveCfg = Debug|Any CPU
		{5689836B-49E4-4C98-830F-7237D741122D}.Debug|Any CPU.Build.0 = Debug|Any CPU
		{5689836B-49E4-4C98-830F-7237D741122D}.Release|Any CPU.ActiveCfg = Release|Any CPU
		{5689836B-49E4-4C98-830F-7237D741122D}.Release|Any CPU.Build.0 = Release|Any CPU
		{3BC5DC8B-9F86-40C3-8E88-66A446F9C634}.Debug|Any CPU.ActiveCfg = Debug|Any CPU
		{3BC5DC8B-9F86-40C3-8E88-66A446F9C634}.Debug|Any CPU.Build.0 = Debug|Any CPU
		{3BC5DC8B-9F86-40C3-8E88-66A446F9C634}.Release|Any CPU.ActiveCfg = Release|Any CPU
		{3BC5DC8B-9F86-40C3-8E88-66A446F9C634}.Release|Any CPU.Build.0 = Release|Any CPU
		{DAA8E7E9-FAD4-4EE9-8536-52A6B975890C}.Debug|Any CPU.ActiveCfg = Debug|Any CPU
		{DAA8E7E9-FAD4-4EE9-8536-52A6B975890C}.Debug|Any CPU.Build.0 = Debug|Any CPU
		{DAA8E7E9-FAD4-4EE9-8536-52A6B975890C}.Release|Any CPU.ActiveCfg = Release|Any CPU
		{DAA8E7E9-FAD4-4EE9-8536-52A6B975890C}.Release|Any CPU.Build.0 = Release|Any CPU
		{934CDEBB-AF27-4BF7-8DD2-12D6FAFFA489}.Debug|Any CPU.ActiveCfg = Debug|Any CPU
		{934CDEBB-AF27-4BF7-8DD2-12D6FAFFA489}.Debug|Any CPU.Build.0 = Debug|Any CPU
		{934CDEBB-AF27-4BF7-8DD2-12D6FAFFA489}.Release|Any CPU.ActiveCfg = Release|Any CPU
		{934CDEBB-AF27-4BF7-8DD2-12D6FAFFA489}.Release|Any CPU.Build.0 = Release|Any CPU
		{06B86D4F-B3E3-42EE-83AA-28CD84A6C889}.Debug|Any CPU.ActiveCfg = Debug|Any CPU
		{06B86D4F-B3E3-42EE-83AA-28CD84A6C889}.Debug|Any CPU.Build.0 = Debug|Any CPU
		{06B86D4F-B3E3-42EE-83AA-28CD84A6C889}.Release|Any CPU.ActiveCfg = Release|Any CPU
		{06B86D4F-B3E3-42EE-83AA-28CD84A6C889}.Release|Any CPU.Build.0 = Release|Any CPU
		{BE665E78-2245-445C-A322-F2684970F84F}.Debug|Any CPU.ActiveCfg = Debug|Any CPU
		{BE665E78-2245-445C-A322-F2684970F84F}.Debug|Any CPU.Build.0 = Debug|Any CPU
		{BE665E78-2245-445C-A322-F2684970F84F}.Release|Any CPU.ActiveCfg = Release|Any CPU
		{BE665E78-2245-445C-A322-F2684970F84F}.Release|Any CPU.Build.0 = Release|Any CPU
		{E2184C75-2E38-44CB-A63F-167407D7B5FF}.Debug|Any CPU.ActiveCfg = Debug|Any CPU
		{E2184C75-2E38-44CB-A63F-167407D7B5FF}.Debug|Any CPU.Build.0 = Debug|Any CPU
		{E2184C75-2E38-44CB-A63F-167407D7B5FF}.Release|Any CPU.ActiveCfg = Release|Any CPU
		{E2184C75-2E38-44CB-A63F-167407D7B5FF}.Release|Any CPU.Build.0 = Release|Any CPU
		{ACC5345C-5C7E-4576-8E7C-86FA8ED11EBB}.Debug|Any CPU.ActiveCfg = Debug|Any CPU
		{ACC5345C-5C7E-4576-8E7C-86FA8ED11EBB}.Debug|Any CPU.Build.0 = Debug|Any CPU
		{ACC5345C-5C7E-4576-8E7C-86FA8ED11EBB}.Release|Any CPU.ActiveCfg = Release|Any CPU
		{ACC5345C-5C7E-4576-8E7C-86FA8ED11EBB}.Release|Any CPU.Build.0 = Release|Any CPU
		{0C0FDDF9-A5D0-4FEA-8427-57CF53EA00FD}.Debug|Any CPU.ActiveCfg = Debug|Any CPU
		{0C0FDDF9-A5D0-4FEA-8427-57CF53EA00FD}.Debug|Any CPU.Build.0 = Debug|Any CPU
		{0C0FDDF9-A5D0-4FEA-8427-57CF53EA00FD}.Release|Any CPU.ActiveCfg = Release|Any CPU
		{0C0FDDF9-A5D0-4FEA-8427-57CF53EA00FD}.Release|Any CPU.Build.0 = Release|Any CPU
		{04513D25-B5B1-4FC9-B61A-6CBBB20B273E}.Debug|Any CPU.ActiveCfg = Debug|Any CPU
		{04513D25-B5B1-4FC9-B61A-6CBBB20B273E}.Debug|Any CPU.Build.0 = Debug|Any CPU
		{04513D25-B5B1-4FC9-B61A-6CBBB20B273E}.Release|Any CPU.ActiveCfg = Release|Any CPU
		{04513D25-B5B1-4FC9-B61A-6CBBB20B273E}.Release|Any CPU.Build.0 = Release|Any CPU
		{A370EEFD-A62C-4661-951C-8A6DA1DE56F7}.Debug|Any CPU.ActiveCfg = Debug|Any CPU
		{A370EEFD-A62C-4661-951C-8A6DA1DE56F7}.Debug|Any CPU.Build.0 = Debug|Any CPU
		{A370EEFD-A62C-4661-951C-8A6DA1DE56F7}.Release|Any CPU.ActiveCfg = Release|Any CPU
		{A370EEFD-A62C-4661-951C-8A6DA1DE56F7}.Release|Any CPU.Build.0 = Release|Any CPU
		{272CD898-B93B-4125-87A2-139E2A3785F8}.Debug|Any CPU.ActiveCfg = Debug|Any CPU
		{272CD898-B93B-4125-87A2-139E2A3785F8}.Debug|Any CPU.Build.0 = Debug|Any CPU
		{272CD898-B93B-4125-87A2-139E2A3785F8}.Release|Any CPU.ActiveCfg = Release|Any CPU
		{272CD898-B93B-4125-87A2-139E2A3785F8}.Release|Any CPU.Build.0 = Release|Any CPU
		{8B197D6B-E473-4B16-A46C-D01773FD7435}.Debug|Any CPU.ActiveCfg = Debug|Any CPU
		{8B197D6B-E473-4B16-A46C-D01773FD7435}.Debug|Any CPU.Build.0 = Debug|Any CPU
		{8B197D6B-E473-4B16-A46C-D01773FD7435}.Release|Any CPU.ActiveCfg = Release|Any CPU
		{8B197D6B-E473-4B16-A46C-D01773FD7435}.Release|Any CPU.Build.0 = Release|Any CPU
		{D71BA4C8-C4D4-40B3-8288-72EDBAB52AE4}.Debug|Any CPU.ActiveCfg = Debug|Any CPU
		{D71BA4C8-C4D4-40B3-8288-72EDBAB52AE4}.Debug|Any CPU.Build.0 = Debug|Any CPU
		{D71BA4C8-C4D4-40B3-8288-72EDBAB52AE4}.Release|Any CPU.ActiveCfg = Release|Any CPU
		{D71BA4C8-C4D4-40B3-8288-72EDBAB52AE4}.Release|Any CPU.Build.0 = Release|Any CPU
		{CB835FF6-8A54-4FB8-BC91-B287644DD16F}.Debug|Any CPU.ActiveCfg = Debug|Any CPU
		{CB835FF6-8A54-4FB8-BC91-B287644DD16F}.Debug|Any CPU.Build.0 = Debug|Any CPU
		{CB835FF6-8A54-4FB8-BC91-B287644DD16F}.Release|Any CPU.ActiveCfg = Release|Any CPU
		{CB835FF6-8A54-4FB8-BC91-B287644DD16F}.Release|Any CPU.Build.0 = Release|Any CPU
		{82897B9A-561E-45D0-B617-1C6D84BAED5C}.Debug|Any CPU.ActiveCfg = Debug|Any CPU
		{82897B9A-561E-45D0-B617-1C6D84BAED5C}.Debug|Any CPU.Build.0 = Debug|Any CPU
		{82897B9A-561E-45D0-B617-1C6D84BAED5C}.Release|Any CPU.ActiveCfg = Release|Any CPU
		{82897B9A-561E-45D0-B617-1C6D84BAED5C}.Release|Any CPU.Build.0 = Release|Any CPU
		{625CDB8C-E0D2-4D23-8EC1-9D85CFBE318F}.Debug|Any CPU.ActiveCfg = Debug|Any CPU
		{625CDB8C-E0D2-4D23-8EC1-9D85CFBE318F}.Debug|Any CPU.Build.0 = Debug|Any CPU
		{625CDB8C-E0D2-4D23-8EC1-9D85CFBE318F}.Release|Any CPU.ActiveCfg = Release|Any CPU
		{625CDB8C-E0D2-4D23-8EC1-9D85CFBE318F}.Release|Any CPU.Build.0 = Release|Any CPU
	EndGlobalSection
	GlobalSection(SolutionProperties) = preSolution
		HideSolutionNode = FALSE
	EndGlobalSection
	GlobalSection(NestedProjects) = preSolution
		{D61A53FB-64F6-4E3F-A161-EA484CB702F0} = {7394B8F6-BF6A-420B-A2D9-33807B4F9809}
		{94B89F70-D398-4D4B-8D10-935EC46EDBC9} = {7394B8F6-BF6A-420B-A2D9-33807B4F9809}
		{5689836B-49E4-4C98-830F-7237D741122D} = {43216E23-EBB0-4EA0-B0BA-9CCC19AF2613}
		{3BC5DC8B-9F86-40C3-8E88-66A446F9C634} = {7394B8F6-BF6A-420B-A2D9-33807B4F9809}
		{DAA8E7E9-FAD4-4EE9-8536-52A6B975890C} = {7394B8F6-BF6A-420B-A2D9-33807B4F9809}
		{934CDEBB-AF27-4BF7-8DD2-12D6FAFFA489} = {7394B8F6-BF6A-420B-A2D9-33807B4F9809}
		{06B86D4F-B3E3-42EE-83AA-28CD84A6C889} = {7394B8F6-BF6A-420B-A2D9-33807B4F9809}
		{EB129BD3-25F4-48BF-838A-4A921019E4A2} = {7394B8F6-BF6A-420B-A2D9-33807B4F9809}
		{DFB55D5B-F394-4AEB-8684-AFC07A6CBE21} = {EB129BD3-25F4-48BF-838A-4A921019E4A2}
		{43216E23-EBB0-4EA0-B0BA-9CCC19AF2613} = {DFB55D5B-F394-4AEB-8684-AFC07A6CBE21}
		{BE665E78-2245-445C-A322-F2684970F84F} = {EB129BD3-25F4-48BF-838A-4A921019E4A2}
		{1267170A-8DF8-4957-8779-8C836F5FEA31} = {7394B8F6-BF6A-420B-A2D9-33807B4F9809}
		{E2184C75-2E38-44CB-A63F-167407D7B5FF} = {1267170A-8DF8-4957-8779-8C836F5FEA31}
		{ACC5345C-5C7E-4576-8E7C-86FA8ED11EBB} = {43216E23-EBB0-4EA0-B0BA-9CCC19AF2613}
		{0C0FDDF9-A5D0-4FEA-8427-57CF53EA00FD} = {43216E23-EBB0-4EA0-B0BA-9CCC19AF2613}
		{04513D25-B5B1-4FC9-B61A-6CBBB20B273E} = {7394B8F6-BF6A-420B-A2D9-33807B4F9809}
		{A370EEFD-A62C-4661-951C-8A6DA1DE56F7} = {7394B8F6-BF6A-420B-A2D9-33807B4F9809}
		{272CD898-B93B-4125-87A2-139E2A3785F8} = {7394B8F6-BF6A-420B-A2D9-33807B4F9809}
		{8B197D6B-E473-4B16-A46C-D01773FD7435} = {7394B8F6-BF6A-420B-A2D9-33807B4F9809}
		{D71BA4C8-C4D4-40B3-8288-72EDBAB52AE4} = {7394B8F6-BF6A-420B-A2D9-33807B4F9809}
		{CB835FF6-8A54-4FB8-BC91-B287644DD16F} = {7394B8F6-BF6A-420B-A2D9-33807B4F9809}
		{82897B9A-561E-45D0-B617-1C6D84BAED5C} = {7394B8F6-BF6A-420B-A2D9-33807B4F9809}
		{625CDB8C-E0D2-4D23-8EC1-9D85CFBE318F} = {7394B8F6-BF6A-420B-A2D9-33807B4F9809}
	EndGlobalSection
	GlobalSection(ExtensibilityGlobals) = postSolution
		SolutionGuid = {58A386E4-E7C7-49B8-8E30-D8DD2154B7D5}
	EndGlobalSection
EndGlobal
