
Microsoft Visual Studio Solution File, Format Version 12.00
# Visual Studio Version 16
VisualStudioVersion = 16.0.29709.97
MinimumVisualStudioVersion = 10.0.40219.1
Project("{9A19103F-16F7-4668-BE54-9A1E7A4F7556}") = "WorldFeed.Common", "WorldFeed.Common\WorldFeed.Common.csproj", "{94B89F70-D398-4D4B-8D10-935EC46EDBC9}"
EndProject
Project("{9A19103F-16F7-4668-BE54-9A1E7A4F7556}") = "WorldFeed.Notifications", "WorldFeed.Notifications\WorldFeed.Notifications.csproj", "{DAA8E7E9-FAD4-4EE9-8536-52A6B975890C}"
EndProject
Project("{2150E333-8FDC-42A3-9474-1A3956D46DE8}") = "WebCommon", "WebCommon", "{1267170A-8DF8-4957-8779-8C836F5FEA31}"
EndProject
Project("{9A19103F-16F7-4668-BE54-9A1E7A4F7556}") = "WorldFeed.WebLogic", "WorldFeed.WebLogic\WorldFeed.WebLogic.csproj", "{04513D25-B5B1-4FC9-B61A-6CBBB20B273E}"
EndProject
Project("{9A19103F-16F7-4668-BE54-9A1E7A4F7556}") = "WorldFeed.Security", "WorldFeed.Security\WorldFeed.Security.csproj", "{A370EEFD-A62C-4661-951C-8A6DA1DE56F7}"
EndProject
Project("{9A19103F-16F7-4668-BE54-9A1E7A4F7556}") = "WorldFeed.Streams", "WorldFeed.Streams\WorldFeed.Streams.csproj", "{272CD898-B93B-4125-87A2-139E2A3785F8}"
EndProject
Project("{9A19103F-16F7-4668-BE54-9A1E7A4F7556}") = "WorldFeed.Logic", "WorldFeed.Logic\WorldFeed.Logic.csproj", "{8B197D6B-E473-4B16-A46C-D01773FD7435}"
EndProject
Project("{9A19103F-16F7-4668-BE54-9A1E7A4F7556}") = "WorldFeed.Credentials", "WorldFeed.Credentials\WorldFeed.Credentials.csproj", "{D71BA4C8-C4D4-40B3-8288-72EDBAB52AE4}"
EndProject
Project("{9A19103F-16F7-4668-BE54-9A1E7A4F7556}") = "WorldFeed.Controllers", "WorldFeed.Controllers\WorldFeed.Controllers.csproj", "{CB835FF6-8A54-4FB8-BC91-B287644DD16F}"
EndProject
Project("{9A19103F-16F7-4668-BE54-9A1E7A4F7556}") = "WorldFeed.AspNet", "WorldFeed.AspNet\WorldFeed.AspNet.csproj", "{82897B9A-561E-45D0-B617-1C6D84BAED5C}"
EndProject
Project("{9A19103F-16F7-4668-BE54-9A1E7A4F7556}") = "WorldFeed", "WorldFeed\WorldFeed.csproj", "{625CDB8C-E0D2-4D23-8EC1-9D85CFBE318F}"
EndProject
Project("{2150E333-8FDC-42A3-9474-1A3956D46DE8}") = "src", "src", "{7394B8F6-BF6A-420B-A2D9-33807B4F9809}"
EndProject
Project("{2150E333-8FDC-42A3-9474-1A3956D46DE8}") = "Envoy", "Envoy", "{5BFDFA73-834C-4417-9936-E021179A9A0B}"
EndProject
Project("{2150E333-8FDC-42A3-9474-1A3956D46DE8}") = "ApiGateways", "ApiGateways", "{93F69DAE-0CC5-473B-ABAC-F6DF1C7B2B6C}"
EndProject
Project("{2150E333-8FDC-42A3-9474-1A3956D46DE8}") = "Services", "Services", "{511803A5-A736-4F5D-92B9-266F6F3697B7}"
EndProject
Project("{2150E333-8FDC-42A3-9474-1A3956D46DE8}") = "Admin", "Admin", "{0C90D317-87AB-461D-8650-49CF3704EE05}"
EndProject
Project("{2150E333-8FDC-42A3-9474-1A3956D46DE8}") = "Notifications", "Notifications", "{153654FC-F2F4-4198-AD10-26DFE5FCA57A}"
EndProject
Project("{2150E333-8FDC-42A3-9474-1A3956D46DE8}") = "Kids", "Kids", "{39F7FE1E-A7E8-4D8D-A448-EDD0681A8B1A}"
EndProject
Project("{2150E333-8FDC-42A3-9474-1A3956D46DE8}") = "Services", "Services", "{6C598B2B-817B-455C-A1FE-EE572EDDF067}"
EndProject
Project("{9A19103F-16F7-4668-BE54-9A1E7A4F7556}") = "WorldFeed.Kids.API", "Kids\Services\WorldFeed.Kids.API\WorldFeed.Kids.API.csproj", "{F42DBA36-A93F-46D6-9265-7249C09D2C89}"
EndProject
Project("{2150E333-8FDC-42A3-9474-1A3956D46DE8}") = "Science", "Science", "{727596AE-A3D6-4002-B735-A24979BF1D86}"
EndProject
Project("{2150E333-8FDC-42A3-9474-1A3956D46DE8}") = "Mobile.Science", "Mobile.Science", "{99438662-F99F-48A4-9DF5-5816B9A21562}"
EndProject
Project("{2150E333-8FDC-42A3-9474-1A3956D46DE8}") = "Web.Science", "Web.Science", "{5EC768AA-955A-498B-8102-1530563F9155}"
EndProject
Project("{2150E333-8FDC-42A3-9474-1A3956D46DE8}") = "BuildingBlocks", "BuildingBlocks", "{9BA9CD96-078A-49DE-A98E-72A742BABC09}"
EndProject
Project("{2150E333-8FDC-42A3-9474-1A3956D46DE8}") = "Devspaces.Support", "Devspaces.Support", "{985A52E3-0C8C-48DA-9644-A17B7108A665}"
EndProject
Project("{9A19103F-16F7-4668-BE54-9A1E7A4F7556}") = "Devspaces.Support", "BuildingBlocks\Devspaces.Support\Devspaces.Support.csproj", "{A695E56E-ECBB-4E6E-963F-09940702285B}"
EndProject
Project("{2150E333-8FDC-42A3-9474-1A3956D46DE8}") = "Identity", "Identity", "{C5ACE062-B912-4B88-A390-2B1D31EE3346}"
EndProject
Project("{2150E333-8FDC-42A3-9474-1A3956D46DE8}") = "Web Apps", "Web Apps", "{4D3FAC8B-9D42-4440-8995-D9E6654539D7}"
EndProject
Project("{9A19103F-16F7-4668-BE54-9A1E7A4F7556}") = "WebSPA", "Web\WebSPA\WebSPA.csproj", "{8FD7A620-42C2-43A2-89E5-E9B1864E233B}"
EndProject
Project("{9A19103F-16F7-4668-BE54-9A1E7A4F7556}") = "WorldFeed.Web.Common", "WebCommon\WorldFeed.Web.Shared\WorldFeed.Web.Common.csproj", "{86C8EBBD-B9C7-4B6A-A719-041504F9D8E7}"
EndProject
Project("{9A19103F-16F7-4668-BE54-9A1E7A4F7556}") = "WorldFeed.Admin", "Services\Admin\WorldFeed.Admin.csproj", "{2294501F-65A5-4FB3-9301-2E66512F13A7}"
EndProject
Project("{9A19103F-16F7-4668-BE54-9A1E7A4F7556}") = "WorldFeed.Identity.API", "Services\Identity\WorldFeed.Identity.API.csproj", "{336F577B-B4E5-4431-AB50-8A6825037BDB}"
EndProject
Project("{2150E333-8FDC-42A3-9474-1A3956D46DE8}") = "Identity", "Identity", "{C8A9B7F6-EC1E-403B-952E-4F29BEC1D39D}"
EndProject
Project("{9A19103F-16F7-4668-BE54-9A1E7A4F7556}") = "Identity.HttpAggregator", "ApiGateways\Identity\Identity.HttpAggregator.csproj", "{B0CD3F27-D2BB-4D8D-AEFA-7058DC73E7C5}"
EndProject
Project("{9A19103F-16F7-4668-BE54-9A1E7A4F7556}") = "WebStatus", "Web\WebStatus\WebStatus.csproj", "{9A63ECA1-887C-47BB-BC05-53115142B434}"
EndProject
Project("{2150E333-8FDC-42A3-9474-1A3956D46DE8}") = "Programming", "Programming", "{728BE41D-6979-498A-8BCD-D4E3BA476D92}"
EndProject
Project("{2150E333-8FDC-42A3-9474-1A3956D46DE8}") = "Services", "Services", "{9D7A703D-CDF7-4461-80D3-3C8B60697233}"
EndProject
Project("{2150E333-8FDC-42A3-9474-1A3956D46DE8}") = "Quiz", "Quiz", "{EC0ED15B-0011-45E9-BF8E-B2663AB264DC}"
EndProject
Project("{2150E333-8FDC-42A3-9474-1A3956D46DE8}") = "Data", "Data", "{B9151FE9-D4A1-463B-8ADA-373019A90B33}"
EndProject
Project("{2150E333-8FDC-42A3-9474-1A3956D46DE8}") = "Services", "Services", "{EB698FC0-5EFA-42B9-A67C-C182C62FBA1A}"
EndProject
Project("{2150E333-8FDC-42A3-9474-1A3956D46DE8}") = "Web", "Web", "{E9261BE3-6734-48CA-8C0C-58F2EDB0B291}"
EndProject
Project("{9A19103F-16F7-4668-BE54-9A1E7A4F7556}") = "WorldFeed.Programming.Quiz.Web.ViewModels", "Programming\Services\Quiz\WorldFeed.Programming.Quiz.Web.ViewModels\WorldFeed.Programming.Quiz.Web.ViewModels.csproj", "{B9A6BCBB-4430-4CBA-A606-B23D7DD52E12}"
EndProject
Project("{9A19103F-16F7-4668-BE54-9A1E7A4F7556}") = "WorldFeed.Programming.Quiz.Services", "Programming\Services\Quiz\WorldFeed.Programming.Quiz.Services\WorldFeed.Programming.Quiz.Services.csproj", "{09CDD879-5080-4BD4-A9F6-29342FCD979A}"
EndProject
Project("{9A19103F-16F7-4668-BE54-9A1E7A4F7556}") = "WorldFeed.Programming.Quiz.Services.Data", "Programming\Services\Quiz\WorldFeed.Programming.Quiz.Services.Data\WorldFeed.Programming.Quiz.Services.Data.csproj", "{3C32D7E3-C3F5-45CB-8B29-EE2FBB5F1338}"
EndProject
Project("{9A19103F-16F7-4668-BE54-9A1E7A4F7556}") = "WorldFeed.Programming.Quiz.Web", "Programming\Services\Quiz\WorldFeed.Programming.Quiz.Web\WorldFeed.Programming.Quiz.Web.csproj", "{990D197B-8F76-4D6A-B209-0DCB7FE0DA87}"
EndProject
Project("{9A19103F-16F7-4668-BE54-9A1E7A4F7556}") = "WorldFeed.Programming.Quiz.Common", "Programming\Services\Quiz\WorldFeed.Programming.Quiz.Common\WorldFeed.Programming.Quiz.Common.csproj", "{443C0652-B278-46A7-BB01-2C3CA08719A4}"
EndProject
Project("{9A19103F-16F7-4668-BE54-9A1E7A4F7556}") = "WorldFeed.Programming.Quiz.Data.Common", "Programming\Services\Quiz\WorldFeed.Programming.Quiz.Data.Common\WorldFeed.Programming.Quiz.Data.Common.csproj", "{B8C48727-95BB-4603-98DB-4BDC3A33E465}"
EndProject
Project("{9A19103F-16F7-4668-BE54-9A1E7A4F7556}") = "WorldFeed.Programming.Quiz.Data", "Programming\Services\Quiz\WorldFeed.Programming.Quiz.Data\WorldFeed.Programming.Quiz.Data.csproj", "{43C4DC59-A8B1-4E91-99AD-FEEB4731705E}"
EndProject
Project("{9A19103F-16F7-4668-BE54-9A1E7A4F7556}") = "WorldFeed.Programming.Quiz.Data.Models", "Programming\Services\Quiz\WorldFeed.Programming.Quiz.Data.Models\WorldFeed.Programming.Quiz.Data.Models.csproj", "{B871C68A-CCD7-4E3C-A1B3-869642A6D222}"
EndProject
Project("{9A19103F-16F7-4668-BE54-9A1E7A4F7556}") = "WorldFeed.Programming.Quiz.Services.Mapping", "Programming\Services\Quiz\WorldFeed.Programming.Quiz.Services.Mapping\WorldFeed.Programming.Quiz.Services.Mapping.csproj", "{C8E4788A-6A93-471B-8C23-2DDF62CF8804}"
EndProject
Project("{9A19103F-16F7-4668-BE54-9A1E7A4F7556}") = "WorldFeed.Programming.Quiz.Services.Messaging", "Programming\Services\Quiz\WorldFeed.Programming.Quiz.Services.Messaging\WorldFeed.Programming.Quiz.Services.Messaging.csproj", "{4FDEE240-B74E-46DA-8EC5-71BBDD198DD8}"
EndProject
Project("{2150E333-8FDC-42A3-9474-1A3956D46DE8}") = "EventBus", "EventBus", "{B70C317C-2BF1-4E83-9735-9A5AF1177332}"
EndProject
Project("{9A19103F-16F7-4668-BE54-9A1E7A4F7556}") = "EventBusRabbitMQ", "BuildingBlocks\EventBus\EventBusRabbitMQ\EventBusRabbitMQ.csproj", "{B1118B24-1899-4F67-8229-554EE15BF7C6}"
EndProject
Project("{9A19103F-16F7-4668-BE54-9A1E7A4F7556}") = "EventBus", "BuildingBlocks\EventBus\EventBus\EventBus.csproj", "{853AFA5B-4699-4763-A1BC-40D5152E5327}"
EndProject
Project("{2150E333-8FDC-42A3-9474-1A3956D46DE8}") = "Account", "Account", "{B4A4241F-B45A-4A14-B7F0-12DC32C35C7C}"
EndProject
Project("{9A19103F-16F7-4668-BE54-9A1E7A4F7556}") = "WorldFeed.AccountSettings", "Services\Account\WorldFeed.AccountSettings\WorldFeed.AccountSettings.csproj", "{10B24B53-D1E6-47E8-8B72-623D38CDD47B}"
EndProject
Project("{2150E333-8FDC-42A3-9474-1A3956D46DE8}") = "Web.Bff", "Web.Bff", "{1A16063A-D196-49E6-84CF-F2E2D51DE6BF}"
EndProject
Project("{9A19103F-16F7-4668-BE54-9A1E7A4F7556}") = "Web.HttpAggregator", "ApiGateways\Web.Bff\aggregator\Web.HttpAggregator.csproj", "{DFD0ED8C-0788-4AEF-9D59-B1BD7E452FB6}"
EndProject
Project("{2150E333-8FDC-42A3-9474-1A3956D46DE8}") = "Posts", "Posts", "{F5DF3BFB-AAB1-4EBE-8B8A-FE829CB3BB84}"
EndProject
Project("{2150E333-8FDC-42A3-9474-1A3956D46DE8}") = "Uploads", "Uploads", "{3AFEDF76-C40B-4E5B-975C-C8F1B9D0BEB0}"
EndProject
Project("{2150E333-8FDC-42A3-9474-1A3956D46DE8}") = "Profiles", "Profiles", "{27153CC6-B5CD-4008-874D-D9892480BD72}"
EndProject
Project("{9A19103F-16F7-4668-BE54-9A1E7A4F7556}") = "WorldFeed.Post.Domain", "Services\Posts\WorldFeed.Post.Domain\WorldFeed.Post.Domain.csproj", "{7BD935C9-640E-417A-A99A-327A705F0953}"
EndProject
Project("{9A19103F-16F7-4668-BE54-9A1E7A4F7556}") = "WorldFeed.Post.Infrastructure", "Services\Posts\WorldFeed.Post.Infrastructure\WorldFeed.Post.Infrastructure.csproj", "{453F3DBA-8B04-4467-A2B6-68149073B3E9}"
EndProject
Project("{9A19103F-16F7-4668-BE54-9A1E7A4F7556}") = "WorldFeed.Upload.Domain", "Services\Uploads\WorldFeed.Upload.Domain\WorldFeed.Upload.Domain.csproj", "{B8C5EB25-CFDB-4660-BBBF-70F629644147}"
EndProject
Project("{9A19103F-16F7-4668-BE54-9A1E7A4F7556}") = "WorldFeed.Upload.Infrastructure", "Services\Uploads\WorldFeed.Upload.Infrastructure\WorldFeed.Upload.Infrastructure.csproj", "{D831205C-5CE4-489E-A33B-80906F6E4E54}"
EndProject
Project("{9A19103F-16F7-4668-BE54-9A1E7A4F7556}") = "WorldFeed.Profile.Domain", "Services\Profiles\WorldFeed.Profile.Domain\WorldFeed.Profile.Domain.csproj", "{D8FF45E3-D48F-48AC-AD1F-8557D1A25795}"
EndProject
Project("{9A19103F-16F7-4668-BE54-9A1E7A4F7556}") = "WorldFeed.Profile.Infrastructure", "Services\Profiles\WorldFeed.Profile.Infrastructure\WorldFeed.Profile.Infrastructure.csproj", "{7E478C79-AD90-4665-BB11-65E857A6B4D9}"
EndProject
Project("{9A19103F-16F7-4668-BE54-9A1E7A4F7556}") = "WorldFeed.Post", "Services\Posts\WorldFeed.Post\WorldFeed.Post.csproj", "{F01C78FD-CD1D-438C-85EF-B117EDDDD9AF}"
EndProject
Project("{9A19103F-16F7-4668-BE54-9A1E7A4F7556}") = "WorldFeed.Profile", "Services\Profiles\WorldFeed.Profile\WorldFeed.Profile.csproj", "{DF61E198-C7A7-4DEC-807A-11829AE4EE0F}"
EndProject
Project("{9A19103F-16F7-4668-BE54-9A1E7A4F7556}") = "WorldFeed.Upload", "Services\Uploads\WorldFeed.Upload\WorldFeed.Upload.csproj", "{20DEF7DB-CC89-48FF-B0C8-73E50DBD5279}"
EndProject
Global
	GlobalSection(SolutionConfigurationPlatforms) = preSolution
		Debug|Any CPU = Debug|Any CPU
		Release|Any CPU = Release|Any CPU
	EndGlobalSection
	GlobalSection(ProjectConfigurationPlatforms) = postSolution
		{94B89F70-D398-4D4B-8D10-935EC46EDBC9}.Debug|Any CPU.ActiveCfg = Debug|Any CPU
		{94B89F70-D398-4D4B-8D10-935EC46EDBC9}.Debug|Any CPU.Build.0 = Debug|Any CPU
		{94B89F70-D398-4D4B-8D10-935EC46EDBC9}.Release|Any CPU.ActiveCfg = Release|Any CPU
		{94B89F70-D398-4D4B-8D10-935EC46EDBC9}.Release|Any CPU.Build.0 = Release|Any CPU
		{DAA8E7E9-FAD4-4EE9-8536-52A6B975890C}.Debug|Any CPU.ActiveCfg = Debug|Any CPU
		{DAA8E7E9-FAD4-4EE9-8536-52A6B975890C}.Debug|Any CPU.Build.0 = Debug|Any CPU
		{DAA8E7E9-FAD4-4EE9-8536-52A6B975890C}.Release|Any CPU.ActiveCfg = Release|Any CPU
		{DAA8E7E9-FAD4-4EE9-8536-52A6B975890C}.Release|Any CPU.Build.0 = Release|Any CPU
		{04513D25-B5B1-4FC9-B61A-6CBBB20B273E}.Debug|Any CPU.ActiveCfg = Debug|Any CPU
		{04513D25-B5B1-4FC9-B61A-6CBBB20B273E}.Debug|Any CPU.Build.0 = Debug|Any CPU
		{04513D25-B5B1-4FC9-B61A-6CBBB20B273E}.Release|Any CPU.ActiveCfg = Release|Any CPU
		{04513D25-B5B1-4FC9-B61A-6CBBB20B273E}.Release|Any CPU.Build.0 = Release|Any CPU
		{A370EEFD-A62C-4661-951C-8A6DA1DE56F7}.Debug|Any CPU.ActiveCfg = Debug|Any CPU
		{A370EEFD-A62C-4661-951C-8A6DA1DE56F7}.Debug|Any CPU.Build.0 = Debug|Any CPU
		{A370EEFD-A62C-4661-951C-8A6DA1DE56F7}.Release|Any CPU.ActiveCfg = Release|Any CPU
		{A370EEFD-A62C-4661-951C-8A6DA1DE56F7}.Release|Any CPU.Build.0 = Release|Any CPU
		{272CD898-B93B-4125-87A2-139E2A3785F8}.Debug|Any CPU.ActiveCfg = Debug|Any CPU
		{272CD898-B93B-4125-87A2-139E2A3785F8}.Debug|Any CPU.Build.0 = Debug|Any CPU
		{272CD898-B93B-4125-87A2-139E2A3785F8}.Release|Any CPU.ActiveCfg = Release|Any CPU
		{272CD898-B93B-4125-87A2-139E2A3785F8}.Release|Any CPU.Build.0 = Release|Any CPU
		{8B197D6B-E473-4B16-A46C-D01773FD7435}.Debug|Any CPU.ActiveCfg = Debug|Any CPU
		{8B197D6B-E473-4B16-A46C-D01773FD7435}.Debug|Any CPU.Build.0 = Debug|Any CPU
		{8B197D6B-E473-4B16-A46C-D01773FD7435}.Release|Any CPU.ActiveCfg = Release|Any CPU
		{8B197D6B-E473-4B16-A46C-D01773FD7435}.Release|Any CPU.Build.0 = Release|Any CPU
		{D71BA4C8-C4D4-40B3-8288-72EDBAB52AE4}.Debug|Any CPU.ActiveCfg = Debug|Any CPU
		{D71BA4C8-C4D4-40B3-8288-72EDBAB52AE4}.Debug|Any CPU.Build.0 = Debug|Any CPU
		{D71BA4C8-C4D4-40B3-8288-72EDBAB52AE4}.Release|Any CPU.ActiveCfg = Release|Any CPU
		{D71BA4C8-C4D4-40B3-8288-72EDBAB52AE4}.Release|Any CPU.Build.0 = Release|Any CPU
		{CB835FF6-8A54-4FB8-BC91-B287644DD16F}.Debug|Any CPU.ActiveCfg = Debug|Any CPU
		{CB835FF6-8A54-4FB8-BC91-B287644DD16F}.Debug|Any CPU.Build.0 = Debug|Any CPU
		{CB835FF6-8A54-4FB8-BC91-B287644DD16F}.Release|Any CPU.ActiveCfg = Release|Any CPU
		{CB835FF6-8A54-4FB8-BC91-B287644DD16F}.Release|Any CPU.Build.0 = Release|Any CPU
		{82897B9A-561E-45D0-B617-1C6D84BAED5C}.Debug|Any CPU.ActiveCfg = Debug|Any CPU
		{82897B9A-561E-45D0-B617-1C6D84BAED5C}.Debug|Any CPU.Build.0 = Debug|Any CPU
		{82897B9A-561E-45D0-B617-1C6D84BAED5C}.Release|Any CPU.ActiveCfg = Release|Any CPU
		{82897B9A-561E-45D0-B617-1C6D84BAED5C}.Release|Any CPU.Build.0 = Release|Any CPU
		{625CDB8C-E0D2-4D23-8EC1-9D85CFBE318F}.Debug|Any CPU.ActiveCfg = Debug|Any CPU
		{625CDB8C-E0D2-4D23-8EC1-9D85CFBE318F}.Debug|Any CPU.Build.0 = Debug|Any CPU
		{625CDB8C-E0D2-4D23-8EC1-9D85CFBE318F}.Release|Any CPU.ActiveCfg = Release|Any CPU
		{625CDB8C-E0D2-4D23-8EC1-9D85CFBE318F}.Release|Any CPU.Build.0 = Release|Any CPU
		{F42DBA36-A93F-46D6-9265-7249C09D2C89}.Debug|Any CPU.ActiveCfg = Debug|Any CPU
		{F42DBA36-A93F-46D6-9265-7249C09D2C89}.Debug|Any CPU.Build.0 = Debug|Any CPU
		{F42DBA36-A93F-46D6-9265-7249C09D2C89}.Release|Any CPU.ActiveCfg = Release|Any CPU
		{F42DBA36-A93F-46D6-9265-7249C09D2C89}.Release|Any CPU.Build.0 = Release|Any CPU
		{A695E56E-ECBB-4E6E-963F-09940702285B}.Debug|Any CPU.ActiveCfg = Debug|Any CPU
		{A695E56E-ECBB-4E6E-963F-09940702285B}.Debug|Any CPU.Build.0 = Debug|Any CPU
		{A695E56E-ECBB-4E6E-963F-09940702285B}.Release|Any CPU.ActiveCfg = Release|Any CPU
		{A695E56E-ECBB-4E6E-963F-09940702285B}.Release|Any CPU.Build.0 = Release|Any CPU
		{8FD7A620-42C2-43A2-89E5-E9B1864E233B}.Debug|Any CPU.ActiveCfg = Debug|Any CPU
		{8FD7A620-42C2-43A2-89E5-E9B1864E233B}.Debug|Any CPU.Build.0 = Debug|Any CPU
		{8FD7A620-42C2-43A2-89E5-E9B1864E233B}.Release|Any CPU.ActiveCfg = Release|Any CPU
		{8FD7A620-42C2-43A2-89E5-E9B1864E233B}.Release|Any CPU.Build.0 = Release|Any CPU
		{86C8EBBD-B9C7-4B6A-A719-041504F9D8E7}.Debug|Any CPU.ActiveCfg = Debug|Any CPU
		{86C8EBBD-B9C7-4B6A-A719-041504F9D8E7}.Debug|Any CPU.Build.0 = Debug|Any CPU
		{86C8EBBD-B9C7-4B6A-A719-041504F9D8E7}.Release|Any CPU.ActiveCfg = Release|Any CPU
		{86C8EBBD-B9C7-4B6A-A719-041504F9D8E7}.Release|Any CPU.Build.0 = Release|Any CPU
		{2294501F-65A5-4FB3-9301-2E66512F13A7}.Debug|Any CPU.ActiveCfg = Debug|Any CPU
		{2294501F-65A5-4FB3-9301-2E66512F13A7}.Debug|Any CPU.Build.0 = Debug|Any CPU
		{2294501F-65A5-4FB3-9301-2E66512F13A7}.Release|Any CPU.ActiveCfg = Release|Any CPU
		{2294501F-65A5-4FB3-9301-2E66512F13A7}.Release|Any CPU.Build.0 = Release|Any CPU
		{336F577B-B4E5-4431-AB50-8A6825037BDB}.Debug|Any CPU.ActiveCfg = Debug|Any CPU
		{336F577B-B4E5-4431-AB50-8A6825037BDB}.Debug|Any CPU.Build.0 = Debug|Any CPU
		{336F577B-B4E5-4431-AB50-8A6825037BDB}.Release|Any CPU.ActiveCfg = Release|Any CPU
		{336F577B-B4E5-4431-AB50-8A6825037BDB}.Release|Any CPU.Build.0 = Release|Any CPU
		{B0CD3F27-D2BB-4D8D-AEFA-7058DC73E7C5}.Debug|Any CPU.ActiveCfg = Debug|Any CPU
		{B0CD3F27-D2BB-4D8D-AEFA-7058DC73E7C5}.Debug|Any CPU.Build.0 = Debug|Any CPU
		{B0CD3F27-D2BB-4D8D-AEFA-7058DC73E7C5}.Release|Any CPU.ActiveCfg = Release|Any CPU
		{B0CD3F27-D2BB-4D8D-AEFA-7058DC73E7C5}.Release|Any CPU.Build.0 = Release|Any CPU
		{9A63ECA1-887C-47BB-BC05-53115142B434}.Debug|Any CPU.ActiveCfg = Debug|Any CPU
		{9A63ECA1-887C-47BB-BC05-53115142B434}.Debug|Any CPU.Build.0 = Debug|Any CPU
		{9A63ECA1-887C-47BB-BC05-53115142B434}.Release|Any CPU.ActiveCfg = Release|Any CPU
		{9A63ECA1-887C-47BB-BC05-53115142B434}.Release|Any CPU.Build.0 = Release|Any CPU
		{B9A6BCBB-4430-4CBA-A606-B23D7DD52E12}.Debug|Any CPU.ActiveCfg = Debug|Any CPU
		{B9A6BCBB-4430-4CBA-A606-B23D7DD52E12}.Debug|Any CPU.Build.0 = Debug|Any CPU
		{B9A6BCBB-4430-4CBA-A606-B23D7DD52E12}.Release|Any CPU.ActiveCfg = Release|Any CPU
		{B9A6BCBB-4430-4CBA-A606-B23D7DD52E12}.Release|Any CPU.Build.0 = Release|Any CPU
		{09CDD879-5080-4BD4-A9F6-29342FCD979A}.Debug|Any CPU.ActiveCfg = Debug|Any CPU
		{09CDD879-5080-4BD4-A9F6-29342FCD979A}.Debug|Any CPU.Build.0 = Debug|Any CPU
		{09CDD879-5080-4BD4-A9F6-29342FCD979A}.Release|Any CPU.ActiveCfg = Release|Any CPU
		{09CDD879-5080-4BD4-A9F6-29342FCD979A}.Release|Any CPU.Build.0 = Release|Any CPU
		{3C32D7E3-C3F5-45CB-8B29-EE2FBB5F1338}.Debug|Any CPU.ActiveCfg = Debug|Any CPU
		{3C32D7E3-C3F5-45CB-8B29-EE2FBB5F1338}.Debug|Any CPU.Build.0 = Debug|Any CPU
		{3C32D7E3-C3F5-45CB-8B29-EE2FBB5F1338}.Release|Any CPU.ActiveCfg = Release|Any CPU
		{3C32D7E3-C3F5-45CB-8B29-EE2FBB5F1338}.Release|Any CPU.Build.0 = Release|Any CPU
		{990D197B-8F76-4D6A-B209-0DCB7FE0DA87}.Debug|Any CPU.ActiveCfg = Debug|Any CPU
		{990D197B-8F76-4D6A-B209-0DCB7FE0DA87}.Debug|Any CPU.Build.0 = Debug|Any CPU
		{990D197B-8F76-4D6A-B209-0DCB7FE0DA87}.Release|Any CPU.ActiveCfg = Release|Any CPU
		{990D197B-8F76-4D6A-B209-0DCB7FE0DA87}.Release|Any CPU.Build.0 = Release|Any CPU
		{443C0652-B278-46A7-BB01-2C3CA08719A4}.Debug|Any CPU.ActiveCfg = Debug|Any CPU
		{443C0652-B278-46A7-BB01-2C3CA08719A4}.Debug|Any CPU.Build.0 = Debug|Any CPU
		{443C0652-B278-46A7-BB01-2C3CA08719A4}.Release|Any CPU.ActiveCfg = Release|Any CPU
		{443C0652-B278-46A7-BB01-2C3CA08719A4}.Release|Any CPU.Build.0 = Release|Any CPU
		{B8C48727-95BB-4603-98DB-4BDC3A33E465}.Debug|Any CPU.ActiveCfg = Debug|Any CPU
		{B8C48727-95BB-4603-98DB-4BDC3A33E465}.Debug|Any CPU.Build.0 = Debug|Any CPU
		{B8C48727-95BB-4603-98DB-4BDC3A33E465}.Release|Any CPU.ActiveCfg = Release|Any CPU
		{B8C48727-95BB-4603-98DB-4BDC3A33E465}.Release|Any CPU.Build.0 = Release|Any CPU
		{43C4DC59-A8B1-4E91-99AD-FEEB4731705E}.Debug|Any CPU.ActiveCfg = Debug|Any CPU
		{43C4DC59-A8B1-4E91-99AD-FEEB4731705E}.Debug|Any CPU.Build.0 = Debug|Any CPU
		{43C4DC59-A8B1-4E91-99AD-FEEB4731705E}.Release|Any CPU.ActiveCfg = Release|Any CPU
		{43C4DC59-A8B1-4E91-99AD-FEEB4731705E}.Release|Any CPU.Build.0 = Release|Any CPU
		{B871C68A-CCD7-4E3C-A1B3-869642A6D222}.Debug|Any CPU.ActiveCfg = Debug|Any CPU
		{B871C68A-CCD7-4E3C-A1B3-869642A6D222}.Debug|Any CPU.Build.0 = Debug|Any CPU
		{B871C68A-CCD7-4E3C-A1B3-869642A6D222}.Release|Any CPU.ActiveCfg = Release|Any CPU
		{B871C68A-CCD7-4E3C-A1B3-869642A6D222}.Release|Any CPU.Build.0 = Release|Any CPU
		{C8E4788A-6A93-471B-8C23-2DDF62CF8804}.Debug|Any CPU.ActiveCfg = Debug|Any CPU
		{C8E4788A-6A93-471B-8C23-2DDF62CF8804}.Debug|Any CPU.Build.0 = Debug|Any CPU
		{C8E4788A-6A93-471B-8C23-2DDF62CF8804}.Release|Any CPU.ActiveCfg = Release|Any CPU
		{C8E4788A-6A93-471B-8C23-2DDF62CF8804}.Release|Any CPU.Build.0 = Release|Any CPU
		{4FDEE240-B74E-46DA-8EC5-71BBDD198DD8}.Debug|Any CPU.ActiveCfg = Debug|Any CPU
		{4FDEE240-B74E-46DA-8EC5-71BBDD198DD8}.Debug|Any CPU.Build.0 = Debug|Any CPU
		{4FDEE240-B74E-46DA-8EC5-71BBDD198DD8}.Release|Any CPU.ActiveCfg = Release|Any CPU
		{4FDEE240-B74E-46DA-8EC5-71BBDD198DD8}.Release|Any CPU.Build.0 = Release|Any CPU
		{B1118B24-1899-4F67-8229-554EE15BF7C6}.Debug|Any CPU.ActiveCfg = Debug|Any CPU
		{B1118B24-1899-4F67-8229-554EE15BF7C6}.Debug|Any CPU.Build.0 = Debug|Any CPU
		{B1118B24-1899-4F67-8229-554EE15BF7C6}.Release|Any CPU.ActiveCfg = Release|Any CPU
		{B1118B24-1899-4F67-8229-554EE15BF7C6}.Release|Any CPU.Build.0 = Release|Any CPU
		{853AFA5B-4699-4763-A1BC-40D5152E5327}.Debug|Any CPU.ActiveCfg = Debug|Any CPU
		{853AFA5B-4699-4763-A1BC-40D5152E5327}.Debug|Any CPU.Build.0 = Debug|Any CPU
		{853AFA5B-4699-4763-A1BC-40D5152E5327}.Release|Any CPU.ActiveCfg = Release|Any CPU
		{853AFA5B-4699-4763-A1BC-40D5152E5327}.Release|Any CPU.Build.0 = Release|Any CPU
		{10B24B53-D1E6-47E8-8B72-623D38CDD47B}.Debug|Any CPU.ActiveCfg = Debug|Any CPU
		{10B24B53-D1E6-47E8-8B72-623D38CDD47B}.Debug|Any CPU.Build.0 = Debug|Any CPU
		{10B24B53-D1E6-47E8-8B72-623D38CDD47B}.Release|Any CPU.ActiveCfg = Release|Any CPU
		{10B24B53-D1E6-47E8-8B72-623D38CDD47B}.Release|Any CPU.Build.0 = Release|Any CPU
		{DFD0ED8C-0788-4AEF-9D59-B1BD7E452FB6}.Debug|Any CPU.ActiveCfg = Debug|Any CPU
		{DFD0ED8C-0788-4AEF-9D59-B1BD7E452FB6}.Debug|Any CPU.Build.0 = Debug|Any CPU
		{DFD0ED8C-0788-4AEF-9D59-B1BD7E452FB6}.Release|Any CPU.ActiveCfg = Release|Any CPU
		{DFD0ED8C-0788-4AEF-9D59-B1BD7E452FB6}.Release|Any CPU.Build.0 = Release|Any CPU
		{7BD935C9-640E-417A-A99A-327A705F0953}.Debug|Any CPU.ActiveCfg = Debug|Any CPU
		{7BD935C9-640E-417A-A99A-327A705F0953}.Debug|Any CPU.Build.0 = Debug|Any CPU
		{7BD935C9-640E-417A-A99A-327A705F0953}.Release|Any CPU.ActiveCfg = Release|Any CPU
		{7BD935C9-640E-417A-A99A-327A705F0953}.Release|Any CPU.Build.0 = Release|Any CPU
		{453F3DBA-8B04-4467-A2B6-68149073B3E9}.Debug|Any CPU.ActiveCfg = Debug|Any CPU
		{453F3DBA-8B04-4467-A2B6-68149073B3E9}.Debug|Any CPU.Build.0 = Debug|Any CPU
		{453F3DBA-8B04-4467-A2B6-68149073B3E9}.Release|Any CPU.ActiveCfg = Release|Any CPU
		{453F3DBA-8B04-4467-A2B6-68149073B3E9}.Release|Any CPU.Build.0 = Release|Any CPU
		{B8C5EB25-CFDB-4660-BBBF-70F629644147}.Debug|Any CPU.ActiveCfg = Debug|Any CPU
		{B8C5EB25-CFDB-4660-BBBF-70F629644147}.Debug|Any CPU.Build.0 = Debug|Any CPU
		{B8C5EB25-CFDB-4660-BBBF-70F629644147}.Release|Any CPU.ActiveCfg = Release|Any CPU
		{B8C5EB25-CFDB-4660-BBBF-70F629644147}.Release|Any CPU.Build.0 = Release|Any CPU
		{D831205C-5CE4-489E-A33B-80906F6E4E54}.Debug|Any CPU.ActiveCfg = Debug|Any CPU
		{D831205C-5CE4-489E-A33B-80906F6E4E54}.Debug|Any CPU.Build.0 = Debug|Any CPU
		{D831205C-5CE4-489E-A33B-80906F6E4E54}.Release|Any CPU.ActiveCfg = Release|Any CPU
		{D831205C-5CE4-489E-A33B-80906F6E4E54}.Release|Any CPU.Build.0 = Release|Any CPU
		{D8FF45E3-D48F-48AC-AD1F-8557D1A25795}.Debug|Any CPU.ActiveCfg = Debug|Any CPU
		{D8FF45E3-D48F-48AC-AD1F-8557D1A25795}.Debug|Any CPU.Build.0 = Debug|Any CPU
		{D8FF45E3-D48F-48AC-AD1F-8557D1A25795}.Release|Any CPU.ActiveCfg = Release|Any CPU
		{D8FF45E3-D48F-48AC-AD1F-8557D1A25795}.Release|Any CPU.Build.0 = Release|Any CPU
		{7E478C79-AD90-4665-BB11-65E857A6B4D9}.Debug|Any CPU.ActiveCfg = Debug|Any CPU
		{7E478C79-AD90-4665-BB11-65E857A6B4D9}.Debug|Any CPU.Build.0 = Debug|Any CPU
		{7E478C79-AD90-4665-BB11-65E857A6B4D9}.Release|Any CPU.ActiveCfg = Release|Any CPU
		{7E478C79-AD90-4665-BB11-65E857A6B4D9}.Release|Any CPU.Build.0 = Release|Any CPU
		{F01C78FD-CD1D-438C-85EF-B117EDDDD9AF}.Debug|Any CPU.ActiveCfg = Debug|Any CPU
		{F01C78FD-CD1D-438C-85EF-B117EDDDD9AF}.Debug|Any CPU.Build.0 = Debug|Any CPU
		{F01C78FD-CD1D-438C-85EF-B117EDDDD9AF}.Release|Any CPU.ActiveCfg = Release|Any CPU
		{F01C78FD-CD1D-438C-85EF-B117EDDDD9AF}.Release|Any CPU.Build.0 = Release|Any CPU
		{DF61E198-C7A7-4DEC-807A-11829AE4EE0F}.Debug|Any CPU.ActiveCfg = Debug|Any CPU
		{DF61E198-C7A7-4DEC-807A-11829AE4EE0F}.Debug|Any CPU.Build.0 = Debug|Any CPU
		{DF61E198-C7A7-4DEC-807A-11829AE4EE0F}.Release|Any CPU.ActiveCfg = Release|Any CPU
		{DF61E198-C7A7-4DEC-807A-11829AE4EE0F}.Release|Any CPU.Build.0 = Release|Any CPU
		{20DEF7DB-CC89-48FF-B0C8-73E50DBD5279}.Debug|Any CPU.ActiveCfg = Debug|Any CPU
		{20DEF7DB-CC89-48FF-B0C8-73E50DBD5279}.Debug|Any CPU.Build.0 = Debug|Any CPU
		{20DEF7DB-CC89-48FF-B0C8-73E50DBD5279}.Release|Any CPU.ActiveCfg = Release|Any CPU
		{20DEF7DB-CC89-48FF-B0C8-73E50DBD5279}.Release|Any CPU.Build.0 = Release|Any CPU
	EndGlobalSection
	GlobalSection(SolutionProperties) = preSolution
		HideSolutionNode = FALSE
	EndGlobalSection
	GlobalSection(NestedProjects) = preSolution
		{94B89F70-D398-4D4B-8D10-935EC46EDBC9} = {7394B8F6-BF6A-420B-A2D9-33807B4F9809}
		{DAA8E7E9-FAD4-4EE9-8536-52A6B975890C} = {153654FC-F2F4-4198-AD10-26DFE5FCA57A}
		{1267170A-8DF8-4957-8779-8C836F5FEA31} = {4D3FAC8B-9D42-4440-8995-D9E6654539D7}
		{04513D25-B5B1-4FC9-B61A-6CBBB20B273E} = {7394B8F6-BF6A-420B-A2D9-33807B4F9809}
		{A370EEFD-A62C-4661-951C-8A6DA1DE56F7} = {7394B8F6-BF6A-420B-A2D9-33807B4F9809}
		{272CD898-B93B-4125-87A2-139E2A3785F8} = {7394B8F6-BF6A-420B-A2D9-33807B4F9809}
		{8B197D6B-E473-4B16-A46C-D01773FD7435} = {7394B8F6-BF6A-420B-A2D9-33807B4F9809}
		{D71BA4C8-C4D4-40B3-8288-72EDBAB52AE4} = {7394B8F6-BF6A-420B-A2D9-33807B4F9809}
		{CB835FF6-8A54-4FB8-BC91-B287644DD16F} = {7394B8F6-BF6A-420B-A2D9-33807B4F9809}
		{82897B9A-561E-45D0-B617-1C6D84BAED5C} = {7394B8F6-BF6A-420B-A2D9-33807B4F9809}
		{625CDB8C-E0D2-4D23-8EC1-9D85CFBE318F} = {7394B8F6-BF6A-420B-A2D9-33807B4F9809}
		{5BFDFA73-834C-4417-9936-E021179A9A0B} = {93F69DAE-0CC5-473B-ABAC-F6DF1C7B2B6C}
		{93F69DAE-0CC5-473B-ABAC-F6DF1C7B2B6C} = {7394B8F6-BF6A-420B-A2D9-33807B4F9809}
		{511803A5-A736-4F5D-92B9-266F6F3697B7} = {7394B8F6-BF6A-420B-A2D9-33807B4F9809}
		{0C90D317-87AB-461D-8650-49CF3704EE05} = {511803A5-A736-4F5D-92B9-266F6F3697B7}
		{153654FC-F2F4-4198-AD10-26DFE5FCA57A} = {511803A5-A736-4F5D-92B9-266F6F3697B7}
		{39F7FE1E-A7E8-4D8D-A448-EDD0681A8B1A} = {7394B8F6-BF6A-420B-A2D9-33807B4F9809}
		{6C598B2B-817B-455C-A1FE-EE572EDDF067} = {39F7FE1E-A7E8-4D8D-A448-EDD0681A8B1A}
		{F42DBA36-A93F-46D6-9265-7249C09D2C89} = {6C598B2B-817B-455C-A1FE-EE572EDDF067}
		{727596AE-A3D6-4002-B735-A24979BF1D86} = {93F69DAE-0CC5-473B-ABAC-F6DF1C7B2B6C}
		{99438662-F99F-48A4-9DF5-5816B9A21562} = {727596AE-A3D6-4002-B735-A24979BF1D86}
		{5EC768AA-955A-498B-8102-1530563F9155} = {727596AE-A3D6-4002-B735-A24979BF1D86}
		{9BA9CD96-078A-49DE-A98E-72A742BABC09} = {7394B8F6-BF6A-420B-A2D9-33807B4F9809}
		{985A52E3-0C8C-48DA-9644-A17B7108A665} = {9BA9CD96-078A-49DE-A98E-72A742BABC09}
		{A695E56E-ECBB-4E6E-963F-09940702285B} = {985A52E3-0C8C-48DA-9644-A17B7108A665}
		{C5ACE062-B912-4B88-A390-2B1D31EE3346} = {511803A5-A736-4F5D-92B9-266F6F3697B7}
		{4D3FAC8B-9D42-4440-8995-D9E6654539D7} = {7394B8F6-BF6A-420B-A2D9-33807B4F9809}
		{8FD7A620-42C2-43A2-89E5-E9B1864E233B} = {4D3FAC8B-9D42-4440-8995-D9E6654539D7}
		{86C8EBBD-B9C7-4B6A-A719-041504F9D8E7} = {1267170A-8DF8-4957-8779-8C836F5FEA31}
		{2294501F-65A5-4FB3-9301-2E66512F13A7} = {0C90D317-87AB-461D-8650-49CF3704EE05}
		{336F577B-B4E5-4431-AB50-8A6825037BDB} = {C5ACE062-B912-4B88-A390-2B1D31EE3346}
		{C8A9B7F6-EC1E-403B-952E-4F29BEC1D39D} = {93F69DAE-0CC5-473B-ABAC-F6DF1C7B2B6C}
		{B0CD3F27-D2BB-4D8D-AEFA-7058DC73E7C5} = {C8A9B7F6-EC1E-403B-952E-4F29BEC1D39D}
		{9A63ECA1-887C-47BB-BC05-53115142B434} = {4D3FAC8B-9D42-4440-8995-D9E6654539D7}
		{728BE41D-6979-498A-8BCD-D4E3BA476D92} = {7394B8F6-BF6A-420B-A2D9-33807B4F9809}
		{9D7A703D-CDF7-4461-80D3-3C8B60697233} = {728BE41D-6979-498A-8BCD-D4E3BA476D92}
		{EC0ED15B-0011-45E9-BF8E-B2663AB264DC} = {9D7A703D-CDF7-4461-80D3-3C8B60697233}
		{B9151FE9-D4A1-463B-8ADA-373019A90B33} = {EC0ED15B-0011-45E9-BF8E-B2663AB264DC}
		{EB698FC0-5EFA-42B9-A67C-C182C62FBA1A} = {EC0ED15B-0011-45E9-BF8E-B2663AB264DC}
		{E9261BE3-6734-48CA-8C0C-58F2EDB0B291} = {EC0ED15B-0011-45E9-BF8E-B2663AB264DC}
		{B9A6BCBB-4430-4CBA-A606-B23D7DD52E12} = {E9261BE3-6734-48CA-8C0C-58F2EDB0B291}
		{09CDD879-5080-4BD4-A9F6-29342FCD979A} = {EB698FC0-5EFA-42B9-A67C-C182C62FBA1A}
		{3C32D7E3-C3F5-45CB-8B29-EE2FBB5F1338} = {EB698FC0-5EFA-42B9-A67C-C182C62FBA1A}
		{990D197B-8F76-4D6A-B209-0DCB7FE0DA87} = {E9261BE3-6734-48CA-8C0C-58F2EDB0B291}
		{443C0652-B278-46A7-BB01-2C3CA08719A4} = {EC0ED15B-0011-45E9-BF8E-B2663AB264DC}
		{B8C48727-95BB-4603-98DB-4BDC3A33E465} = {B9151FE9-D4A1-463B-8ADA-373019A90B33}
		{43C4DC59-A8B1-4E91-99AD-FEEB4731705E} = {B9151FE9-D4A1-463B-8ADA-373019A90B33}
		{B871C68A-CCD7-4E3C-A1B3-869642A6D222} = {B9151FE9-D4A1-463B-8ADA-373019A90B33}
		{C8E4788A-6A93-471B-8C23-2DDF62CF8804} = {EB698FC0-5EFA-42B9-A67C-C182C62FBA1A}
		{4FDEE240-B74E-46DA-8EC5-71BBDD198DD8} = {EB698FC0-5EFA-42B9-A67C-C182C62FBA1A}
		{B70C317C-2BF1-4E83-9735-9A5AF1177332} = {9BA9CD96-078A-49DE-A98E-72A742BABC09}
		{B1118B24-1899-4F67-8229-554EE15BF7C6} = {B70C317C-2BF1-4E83-9735-9A5AF1177332}
		{853AFA5B-4699-4763-A1BC-40D5152E5327} = {B70C317C-2BF1-4E83-9735-9A5AF1177332}
		{B4A4241F-B45A-4A14-B7F0-12DC32C35C7C} = {511803A5-A736-4F5D-92B9-266F6F3697B7}
		{10B24B53-D1E6-47E8-8B72-623D38CDD47B} = {B4A4241F-B45A-4A14-B7F0-12DC32C35C7C}
		{1A16063A-D196-49E6-84CF-F2E2D51DE6BF} = {93F69DAE-0CC5-473B-ABAC-F6DF1C7B2B6C}
		{DFD0ED8C-0788-4AEF-9D59-B1BD7E452FB6} = {1A16063A-D196-49E6-84CF-F2E2D51DE6BF}
		{F5DF3BFB-AAB1-4EBE-8B8A-FE829CB3BB84} = {511803A5-A736-4F5D-92B9-266F6F3697B7}
		{3AFEDF76-C40B-4E5B-975C-C8F1B9D0BEB0} = {511803A5-A736-4F5D-92B9-266F6F3697B7}
		{27153CC6-B5CD-4008-874D-D9892480BD72} = {511803A5-A736-4F5D-92B9-266F6F3697B7}
		{7BD935C9-640E-417A-A99A-327A705F0953} = {F5DF3BFB-AAB1-4EBE-8B8A-FE829CB3BB84}
		{453F3DBA-8B04-4467-A2B6-68149073B3E9} = {F5DF3BFB-AAB1-4EBE-8B8A-FE829CB3BB84}
		{B8C5EB25-CFDB-4660-BBBF-70F629644147} = {3AFEDF76-C40B-4E5B-975C-C8F1B9D0BEB0}
		{D831205C-5CE4-489E-A33B-80906F6E4E54} = {3AFEDF76-C40B-4E5B-975C-C8F1B9D0BEB0}
		{D8FF45E3-D48F-48AC-AD1F-8557D1A25795} = {27153CC6-B5CD-4008-874D-D9892480BD72}
		{7E478C79-AD90-4665-BB11-65E857A6B4D9} = {27153CC6-B5CD-4008-874D-D9892480BD72}
		{F01C78FD-CD1D-438C-85EF-B117EDDDD9AF} = {F5DF3BFB-AAB1-4EBE-8B8A-FE829CB3BB84}
		{DF61E198-C7A7-4DEC-807A-11829AE4EE0F} = {27153CC6-B5CD-4008-874D-D9892480BD72}
		{20DEF7DB-CC89-48FF-B0C8-73E50DBD5279} = {3AFEDF76-C40B-4E5B-975C-C8F1B9D0BEB0}
	EndGlobalSection
	GlobalSection(ExtensibilityGlobals) = postSolution
		SolutionGuid = {58A386E4-E7C7-49B8-8E30-D8DD2154B7D5}
	EndGlobalSection
EndGlobal
