
Microsoft Visual Studio Solution File, Format Version 12.00
# Visual Studio Version 16
VisualStudioVersion = 16.0.29709.97
MinimumVisualStudioVersion = 10.0.40219.1
Project("{9A19103F-16F7-4668-BE54-9A1E7A4F7556}") = "WorldFeed.Common", "WorldFeed.Common\WorldFeed.Common.csproj", "{94B89F70-D398-4D4B-8D10-935EC46EDBC9}"
EndProject
Project("{9A19103F-16F7-4668-BE54-9A1E7A4F7556}") = "WorldFeed.Notifications", "WorldFeed.Notifications\WorldFeed.Notifications.csproj", "{DAA8E7E9-FAD4-4EE9-8536-52A6B975890C}"
EndProject
Project("{9A19103F-16F7-4668-BE54-9A1E7A4F7556}") = "WorldFeed.Schedule", "WorldFeed.Schedule\WorldFeed.Schedule.csproj", "{934CDEBB-AF27-4BF7-8DD2-12D6FAFFA489}"
EndProject
Project("{9A19103F-16F7-4668-BE54-9A1E7A4F7556}") = "WorldFeed.Statistics", "WorldFeed.Statistics\WorldFeed.Statistics.csproj", "{06B86D4F-B3E3-42EE-83AA-28CD84A6C889}"
EndProject
Project("{2150E333-8FDC-42A3-9474-1A3956D46DE8}") = "History", "History", "{EB129BD3-25F4-48BF-838A-4A921019E4A2}"
EndProject
Project("{9A19103F-16F7-4668-BE54-9A1E7A4F7556}") = "WorldFeed.History.Common", "History\WorldFeed.History.Common\WorldFeed.History.Common.csproj", "{BE665E78-2245-445C-A322-F2684970F84F}"
EndProject
Project("{2150E333-8FDC-42A3-9474-1A3956D46DE8}") = "WebCommon", "WebCommon", "{1267170A-8DF8-4957-8779-8C836F5FEA31}"
EndProject
Project("{9A19103F-16F7-4668-BE54-9A1E7A4F7556}") = "WorldFeed.History.API", "History\BC\Science\WorldFeed.History.BC.Science.Post\WorldFeed.History.API.csproj", "{ACC5345C-5C7E-4576-8E7C-86FA8ED11EBB}"
EndProject
Project("{9A19103F-16F7-4668-BE54-9A1E7A4F7556}") = "WorldFeed.WebLogic", "WorldFeed.WebLogic\WorldFeed.WebLogic.csproj", "{04513D25-B5B1-4FC9-B61A-6CBBB20B273E}"
EndProject
Project("{9A19103F-16F7-4668-BE54-9A1E7A4F7556}") = "WorldFeed.Security", "WorldFeed.Security\WorldFeed.Security.csproj", "{A370EEFD-A62C-4661-951C-8A6DA1DE56F7}"
EndProject
Project("{9A19103F-16F7-4668-BE54-9A1E7A4F7556}") = "WorldFeed.Streams", "WorldFeed.Streams\WorldFeed.Streams.csproj", "{272CD898-B93B-4125-87A2-139E2A3785F8}"
EndProject
Project("{9A19103F-16F7-4668-BE54-9A1E7A4F7556}") = "WorldFeed.Logic", "WorldFeed.Logic\WorldFeed.Logic.csproj", "{8B197D6B-E473-4B16-A46C-D01773FD7435}"
EndProject
Project("{9A19103F-16F7-4668-BE54-9A1E7A4F7556}") = "WorldFeed.Credentials", "WorldFeed.Credentials\WorldFeed.Credentials.csproj", "{D71BA4C8-C4D4-40B3-8288-72EDBAB52AE4}"
EndProject
Project("{9A19103F-16F7-4668-BE54-9A1E7A4F7556}") = "WorldFeed.Controllers", "WorldFeed.Controllers\WorldFeed.Controllers.csproj", "{CB835FF6-8A54-4FB8-BC91-B287644DD16F}"
EndProject
Project("{9A19103F-16F7-4668-BE54-9A1E7A4F7556}") = "WorldFeed.AspNet", "WorldFeed.AspNet\WorldFeed.AspNet.csproj", "{82897B9A-561E-45D0-B617-1C6D84BAED5C}"
EndProject
Project("{9A19103F-16F7-4668-BE54-9A1E7A4F7556}") = "WorldFeed", "WorldFeed\WorldFeed.csproj", "{625CDB8C-E0D2-4D23-8EC1-9D85CFBE318F}"
EndProject
Project("{2150E333-8FDC-42A3-9474-1A3956D46DE8}") = "src", "src", "{7394B8F6-BF6A-420B-A2D9-33807B4F9809}"
EndProject
Project("{2150E333-8FDC-42A3-9474-1A3956D46DE8}") = "Envoy", "Envoy", "{5BFDFA73-834C-4417-9936-E021179A9A0B}"
EndProject
Project("{2150E333-8FDC-42A3-9474-1A3956D46DE8}") = "History", "History", "{61B5FC8D-97D9-41B8-9C28-8B0D8FDC4536}"
EndProject
Project("{2150E333-8FDC-42A3-9474-1A3956D46DE8}") = "ApiGateways", "ApiGateways", "{93F69DAE-0CC5-473B-ABAC-F6DF1C7B2B6C}"
EndProject
Project("{2150E333-8FDC-42A3-9474-1A3956D46DE8}") = "Services", "Services", "{511803A5-A736-4F5D-92B9-266F6F3697B7}"
EndProject
Project("{2150E333-8FDC-42A3-9474-1A3956D46DE8}") = "Admin", "Admin", "{0C90D317-87AB-461D-8650-49CF3704EE05}"
EndProject
Project("{2150E333-8FDC-42A3-9474-1A3956D46DE8}") = "Notifications", "Notifications", "{153654FC-F2F4-4198-AD10-26DFE5FCA57A}"
EndProject
Project("{2150E333-8FDC-42A3-9474-1A3956D46DE8}") = "Schedule", "Schedule", "{78BC0578-C08A-45CA-BBEE-BA704751EAD2}"
EndProject
Project("{2150E333-8FDC-42A3-9474-1A3956D46DE8}") = "Statistics", "Statistics", "{C7D51B76-90C5-45D6-91A6-95A142F7ED23}"
EndProject
Project("{2150E333-8FDC-42A3-9474-1A3956D46DE8}") = "Services", "Services", "{77156255-7D07-488E-9AF7-212B6ABC80D3}"
EndProject
Project("{2150E333-8FDC-42A3-9474-1A3956D46DE8}") = "Kids", "Kids", "{39F7FE1E-A7E8-4D8D-A448-EDD0681A8B1A}"
EndProject
Project("{2150E333-8FDC-42A3-9474-1A3956D46DE8}") = "Services", "Services", "{6C598B2B-817B-455C-A1FE-EE572EDDF067}"
EndProject
Project("{9A19103F-16F7-4668-BE54-9A1E7A4F7556}") = "WorldFeed.Kids.API", "Kids\Services\WorldFeed.Kids.API\WorldFeed.Kids.API.csproj", "{F42DBA36-A93F-46D6-9265-7249C09D2C89}"
EndProject
Project("{2150E333-8FDC-42A3-9474-1A3956D46DE8}") = "Kids", "Kids", "{A7F54788-7B00-47B6-B52D-584E0410B9CE}"
EndProject
Project("{2150E333-8FDC-42A3-9474-1A3956D46DE8}") = "Web.Kids", "Web.Kids", "{8FC3BB2A-1CBE-442B-A0ED-A8C005772BFB}"
EndProject
Project("{2150E333-8FDC-42A3-9474-1A3956D46DE8}") = "Mobile.Kids", "Mobile.Kids", "{FCF5E46F-B534-4BDF-9235-9238856F7E78}"
EndProject
Project("{2150E333-8FDC-42A3-9474-1A3956D46DE8}") = "Science", "Science", "{E770BD0F-3218-49DF-A0E3-9FFBAAC5448E}"
EndProject
Project("{2150E333-8FDC-42A3-9474-1A3956D46DE8}") = "Services", "Services", "{F6A1EA1C-A762-4945-8B5A-85DAFDDDAB3F}"
EndProject
Project("{2150E333-8FDC-42A3-9474-1A3956D46DE8}") = "Science", "Science", "{727596AE-A3D6-4002-B735-A24979BF1D86}"
EndProject
Project("{2150E333-8FDC-42A3-9474-1A3956D46DE8}") = "Mobile.Science", "Mobile.Science", "{99438662-F99F-48A4-9DF5-5816B9A21562}"
EndProject
Project("{2150E333-8FDC-42A3-9474-1A3956D46DE8}") = "Web.Science", "Web.Science", "{5EC768AA-955A-498B-8102-1530563F9155}"
EndProject
Project("{9A19103F-16F7-4668-BE54-9A1E7A4F7556}") = "Web.Science.HttpAggregator", "ApiGateways\Science\Web.Science\Web.Science.HttpAggregator\Web.Science.HttpAggregator.csproj", "{47A1F1B9-7032-4EC8-B357-134543699959}"
EndProject
Project("{2150E333-8FDC-42A3-9474-1A3956D46DE8}") = "BuildingBlocks", "BuildingBlocks", "{9BA9CD96-078A-49DE-A98E-72A742BABC09}"
EndProject
Project("{2150E333-8FDC-42A3-9474-1A3956D46DE8}") = "Devspaces.Support", "Devspaces.Support", "{985A52E3-0C8C-48DA-9644-A17B7108A665}"
EndProject
Project("{9A19103F-16F7-4668-BE54-9A1E7A4F7556}") = "Devspaces.Support", "BuildingBlocks\Devspaces.Support\Devspaces.Support.csproj", "{A695E56E-ECBB-4E6E-963F-09940702285B}"
EndProject
Project("{2150E333-8FDC-42A3-9474-1A3956D46DE8}") = "Identity", "Identity", "{C5ACE062-B912-4B88-A390-2B1D31EE3346}"
EndProject
Project("{2150E333-8FDC-42A3-9474-1A3956D46DE8}") = "Web Apps", "Web Apps", "{4D3FAC8B-9D42-4440-8995-D9E6654539D7}"
EndProject
Project("{9A19103F-16F7-4668-BE54-9A1E7A4F7556}") = "WebSPA", "Web\WebSPA\WebSPA.csproj", "{8FD7A620-42C2-43A2-89E5-E9B1864E233B}"
EndProject
Project("{9A19103F-16F7-4668-BE54-9A1E7A4F7556}") = "WorldFeed.Web.Common", "WebCommon\WorldFeed.Web.Shared\WorldFeed.Web.Common.csproj", "{86C8EBBD-B9C7-4B6A-A719-041504F9D8E7}"
EndProject
Project("{9A19103F-16F7-4668-BE54-9A1E7A4F7556}") = "WorldFeed.Admin", "Services\Admin\WorldFeed.Admin.csproj", "{2294501F-65A5-4FB3-9301-2E66512F13A7}"
EndProject
Project("{9A19103F-16F7-4668-BE54-9A1E7A4F7556}") = "WorldFeed.Identity.API", "Services\Identity\WorldFeed.Identity.API.csproj", "{336F577B-B4E5-4431-AB50-8A6825037BDB}"
EndProject
Project("{2150E333-8FDC-42A3-9474-1A3956D46DE8}") = "Identity", "Identity", "{C8A9B7F6-EC1E-403B-952E-4F29BEC1D39D}"
EndProject
Project("{9A19103F-16F7-4668-BE54-9A1E7A4F7556}") = "Identity.HttpAggregator", "ApiGateways\Identity\Identity.HttpAggregator.csproj", "{B0CD3F27-D2BB-4D8D-AEFA-7058DC73E7C5}"
EndProject
Project("{9A19103F-16F7-4668-BE54-9A1E7A4F7556}") = "WebStatus", "Web\WebStatus\WebStatus.csproj", "{9A63ECA1-887C-47BB-BC05-53115142B434}"
EndProject
Project("{2150E333-8FDC-42A3-9474-1A3956D46DE8}") = "Upload", "Upload", "{B9D55730-9DDC-4D67-A55B-A2A52B9E2E5B}"
EndProject
Project("{2150E333-8FDC-42A3-9474-1A3956D46DE8}") = "Comment", "Comment", "{F4FE1B98-FB80-4DBA-8C66-826AB26242C8}"
EndProject
Project("{9A19103F-16F7-4668-BE54-9A1E7A4F7556}") = "WorldFeed.Science.Upload", "Science\Services\Upload\WorldFeed.Science.Upload\WorldFeed.Science.Upload.csproj", "{A8EBBB9B-614D-4E38-B8F1-85FBA8D033B8}"
EndProject
Global
	GlobalSection(SolutionConfigurationPlatforms) = preSolution
		Debug|Any CPU = Debug|Any CPU
		Release|Any CPU = Release|Any CPU
	EndGlobalSection
	GlobalSection(ProjectConfigurationPlatforms) = postSolution
		{94B89F70-D398-4D4B-8D10-935EC46EDBC9}.Debug|Any CPU.ActiveCfg = Debug|Any CPU
		{94B89F70-D398-4D4B-8D10-935EC46EDBC9}.Debug|Any CPU.Build.0 = Debug|Any CPU
		{94B89F70-D398-4D4B-8D10-935EC46EDBC9}.Release|Any CPU.ActiveCfg = Release|Any CPU
		{94B89F70-D398-4D4B-8D10-935EC46EDBC9}.Release|Any CPU.Build.0 = Release|Any CPU
		{DAA8E7E9-FAD4-4EE9-8536-52A6B975890C}.Debug|Any CPU.ActiveCfg = Debug|Any CPU
		{DAA8E7E9-FAD4-4EE9-8536-52A6B975890C}.Debug|Any CPU.Build.0 = Debug|Any CPU
		{DAA8E7E9-FAD4-4EE9-8536-52A6B975890C}.Release|Any CPU.ActiveCfg = Release|Any CPU
		{DAA8E7E9-FAD4-4EE9-8536-52A6B975890C}.Release|Any CPU.Build.0 = Release|Any CPU
		{934CDEBB-AF27-4BF7-8DD2-12D6FAFFA489}.Debug|Any CPU.ActiveCfg = Debug|Any CPU
		{934CDEBB-AF27-4BF7-8DD2-12D6FAFFA489}.Debug|Any CPU.Build.0 = Debug|Any CPU
		{934CDEBB-AF27-4BF7-8DD2-12D6FAFFA489}.Release|Any CPU.ActiveCfg = Release|Any CPU
		{934CDEBB-AF27-4BF7-8DD2-12D6FAFFA489}.Release|Any CPU.Build.0 = Release|Any CPU
		{06B86D4F-B3E3-42EE-83AA-28CD84A6C889}.Debug|Any CPU.ActiveCfg = Debug|Any CPU
		{06B86D4F-B3E3-42EE-83AA-28CD84A6C889}.Debug|Any CPU.Build.0 = Debug|Any CPU
		{06B86D4F-B3E3-42EE-83AA-28CD84A6C889}.Release|Any CPU.ActiveCfg = Release|Any CPU
		{06B86D4F-B3E3-42EE-83AA-28CD84A6C889}.Release|Any CPU.Build.0 = Release|Any CPU
		{BE665E78-2245-445C-A322-F2684970F84F}.Debug|Any CPU.ActiveCfg = Debug|Any CPU
		{BE665E78-2245-445C-A322-F2684970F84F}.Debug|Any CPU.Build.0 = Debug|Any CPU
		{BE665E78-2245-445C-A322-F2684970F84F}.Release|Any CPU.ActiveCfg = Release|Any CPU
		{BE665E78-2245-445C-A322-F2684970F84F}.Release|Any CPU.Build.0 = Release|Any CPU
		{ACC5345C-5C7E-4576-8E7C-86FA8ED11EBB}.Debug|Any CPU.ActiveCfg = Debug|Any CPU
		{ACC5345C-5C7E-4576-8E7C-86FA8ED11EBB}.Debug|Any CPU.Build.0 = Debug|Any CPU
		{ACC5345C-5C7E-4576-8E7C-86FA8ED11EBB}.Release|Any CPU.ActiveCfg = Release|Any CPU
		{ACC5345C-5C7E-4576-8E7C-86FA8ED11EBB}.Release|Any CPU.Build.0 = Release|Any CPU
		{04513D25-B5B1-4FC9-B61A-6CBBB20B273E}.Debug|Any CPU.ActiveCfg = Debug|Any CPU
		{04513D25-B5B1-4FC9-B61A-6CBBB20B273E}.Debug|Any CPU.Build.0 = Debug|Any CPU
		{04513D25-B5B1-4FC9-B61A-6CBBB20B273E}.Release|Any CPU.ActiveCfg = Release|Any CPU
		{04513D25-B5B1-4FC9-B61A-6CBBB20B273E}.Release|Any CPU.Build.0 = Release|Any CPU
		{A370EEFD-A62C-4661-951C-8A6DA1DE56F7}.Debug|Any CPU.ActiveCfg = Debug|Any CPU
		{A370EEFD-A62C-4661-951C-8A6DA1DE56F7}.Debug|Any CPU.Build.0 = Debug|Any CPU
		{A370EEFD-A62C-4661-951C-8A6DA1DE56F7}.Release|Any CPU.ActiveCfg = Release|Any CPU
		{A370EEFD-A62C-4661-951C-8A6DA1DE56F7}.Release|Any CPU.Build.0 = Release|Any CPU
		{272CD898-B93B-4125-87A2-139E2A3785F8}.Debug|Any CPU.ActiveCfg = Debug|Any CPU
		{272CD898-B93B-4125-87A2-139E2A3785F8}.Debug|Any CPU.Build.0 = Debug|Any CPU
		{272CD898-B93B-4125-87A2-139E2A3785F8}.Release|Any CPU.ActiveCfg = Release|Any CPU
		{272CD898-B93B-4125-87A2-139E2A3785F8}.Release|Any CPU.Build.0 = Release|Any CPU
		{8B197D6B-E473-4B16-A46C-D01773FD7435}.Debug|Any CPU.ActiveCfg = Debug|Any CPU
		{8B197D6B-E473-4B16-A46C-D01773FD7435}.Debug|Any CPU.Build.0 = Debug|Any CPU
		{8B197D6B-E473-4B16-A46C-D01773FD7435}.Release|Any CPU.ActiveCfg = Release|Any CPU
		{8B197D6B-E473-4B16-A46C-D01773FD7435}.Release|Any CPU.Build.0 = Release|Any CPU
		{D71BA4C8-C4D4-40B3-8288-72EDBAB52AE4}.Debug|Any CPU.ActiveCfg = Debug|Any CPU
		{D71BA4C8-C4D4-40B3-8288-72EDBAB52AE4}.Debug|Any CPU.Build.0 = Debug|Any CPU
		{D71BA4C8-C4D4-40B3-8288-72EDBAB52AE4}.Release|Any CPU.ActiveCfg = Release|Any CPU
		{D71BA4C8-C4D4-40B3-8288-72EDBAB52AE4}.Release|Any CPU.Build.0 = Release|Any CPU
		{CB835FF6-8A54-4FB8-BC91-B287644DD16F}.Debug|Any CPU.ActiveCfg = Debug|Any CPU
		{CB835FF6-8A54-4FB8-BC91-B287644DD16F}.Debug|Any CPU.Build.0 = Debug|Any CPU
		{CB835FF6-8A54-4FB8-BC91-B287644DD16F}.Release|Any CPU.ActiveCfg = Release|Any CPU
		{CB835FF6-8A54-4FB8-BC91-B287644DD16F}.Release|Any CPU.Build.0 = Release|Any CPU
		{82897B9A-561E-45D0-B617-1C6D84BAED5C}.Debug|Any CPU.ActiveCfg = Debug|Any CPU
		{82897B9A-561E-45D0-B617-1C6D84BAED5C}.Debug|Any CPU.Build.0 = Debug|Any CPU
		{82897B9A-561E-45D0-B617-1C6D84BAED5C}.Release|Any CPU.ActiveCfg = Release|Any CPU
		{82897B9A-561E-45D0-B617-1C6D84BAED5C}.Release|Any CPU.Build.0 = Release|Any CPU
		{625CDB8C-E0D2-4D23-8EC1-9D85CFBE318F}.Debug|Any CPU.ActiveCfg = Debug|Any CPU
		{625CDB8C-E0D2-4D23-8EC1-9D85CFBE318F}.Debug|Any CPU.Build.0 = Debug|Any CPU
		{625CDB8C-E0D2-4D23-8EC1-9D85CFBE318F}.Release|Any CPU.ActiveCfg = Release|Any CPU
		{625CDB8C-E0D2-4D23-8EC1-9D85CFBE318F}.Release|Any CPU.Build.0 = Release|Any CPU
		{F42DBA36-A93F-46D6-9265-7249C09D2C89}.Debug|Any CPU.ActiveCfg = Debug|Any CPU
		{F42DBA36-A93F-46D6-9265-7249C09D2C89}.Debug|Any CPU.Build.0 = Debug|Any CPU
		{F42DBA36-A93F-46D6-9265-7249C09D2C89}.Release|Any CPU.ActiveCfg = Release|Any CPU
		{F42DBA36-A93F-46D6-9265-7249C09D2C89}.Release|Any CPU.Build.0 = Release|Any CPU
		{47A1F1B9-7032-4EC8-B357-134543699959}.Debug|Any CPU.ActiveCfg = Debug|Any CPU
		{47A1F1B9-7032-4EC8-B357-134543699959}.Debug|Any CPU.Build.0 = Debug|Any CPU
		{47A1F1B9-7032-4EC8-B357-134543699959}.Release|Any CPU.ActiveCfg = Release|Any CPU
		{47A1F1B9-7032-4EC8-B357-134543699959}.Release|Any CPU.Build.0 = Release|Any CPU
		{A695E56E-ECBB-4E6E-963F-09940702285B}.Debug|Any CPU.ActiveCfg = Debug|Any CPU
		{A695E56E-ECBB-4E6E-963F-09940702285B}.Debug|Any CPU.Build.0 = Debug|Any CPU
		{A695E56E-ECBB-4E6E-963F-09940702285B}.Release|Any CPU.ActiveCfg = Release|Any CPU
		{A695E56E-ECBB-4E6E-963F-09940702285B}.Release|Any CPU.Build.0 = Release|Any CPU
		{8FD7A620-42C2-43A2-89E5-E9B1864E233B}.Debug|Any CPU.ActiveCfg = Debug|Any CPU
		{8FD7A620-42C2-43A2-89E5-E9B1864E233B}.Debug|Any CPU.Build.0 = Debug|Any CPU
		{8FD7A620-42C2-43A2-89E5-E9B1864E233B}.Release|Any CPU.ActiveCfg = Release|Any CPU
		{8FD7A620-42C2-43A2-89E5-E9B1864E233B}.Release|Any CPU.Build.0 = Release|Any CPU
		{86C8EBBD-B9C7-4B6A-A719-041504F9D8E7}.Debug|Any CPU.ActiveCfg = Debug|Any CPU
		{86C8EBBD-B9C7-4B6A-A719-041504F9D8E7}.Debug|Any CPU.Build.0 = Debug|Any CPU
		{86C8EBBD-B9C7-4B6A-A719-041504F9D8E7}.Release|Any CPU.ActiveCfg = Release|Any CPU
		{86C8EBBD-B9C7-4B6A-A719-041504F9D8E7}.Release|Any CPU.Build.0 = Release|Any CPU
		{2294501F-65A5-4FB3-9301-2E66512F13A7}.Debug|Any CPU.ActiveCfg = Debug|Any CPU
		{2294501F-65A5-4FB3-9301-2E66512F13A7}.Debug|Any CPU.Build.0 = Debug|Any CPU
		{2294501F-65A5-4FB3-9301-2E66512F13A7}.Release|Any CPU.ActiveCfg = Release|Any CPU
		{2294501F-65A5-4FB3-9301-2E66512F13A7}.Release|Any CPU.Build.0 = Release|Any CPU
		{336F577B-B4E5-4431-AB50-8A6825037BDB}.Debug|Any CPU.ActiveCfg = Debug|Any CPU
		{336F577B-B4E5-4431-AB50-8A6825037BDB}.Debug|Any CPU.Build.0 = Debug|Any CPU
		{336F577B-B4E5-4431-AB50-8A6825037BDB}.Release|Any CPU.ActiveCfg = Release|Any CPU
		{336F577B-B4E5-4431-AB50-8A6825037BDB}.Release|Any CPU.Build.0 = Release|Any CPU
		{B0CD3F27-D2BB-4D8D-AEFA-7058DC73E7C5}.Debug|Any CPU.ActiveCfg = Debug|Any CPU
		{B0CD3F27-D2BB-4D8D-AEFA-7058DC73E7C5}.Debug|Any CPU.Build.0 = Debug|Any CPU
		{B0CD3F27-D2BB-4D8D-AEFA-7058DC73E7C5}.Release|Any CPU.ActiveCfg = Release|Any CPU
		{B0CD3F27-D2BB-4D8D-AEFA-7058DC73E7C5}.Release|Any CPU.Build.0 = Release|Any CPU
		{9A63ECA1-887C-47BB-BC05-53115142B434}.Debug|Any CPU.ActiveCfg = Debug|Any CPU
		{9A63ECA1-887C-47BB-BC05-53115142B434}.Debug|Any CPU.Build.0 = Debug|Any CPU
		{9A63ECA1-887C-47BB-BC05-53115142B434}.Release|Any CPU.ActiveCfg = Release|Any CPU
		{9A63ECA1-887C-47BB-BC05-53115142B434}.Release|Any CPU.Build.0 = Release|Any CPU
		{A8EBBB9B-614D-4E38-B8F1-85FBA8D033B8}.Debug|Any CPU.ActiveCfg = Debug|Any CPU
		{A8EBBB9B-614D-4E38-B8F1-85FBA8D033B8}.Debug|Any CPU.Build.0 = Debug|Any CPU
		{A8EBBB9B-614D-4E38-B8F1-85FBA8D033B8}.Release|Any CPU.ActiveCfg = Release|Any CPU
		{A8EBBB9B-614D-4E38-B8F1-85FBA8D033B8}.Release|Any CPU.Build.0 = Release|Any CPU
	EndGlobalSection
	GlobalSection(SolutionProperties) = preSolution
		HideSolutionNode = FALSE
	EndGlobalSection
	GlobalSection(NestedProjects) = preSolution
		{94B89F70-D398-4D4B-8D10-935EC46EDBC9} = {7394B8F6-BF6A-420B-A2D9-33807B4F9809}
		{DAA8E7E9-FAD4-4EE9-8536-52A6B975890C} = {153654FC-F2F4-4198-AD10-26DFE5FCA57A}
		{934CDEBB-AF27-4BF7-8DD2-12D6FAFFA489} = {78BC0578-C08A-45CA-BBEE-BA704751EAD2}
		{06B86D4F-B3E3-42EE-83AA-28CD84A6C889} = {C7D51B76-90C5-45D6-91A6-95A142F7ED23}
		{EB129BD3-25F4-48BF-838A-4A921019E4A2} = {7394B8F6-BF6A-420B-A2D9-33807B4F9809}
		{BE665E78-2245-445C-A322-F2684970F84F} = {EB129BD3-25F4-48BF-838A-4A921019E4A2}
		{1267170A-8DF8-4957-8779-8C836F5FEA31} = {7394B8F6-BF6A-420B-A2D9-33807B4F9809}
		{ACC5345C-5C7E-4576-8E7C-86FA8ED11EBB} = {77156255-7D07-488E-9AF7-212B6ABC80D3}
		{04513D25-B5B1-4FC9-B61A-6CBBB20B273E} = {7394B8F6-BF6A-420B-A2D9-33807B4F9809}
		{A370EEFD-A62C-4661-951C-8A6DA1DE56F7} = {7394B8F6-BF6A-420B-A2D9-33807B4F9809}
		{272CD898-B93B-4125-87A2-139E2A3785F8} = {7394B8F6-BF6A-420B-A2D9-33807B4F9809}
		{8B197D6B-E473-4B16-A46C-D01773FD7435} = {7394B8F6-BF6A-420B-A2D9-33807B4F9809}
		{D71BA4C8-C4D4-40B3-8288-72EDBAB52AE4} = {7394B8F6-BF6A-420B-A2D9-33807B4F9809}
		{CB835FF6-8A54-4FB8-BC91-B287644DD16F} = {7394B8F6-BF6A-420B-A2D9-33807B4F9809}
		{82897B9A-561E-45D0-B617-1C6D84BAED5C} = {7394B8F6-BF6A-420B-A2D9-33807B4F9809}
		{625CDB8C-E0D2-4D23-8EC1-9D85CFBE318F} = {7394B8F6-BF6A-420B-A2D9-33807B4F9809}
		{5BFDFA73-834C-4417-9936-E021179A9A0B} = {93F69DAE-0CC5-473B-ABAC-F6DF1C7B2B6C}
		{61B5FC8D-97D9-41B8-9C28-8B0D8FDC4536} = {93F69DAE-0CC5-473B-ABAC-F6DF1C7B2B6C}
		{93F69DAE-0CC5-473B-ABAC-F6DF1C7B2B6C} = {7394B8F6-BF6A-420B-A2D9-33807B4F9809}
		{511803A5-A736-4F5D-92B9-266F6F3697B7} = {7394B8F6-BF6A-420B-A2D9-33807B4F9809}
		{0C90D317-87AB-461D-8650-49CF3704EE05} = {511803A5-A736-4F5D-92B9-266F6F3697B7}
		{153654FC-F2F4-4198-AD10-26DFE5FCA57A} = {511803A5-A736-4F5D-92B9-266F6F3697B7}
		{78BC0578-C08A-45CA-BBEE-BA704751EAD2} = {511803A5-A736-4F5D-92B9-266F6F3697B7}
		{C7D51B76-90C5-45D6-91A6-95A142F7ED23} = {511803A5-A736-4F5D-92B9-266F6F3697B7}
		{77156255-7D07-488E-9AF7-212B6ABC80D3} = {EB129BD3-25F4-48BF-838A-4A921019E4A2}
		{39F7FE1E-A7E8-4D8D-A448-EDD0681A8B1A} = {7394B8F6-BF6A-420B-A2D9-33807B4F9809}
		{6C598B2B-817B-455C-A1FE-EE572EDDF067} = {39F7FE1E-A7E8-4D8D-A448-EDD0681A8B1A}
		{F42DBA36-A93F-46D6-9265-7249C09D2C89} = {6C598B2B-817B-455C-A1FE-EE572EDDF067}
		{A7F54788-7B00-47B6-B52D-584E0410B9CE} = {93F69DAE-0CC5-473B-ABAC-F6DF1C7B2B6C}
		{8FC3BB2A-1CBE-442B-A0ED-A8C005772BFB} = {A7F54788-7B00-47B6-B52D-584E0410B9CE}
		{FCF5E46F-B534-4BDF-9235-9238856F7E78} = {A7F54788-7B00-47B6-B52D-584E0410B9CE}
		{E770BD0F-3218-49DF-A0E3-9FFBAAC5448E} = {7394B8F6-BF6A-420B-A2D9-33807B4F9809}
		{F6A1EA1C-A762-4945-8B5A-85DAFDDDAB3F} = {E770BD0F-3218-49DF-A0E3-9FFBAAC5448E}
		{727596AE-A3D6-4002-B735-A24979BF1D86} = {93F69DAE-0CC5-473B-ABAC-F6DF1C7B2B6C}
		{99438662-F99F-48A4-9DF5-5816B9A21562} = {727596AE-A3D6-4002-B735-A24979BF1D86}
		{5EC768AA-955A-498B-8102-1530563F9155} = {727596AE-A3D6-4002-B735-A24979BF1D86}
		{47A1F1B9-7032-4EC8-B357-134543699959} = {5EC768AA-955A-498B-8102-1530563F9155}
		{9BA9CD96-078A-49DE-A98E-72A742BABC09} = {7394B8F6-BF6A-420B-A2D9-33807B4F9809}
		{985A52E3-0C8C-48DA-9644-A17B7108A665} = {9BA9CD96-078A-49DE-A98E-72A742BABC09}
		{A695E56E-ECBB-4E6E-963F-09940702285B} = {985A52E3-0C8C-48DA-9644-A17B7108A665}
		{C5ACE062-B912-4B88-A390-2B1D31EE3346} = {511803A5-A736-4F5D-92B9-266F6F3697B7}
		{4D3FAC8B-9D42-4440-8995-D9E6654539D7} = {7394B8F6-BF6A-420B-A2D9-33807B4F9809}
		{8FD7A620-42C2-43A2-89E5-E9B1864E233B} = {4D3FAC8B-9D42-4440-8995-D9E6654539D7}
		{86C8EBBD-B9C7-4B6A-A719-041504F9D8E7} = {1267170A-8DF8-4957-8779-8C836F5FEA31}
		{2294501F-65A5-4FB3-9301-2E66512F13A7} = {0C90D317-87AB-461D-8650-49CF3704EE05}
		{336F577B-B4E5-4431-AB50-8A6825037BDB} = {C5ACE062-B912-4B88-A390-2B1D31EE3346}
		{C8A9B7F6-EC1E-403B-952E-4F29BEC1D39D} = {93F69DAE-0CC5-473B-ABAC-F6DF1C7B2B6C}
		{B0CD3F27-D2BB-4D8D-AEFA-7058DC73E7C5} = {C8A9B7F6-EC1E-403B-952E-4F29BEC1D39D}
		{9A63ECA1-887C-47BB-BC05-53115142B434} = {4D3FAC8B-9D42-4440-8995-D9E6654539D7}
		{B9D55730-9DDC-4D67-A55B-A2A52B9E2E5B} = {F6A1EA1C-A762-4945-8B5A-85DAFDDDAB3F}
		{F4FE1B98-FB80-4DBA-8C66-826AB26242C8} = {F6A1EA1C-A762-4945-8B5A-85DAFDDDAB3F}
		{A8EBBB9B-614D-4E38-B8F1-85FBA8D033B8} = {B9D55730-9DDC-4D67-A55B-A2A52B9E2E5B}
	EndGlobalSection
	GlobalSection(ExtensibilityGlobals) = postSolution
		SolutionGuid = {58A386E4-E7C7-49B8-8E30-D8DD2154B7D5}
	EndGlobalSection
EndGlobal
