
Microsoft Visual Studio Solution File, Format Version 12.00
# Visual Studio Version 16
VisualStudioVersion = 16.0.29709.97
MinimumVisualStudioVersion = 10.0.40219.1
Project("{9A19103F-16F7-4668-BE54-9A1E7A4F7556}") = "WorldFeed.Common", "WorldFeed.Common\WorldFeed.Common.csproj", "{94B89F70-D398-4D4B-8D10-935EC46EDBC9}"
EndProject
Project("{9A19103F-16F7-4668-BE54-9A1E7A4F7556}") = "WorldFeed.Notifications", "WorldFeed.Notifications\WorldFeed.Notifications.csproj", "{DAA8E7E9-FAD4-4EE9-8536-52A6B975890C}"
EndProject
Project("{9A19103F-16F7-4668-BE54-9A1E7A4F7556}") = "WorldFeed.WebLogic", "WorldFeed.WebLogic\WorldFeed.WebLogic.csproj", "{04513D25-B5B1-4FC9-B61A-6CBBB20B273E}"
EndProject
Project("{9A19103F-16F7-4668-BE54-9A1E7A4F7556}") = "WorldFeed.Security", "WorldFeed.Security\WorldFeed.Security.csproj", "{A370EEFD-A62C-4661-951C-8A6DA1DE56F7}"
EndProject
Project("{9A19103F-16F7-4668-BE54-9A1E7A4F7556}") = "WorldFeed.Controllers", "WorldFeed.Controllers\WorldFeed.Controllers.csproj", "{CB835FF6-8A54-4FB8-BC91-B287644DD16F}"
EndProject
Project("{9A19103F-16F7-4668-BE54-9A1E7A4F7556}") = "WorldFeed.AspNet", "WorldFeed.AspNet\WorldFeed.AspNet.csproj", "{82897B9A-561E-45D0-B617-1C6D84BAED5C}"
EndProject
Project("{9A19103F-16F7-4668-BE54-9A1E7A4F7556}") = "WorldFeed", "WorldFeed\WorldFeed.csproj", "{625CDB8C-E0D2-4D23-8EC1-9D85CFBE318F}"
EndProject
Project("{2150E333-8FDC-42A3-9474-1A3956D46DE8}") = "src", "src", "{7394B8F6-BF6A-420B-A2D9-33807B4F9809}"
EndProject
Project("{2150E333-8FDC-42A3-9474-1A3956D46DE8}") = "Envoy", "Envoy", "{5BFDFA73-834C-4417-9936-E021179A9A0B}"
EndProject
Project("{2150E333-8FDC-42A3-9474-1A3956D46DE8}") = "ApiGateways", "ApiGateways", "{93F69DAE-0CC5-473B-ABAC-F6DF1C7B2B6C}"
EndProject
Project("{2150E333-8FDC-42A3-9474-1A3956D46DE8}") = "Services", "Services", "{511803A5-A736-4F5D-92B9-266F6F3697B7}"
EndProject
Project("{2150E333-8FDC-42A3-9474-1A3956D46DE8}") = "Admin", "Admin", "{0C90D317-87AB-461D-8650-49CF3704EE05}"
EndProject
Project("{2150E333-8FDC-42A3-9474-1A3956D46DE8}") = "Notifications", "Notifications", "{153654FC-F2F4-4198-AD10-26DFE5FCA57A}"
EndProject
Project("{2150E333-8FDC-42A3-9474-1A3956D46DE8}") = "BuildingBlocks", "BuildingBlocks", "{9BA9CD96-078A-49DE-A98E-72A742BABC09}"
EndProject
Project("{2150E333-8FDC-42A3-9474-1A3956D46DE8}") = "Devspaces.Support", "Devspaces.Support", "{985A52E3-0C8C-48DA-9644-A17B7108A665}"
EndProject
Project("{9A19103F-16F7-4668-BE54-9A1E7A4F7556}") = "Devspaces.Support", "BuildingBlocks\Devspaces.Support\Devspaces.Support.csproj", "{A695E56E-ECBB-4E6E-963F-09940702285B}"
EndProject
Project("{2150E333-8FDC-42A3-9474-1A3956D46DE8}") = "Identity", "Identity", "{C5ACE062-B912-4B88-A390-2B1D31EE3346}"
EndProject
Project("{2150E333-8FDC-42A3-9474-1A3956D46DE8}") = "Web Apps", "Web Apps", "{4D3FAC8B-9D42-4440-8995-D9E6654539D7}"
EndProject
Project("{9A19103F-16F7-4668-BE54-9A1E7A4F7556}") = "WebSPA", "Web\WebSPA\WebSPA.csproj", "{8FD7A620-42C2-43A2-89E5-E9B1864E233B}"
EndProject
Project("{9A19103F-16F7-4668-BE54-9A1E7A4F7556}") = "WorldFeed.Admin", "Services\Admin\WorldFeed.Admin.csproj", "{2294501F-65A5-4FB3-9301-2E66512F13A7}"
EndProject
Project("{2150E333-8FDC-42A3-9474-1A3956D46DE8}") = "Identity", "Identity", "{C8A9B7F6-EC1E-403B-952E-4F29BEC1D39D}"
EndProject
Project("{9A19103F-16F7-4668-BE54-9A1E7A4F7556}") = "Identity.HttpAggregator", "ApiGateways\Identity\Identity.HttpAggregator.csproj", "{B0CD3F27-D2BB-4D8D-AEFA-7058DC73E7C5}"
EndProject
Project("{9A19103F-16F7-4668-BE54-9A1E7A4F7556}") = "WebStatus", "Web\WebStatus\WebStatus.csproj", "{9A63ECA1-887C-47BB-BC05-53115142B434}"
EndProject
Project("{2150E333-8FDC-42A3-9474-1A3956D46DE8}") = "Programming", "Programming", "{728BE41D-6979-498A-8BCD-D4E3BA476D92}"
EndProject
Project("{2150E333-8FDC-42A3-9474-1A3956D46DE8}") = "Services", "Services", "{9D7A703D-CDF7-4461-80D3-3C8B60697233}"
EndProject
Project("{2150E333-8FDC-42A3-9474-1A3956D46DE8}") = "Quiz", "Quiz", "{EC0ED15B-0011-45E9-BF8E-B2663AB264DC}"
EndProject
Project("{2150E333-8FDC-42A3-9474-1A3956D46DE8}") = "Data", "Data", "{B9151FE9-D4A1-463B-8ADA-373019A90B33}"
EndProject
Project("{2150E333-8FDC-42A3-9474-1A3956D46DE8}") = "Services", "Services", "{EB698FC0-5EFA-42B9-A67C-C182C62FBA1A}"
EndProject
Project("{2150E333-8FDC-42A3-9474-1A3956D46DE8}") = "Web", "Web", "{E9261BE3-6734-48CA-8C0C-58F2EDB0B291}"
EndProject
Project("{9A19103F-16F7-4668-BE54-9A1E7A4F7556}") = "WorldFeed.Programming.Quiz.Web.ViewModels", "Programming\Services\Quiz\WorldFeed.Programming.Quiz.Web.ViewModels\WorldFeed.Programming.Quiz.Web.ViewModels.csproj", "{B9A6BCBB-4430-4CBA-A606-B23D7DD52E12}"
EndProject
Project("{9A19103F-16F7-4668-BE54-9A1E7A4F7556}") = "WorldFeed.Programming.Quiz.Services", "Programming\Services\Quiz\WorldFeed.Programming.Quiz.Services\WorldFeed.Programming.Quiz.Services.csproj", "{09CDD879-5080-4BD4-A9F6-29342FCD979A}"
EndProject
Project("{9A19103F-16F7-4668-BE54-9A1E7A4F7556}") = "WorldFeed.Programming.Quiz.Services.Data", "Programming\Services\Quiz\WorldFeed.Programming.Quiz.Services.Data\WorldFeed.Programming.Quiz.Services.Data.csproj", "{3C32D7E3-C3F5-45CB-8B29-EE2FBB5F1338}"
EndProject
Project("{9A19103F-16F7-4668-BE54-9A1E7A4F7556}") = "WorldFeed.Programming.Quiz.Web", "Programming\Services\Quiz\WorldFeed.Programming.Quiz.Web\WorldFeed.Programming.Quiz.Web.csproj", "{990D197B-8F76-4D6A-B209-0DCB7FE0DA87}"
EndProject
Project("{9A19103F-16F7-4668-BE54-9A1E7A4F7556}") = "WorldFeed.Programming.Quiz.Common", "Programming\Services\Quiz\WorldFeed.Programming.Quiz.Common\WorldFeed.Programming.Quiz.Common.csproj", "{443C0652-B278-46A7-BB01-2C3CA08719A4}"
EndProject
Project("{9A19103F-16F7-4668-BE54-9A1E7A4F7556}") = "WorldFeed.Programming.Quiz.Data.Common", "Programming\Services\Quiz\WorldFeed.Programming.Quiz.Data.Common\WorldFeed.Programming.Quiz.Data.Common.csproj", "{B8C48727-95BB-4603-98DB-4BDC3A33E465}"
EndProject
Project("{9A19103F-16F7-4668-BE54-9A1E7A4F7556}") = "WorldFeed.Programming.Quiz.Data", "Programming\Services\Quiz\WorldFeed.Programming.Quiz.Data\WorldFeed.Programming.Quiz.Data.csproj", "{43C4DC59-A8B1-4E91-99AD-FEEB4731705E}"
EndProject
Project("{9A19103F-16F7-4668-BE54-9A1E7A4F7556}") = "WorldFeed.Programming.Quiz.Data.Models", "Programming\Services\Quiz\WorldFeed.Programming.Quiz.Data.Models\WorldFeed.Programming.Quiz.Data.Models.csproj", "{B871C68A-CCD7-4E3C-A1B3-869642A6D222}"
EndProject
Project("{9A19103F-16F7-4668-BE54-9A1E7A4F7556}") = "WorldFeed.Programming.Quiz.Services.Mapping", "Programming\Services\Quiz\WorldFeed.Programming.Quiz.Services.Mapping\WorldFeed.Programming.Quiz.Services.Mapping.csproj", "{C8E4788A-6A93-471B-8C23-2DDF62CF8804}"
EndProject
Project("{9A19103F-16F7-4668-BE54-9A1E7A4F7556}") = "WorldFeed.Programming.Quiz.Services.Messaging", "Programming\Services\Quiz\WorldFeed.Programming.Quiz.Services.Messaging\WorldFeed.Programming.Quiz.Services.Messaging.csproj", "{4FDEE240-B74E-46DA-8EC5-71BBDD198DD8}"
EndProject
Project("{2150E333-8FDC-42A3-9474-1A3956D46DE8}") = "EventBus", "EventBus", "{B70C317C-2BF1-4E83-9735-9A5AF1177332}"
EndProject
Project("{9A19103F-16F7-4668-BE54-9A1E7A4F7556}") = "EventBusRabbitMQ", "BuildingBlocks\EventBus\EventBusRabbitMQ\EventBusRabbitMQ.csproj", "{B1118B24-1899-4F67-8229-554EE15BF7C6}"
EndProject
Project("{9A19103F-16F7-4668-BE54-9A1E7A4F7556}") = "EventBus", "BuildingBlocks\EventBus\EventBus\EventBus.csproj", "{853AFA5B-4699-4763-A1BC-40D5152E5327}"
EndProject
Project("{2150E333-8FDC-42A3-9474-1A3956D46DE8}") = "Web.Bff", "Web.Bff", "{1A16063A-D196-49E6-84CF-F2E2D51DE6BF}"
EndProject
Project("{9A19103F-16F7-4668-BE54-9A1E7A4F7556}") = "Web.HttpAggregator", "ApiGateways\Web.Bff\aggregator\Web.HttpAggregator.csproj", "{DFD0ED8C-0788-4AEF-9D59-B1BD7E452FB6}"
EndProject
Project("{2150E333-8FDC-42A3-9474-1A3956D46DE8}") = "Post", "Post", "{F5DF3BFB-AAB1-4EBE-8B8A-FE829CB3BB84}"
EndProject
Project("{2150E333-8FDC-42A3-9474-1A3956D46DE8}") = "Upload", "Upload", "{3AFEDF76-C40B-4E5B-975C-C8F1B9D0BEB0}"
EndProject
Project("{2150E333-8FDC-42A3-9474-1A3956D46DE8}") = "Profile", "Profile", "{27153CC6-B5CD-4008-874D-D9892480BD72}"
EndProject
Project("{9A19103F-16F7-4668-BE54-9A1E7A4F7556}") = "WorldFeed.Identity.Domain", "Services\Identity\WorldFeed.Identity.Domain\WorldFeed.Identity.Domain.csproj", "{C523CCA7-EAE0-432D-9A9F-92FCE14A9326}"
EndProject
Project("{9A19103F-16F7-4668-BE54-9A1E7A4F7556}") = "WorldFeed.Identity.Infrastructure", "Services\Identity\WorldFeed.Identity.Infrastructure\WorldFeed.Identity.Infrastructure.csproj", "{54498877-F7D3-43A5-AD9F-FE088EBC2E82}"
EndProject
Project("{9A19103F-16F7-4668-BE54-9A1E7A4F7556}") = "WorldFeed.Identity.API", "Services\Identity\WorldFeed.Identity.API\WorldFeed.Identity.API.csproj", "{8669A9E4-C48E-4CA7-9874-1C882CA5CB25}"
EndProject
Project("{2150E333-8FDC-42A3-9474-1A3956D46DE8}") = "Message", "Message", "{93A2C133-60AE-496D-97F5-3D5834B81983}"
EndProject
Project("{9A19103F-16F7-4668-BE54-9A1E7A4F7556}") = "WorldFeed.Message.Domain", "Services\Message\WorldFeed.Message.Domain\WorldFeed.Message.Domain.csproj", "{C766C9FB-58E7-4D69-BA27-C830C28508FD}"
EndProject
Project("{9A19103F-16F7-4668-BE54-9A1E7A4F7556}") = "WorldFeed.Message.Infrastructure", "Services\Message\WorldFeed.Message.Infrastructure\WorldFeed.Message.Infrastructure.csproj", "{58840463-53AB-4C9A-A854-90E78B1FDEDA}"
EndProject
Project("{2150E333-8FDC-42A3-9474-1A3956D46DE8}") = "Trend", "Trend", "{BEA94DC0-07C9-47AC-B69B-D71A9436EE46}"
EndProject
Project("{2150E333-8FDC-42A3-9474-1A3956D46DE8}") = "Search", "Search", "{42AA9DA0-E0D0-435A-A137-983DB00F9012}"
EndProject
Project("{9A19103F-16F7-4668-BE54-9A1E7A4F7556}") = "WorldFeed.Search", "Services\Search\WorldFeed.Search\WorldFeed.Search.csproj", "{256187C8-A985-480C-9359-D9B50D79A4D2}"
EndProject
Project("{9A19103F-16F7-4668-BE54-9A1E7A4F7556}") = "WorldFeed.Trend.Domain", "Services\Trend\WorldFeed.Trend.Domain\WorldFeed.Trend.Domain.csproj", "{D0687C86-09D6-40D4-960E-4F837CB9EC64}"
EndProject
Project("{9A19103F-16F7-4668-BE54-9A1E7A4F7556}") = "WorldFeed.Trend.Infrastructure", "Services\Trend\WorldFeed.Trend.Infrastructure\WorldFeed.Trend.Infrastructure.csproj", "{DDB23F3F-CA38-4EE1-A58B-C72EDEE26486}"
EndProject
Project("{9A19103F-16F7-4668-BE54-9A1E7A4F7556}") = "WorldFeed.Profile.Domain", "Services\Profile\WorldFeed.Profile.Domain\WorldFeed.Profile.Domain.csproj", "{55FCC63A-3157-402A-9F58-C0C275568236}"
EndProject
Project("{9A19103F-16F7-4668-BE54-9A1E7A4F7556}") = "WorldFeed.Profile.Infrastructure", "Services\Profile\WorldFeed.Profile.Infrastructure\WorldFeed.Profile.Infrastructure.csproj", "{495410BE-1D2B-4CC6-9E8F-112AEBF6D1F4}"
EndProject
Project("{9A19103F-16F7-4668-BE54-9A1E7A4F7556}") = "WorldFeed.Post.Domain", "Services\Post\WorldFeed.Post.Domain\WorldFeed.Post.Domain.csproj", "{033E39F7-29E8-4FB4-9865-5ED56B5A93FA}"
EndProject
Project("{9A19103F-16F7-4668-BE54-9A1E7A4F7556}") = "WorldFeed.Post.Infrastructure", "Services\Post\WorldFeed.Post.Infrastructure\WorldFeed.Post.Infrastructure.csproj", "{A7902AF7-D08A-4985-B1A2-A955C303ECC5}"
EndProject
Project("{9A19103F-16F7-4668-BE54-9A1E7A4F7556}") = "WorldFeed.Upload.Domain", "Services\Upload\WorldFeed.Upload.Domain\WorldFeed.Upload.Domain.csproj", "{C853D93D-CC51-4A6B-9FD3-15B05B175C4F}"
EndProject
Project("{9A19103F-16F7-4668-BE54-9A1E7A4F7556}") = "WorldFeed.Upload.Infrastructure", "Services\Upload\WorldFeed.Upload.Infrastructure\WorldFeed.Upload.Infrastructure.csproj", "{5038A966-C57C-4D87-881B-893307E307AE}"
EndProject
Project("{2150E333-8FDC-42A3-9474-1A3956D46DE8}") = "Book", "Book", "{6BB35754-9C87-4140-8CB2-3226FBEECC0D}"
EndProject
Project("{9A19103F-16F7-4668-BE54-9A1E7A4F7556}") = "WorldFeed.Upload.Application", "Services\Upload\WorldFeed.Upload.Application\WorldFeed.Upload.Application.csproj", "{20217769-8C15-46BB-AE1C-6337B3C4BA85}"
EndProject
Project("{9A19103F-16F7-4668-BE54-9A1E7A4F7556}") = "WorldFeed.Upload.API", "Services\Upload\WorldFeed.Upload.API\WorldFeed.Upload.API.csproj", "{B1D31B62-703D-4EE6-86E3-3D32F47D4C1E}"
EndProject
Project("{9A19103F-16F7-4668-BE54-9A1E7A4F7556}") = "WorldFeed.Post.Application", "Services\Post\WorldFeed.Post.Application\WorldFeed.Post.Application.csproj", "{2C607039-B36D-447C-ABEE-F06A33677830}"
EndProject
Project("{9A19103F-16F7-4668-BE54-9A1E7A4F7556}") = "WorldFeed.Post.API", "Services\Post\WorldFeed.Post.API\WorldFeed.Post.API.csproj", "{622C73EE-31B2-4029-9666-5F32A4ADA393}"
EndProject
Project("{9A19103F-16F7-4668-BE54-9A1E7A4F7556}") = "WorldFeed.Profile.API", "Services\Profile\WorldFeed.Profile.API\WorldFeed.Profile.API.csproj", "{EA208C8B-FE20-4A4F-8515-FBDF67BC80B8}"
EndProject
Project("{9A19103F-16F7-4668-BE54-9A1E7A4F7556}") = "WorldFeed.Profile.Application", "Services\Profile\WorldFeed.Profile.Application\WorldFeed.Profile.Application.csproj", "{4FAE70C7-7B95-40B7-A01C-C266FC9A5E3D}"
EndProject
Project("{9A19103F-16F7-4668-BE54-9A1E7A4F7556}") = "WorldFeed.Trend.Application", "Services\Trend\WorldFeed.Trend.Application\WorldFeed.Trend.Application.csproj", "{7A28AC30-63CA-4B64-B852-058FC91C2D8D}"
EndProject
Project("{9A19103F-16F7-4668-BE54-9A1E7A4F7556}") = "WorldFeed.Trend.API", "Services\Trend\WorldFeed.Trend.API\WorldFeed.Trend.API.csproj", "{5019AD8C-29F3-48FE-8B4A-90FB9333A670}"
EndProject
Project("{9A19103F-16F7-4668-BE54-9A1E7A4F7556}") = "WorldFeed.Message.Application", "Services\Message\WorldFeed.Message.Application\WorldFeed.Message.Application.csproj", "{AF688785-479C-4156-BA04-E446B30BF928}"
EndProject
Project("{9A19103F-16F7-4668-BE54-9A1E7A4F7556}") = "WorldFeed.Message.API", "Services\Message\WorldFeed.Message.API\WorldFeed.Message.API.csproj", "{D4B5F75B-2B82-47E8-8281-3E1888A70BF5}"
EndProject
Project("{9A19103F-16F7-4668-BE54-9A1E7A4F7556}") = "WorldFeed.Book.API", "Services\Book\WorldFeed.Book.API\WorldFeed.Book.API.csproj", "{E02707A5-FA32-484B-BEA3-2F6E2419B6E2}"
EndProject
Project("{FAE04EC0-301F-11D3-BF4B-00C04F79EFBC}") = "WorldFeed.Book.Domain", "Services\Book\WorldFeed.Book.Domain\WorldFeed.Book.Domain.csproj", "{3A29FC99-68FD-4591-80C1-69D0B2859C2D}"
EndProject
Project("{FAE04EC0-301F-11D3-BF4B-00C04F79EFBC}") = "WorldFeed.Book.Application", "Services\Book\WorldFeed.Book.Application\WorldFeed.Book.Application.csproj", "{41E83C51-66CB-46F4-ADD6-06B0E31EDEF8}"
EndProject
Project("{FAE04EC0-301F-11D3-BF4B-00C04F79EFBC}") = "WorldFeed.Book.Infrastructure", "Services\Book\WorldFeed.Book.Infrastructure\WorldFeed.Book.Infrastructure.csproj", "{E96F43D8-D7D0-4242-AFA1-927FCED45BF8}"
EndProject
Global
	GlobalSection(SolutionConfigurationPlatforms) = preSolution
		Debug|Any CPU = Debug|Any CPU
		Release|Any CPU = Release|Any CPU
	EndGlobalSection
	GlobalSection(ProjectConfigurationPlatforms) = postSolution
		{94B89F70-D398-4D4B-8D10-935EC46EDBC9}.Debug|Any CPU.ActiveCfg = Debug|Any CPU
		{94B89F70-D398-4D4B-8D10-935EC46EDBC9}.Debug|Any CPU.Build.0 = Debug|Any CPU
		{94B89F70-D398-4D4B-8D10-935EC46EDBC9}.Release|Any CPU.ActiveCfg = Release|Any CPU
		{94B89F70-D398-4D4B-8D10-935EC46EDBC9}.Release|Any CPU.Build.0 = Release|Any CPU
		{DAA8E7E9-FAD4-4EE9-8536-52A6B975890C}.Debug|Any CPU.ActiveCfg = Debug|Any CPU
		{DAA8E7E9-FAD4-4EE9-8536-52A6B975890C}.Debug|Any CPU.Build.0 = Debug|Any CPU
		{DAA8E7E9-FAD4-4EE9-8536-52A6B975890C}.Release|Any CPU.ActiveCfg = Release|Any CPU
		{DAA8E7E9-FAD4-4EE9-8536-52A6B975890C}.Release|Any CPU.Build.0 = Release|Any CPU
		{04513D25-B5B1-4FC9-B61A-6CBBB20B273E}.Debug|Any CPU.ActiveCfg = Debug|Any CPU
		{04513D25-B5B1-4FC9-B61A-6CBBB20B273E}.Debug|Any CPU.Build.0 = Debug|Any CPU
		{04513D25-B5B1-4FC9-B61A-6CBBB20B273E}.Release|Any CPU.ActiveCfg = Release|Any CPU
		{04513D25-B5B1-4FC9-B61A-6CBBB20B273E}.Release|Any CPU.Build.0 = Release|Any CPU
		{A370EEFD-A62C-4661-951C-8A6DA1DE56F7}.Debug|Any CPU.ActiveCfg = Debug|Any CPU
		{A370EEFD-A62C-4661-951C-8A6DA1DE56F7}.Debug|Any CPU.Build.0 = Debug|Any CPU
		{A370EEFD-A62C-4661-951C-8A6DA1DE56F7}.Release|Any CPU.ActiveCfg = Release|Any CPU
		{A370EEFD-A62C-4661-951C-8A6DA1DE56F7}.Release|Any CPU.Build.0 = Release|Any CPU
		{CB835FF6-8A54-4FB8-BC91-B287644DD16F}.Debug|Any CPU.ActiveCfg = Debug|Any CPU
		{CB835FF6-8A54-4FB8-BC91-B287644DD16F}.Debug|Any CPU.Build.0 = Debug|Any CPU
		{CB835FF6-8A54-4FB8-BC91-B287644DD16F}.Release|Any CPU.ActiveCfg = Release|Any CPU
		{CB835FF6-8A54-4FB8-BC91-B287644DD16F}.Release|Any CPU.Build.0 = Release|Any CPU
		{82897B9A-561E-45D0-B617-1C6D84BAED5C}.Debug|Any CPU.ActiveCfg = Debug|Any CPU
		{82897B9A-561E-45D0-B617-1C6D84BAED5C}.Debug|Any CPU.Build.0 = Debug|Any CPU
		{82897B9A-561E-45D0-B617-1C6D84BAED5C}.Release|Any CPU.ActiveCfg = Release|Any CPU
		{82897B9A-561E-45D0-B617-1C6D84BAED5C}.Release|Any CPU.Build.0 = Release|Any CPU
		{625CDB8C-E0D2-4D23-8EC1-9D85CFBE318F}.Debug|Any CPU.ActiveCfg = Debug|Any CPU
		{625CDB8C-E0D2-4D23-8EC1-9D85CFBE318F}.Debug|Any CPU.Build.0 = Debug|Any CPU
		{625CDB8C-E0D2-4D23-8EC1-9D85CFBE318F}.Release|Any CPU.ActiveCfg = Release|Any CPU
		{625CDB8C-E0D2-4D23-8EC1-9D85CFBE318F}.Release|Any CPU.Build.0 = Release|Any CPU
		{A695E56E-ECBB-4E6E-963F-09940702285B}.Debug|Any CPU.ActiveCfg = Debug|Any CPU
		{A695E56E-ECBB-4E6E-963F-09940702285B}.Debug|Any CPU.Build.0 = Debug|Any CPU
		{A695E56E-ECBB-4E6E-963F-09940702285B}.Release|Any CPU.ActiveCfg = Release|Any CPU
		{A695E56E-ECBB-4E6E-963F-09940702285B}.Release|Any CPU.Build.0 = Release|Any CPU
		{8FD7A620-42C2-43A2-89E5-E9B1864E233B}.Debug|Any CPU.ActiveCfg = Debug|Any CPU
		{8FD7A620-42C2-43A2-89E5-E9B1864E233B}.Debug|Any CPU.Build.0 = Debug|Any CPU
		{8FD7A620-42C2-43A2-89E5-E9B1864E233B}.Release|Any CPU.ActiveCfg = Release|Any CPU
		{8FD7A620-42C2-43A2-89E5-E9B1864E233B}.Release|Any CPU.Build.0 = Release|Any CPU
		{2294501F-65A5-4FB3-9301-2E66512F13A7}.Debug|Any CPU.ActiveCfg = Debug|Any CPU
		{2294501F-65A5-4FB3-9301-2E66512F13A7}.Debug|Any CPU.Build.0 = Debug|Any CPU
		{2294501F-65A5-4FB3-9301-2E66512F13A7}.Release|Any CPU.ActiveCfg = Release|Any CPU
		{2294501F-65A5-4FB3-9301-2E66512F13A7}.Release|Any CPU.Build.0 = Release|Any CPU
		{B0CD3F27-D2BB-4D8D-AEFA-7058DC73E7C5}.Debug|Any CPU.ActiveCfg = Debug|Any CPU
		{B0CD3F27-D2BB-4D8D-AEFA-7058DC73E7C5}.Debug|Any CPU.Build.0 = Debug|Any CPU
		{B0CD3F27-D2BB-4D8D-AEFA-7058DC73E7C5}.Release|Any CPU.ActiveCfg = Release|Any CPU
		{B0CD3F27-D2BB-4D8D-AEFA-7058DC73E7C5}.Release|Any CPU.Build.0 = Release|Any CPU
		{9A63ECA1-887C-47BB-BC05-53115142B434}.Debug|Any CPU.ActiveCfg = Debug|Any CPU
		{9A63ECA1-887C-47BB-BC05-53115142B434}.Debug|Any CPU.Build.0 = Debug|Any CPU
		{9A63ECA1-887C-47BB-BC05-53115142B434}.Release|Any CPU.ActiveCfg = Release|Any CPU
		{9A63ECA1-887C-47BB-BC05-53115142B434}.Release|Any CPU.Build.0 = Release|Any CPU
		{B9A6BCBB-4430-4CBA-A606-B23D7DD52E12}.Debug|Any CPU.ActiveCfg = Debug|Any CPU
		{B9A6BCBB-4430-4CBA-A606-B23D7DD52E12}.Debug|Any CPU.Build.0 = Debug|Any CPU
		{B9A6BCBB-4430-4CBA-A606-B23D7DD52E12}.Release|Any CPU.ActiveCfg = Release|Any CPU
		{B9A6BCBB-4430-4CBA-A606-B23D7DD52E12}.Release|Any CPU.Build.0 = Release|Any CPU
		{09CDD879-5080-4BD4-A9F6-29342FCD979A}.Debug|Any CPU.ActiveCfg = Debug|Any CPU
		{09CDD879-5080-4BD4-A9F6-29342FCD979A}.Debug|Any CPU.Build.0 = Debug|Any CPU
		{09CDD879-5080-4BD4-A9F6-29342FCD979A}.Release|Any CPU.ActiveCfg = Release|Any CPU
		{09CDD879-5080-4BD4-A9F6-29342FCD979A}.Release|Any CPU.Build.0 = Release|Any CPU
		{3C32D7E3-C3F5-45CB-8B29-EE2FBB5F1338}.Debug|Any CPU.ActiveCfg = Debug|Any CPU
		{3C32D7E3-C3F5-45CB-8B29-EE2FBB5F1338}.Debug|Any CPU.Build.0 = Debug|Any CPU
		{3C32D7E3-C3F5-45CB-8B29-EE2FBB5F1338}.Release|Any CPU.ActiveCfg = Release|Any CPU
		{3C32D7E3-C3F5-45CB-8B29-EE2FBB5F1338}.Release|Any CPU.Build.0 = Release|Any CPU
		{990D197B-8F76-4D6A-B209-0DCB7FE0DA87}.Debug|Any CPU.ActiveCfg = Debug|Any CPU
		{990D197B-8F76-4D6A-B209-0DCB7FE0DA87}.Debug|Any CPU.Build.0 = Debug|Any CPU
		{990D197B-8F76-4D6A-B209-0DCB7FE0DA87}.Release|Any CPU.ActiveCfg = Release|Any CPU
		{990D197B-8F76-4D6A-B209-0DCB7FE0DA87}.Release|Any CPU.Build.0 = Release|Any CPU
		{443C0652-B278-46A7-BB01-2C3CA08719A4}.Debug|Any CPU.ActiveCfg = Debug|Any CPU
		{443C0652-B278-46A7-BB01-2C3CA08719A4}.Debug|Any CPU.Build.0 = Debug|Any CPU
		{443C0652-B278-46A7-BB01-2C3CA08719A4}.Release|Any CPU.ActiveCfg = Release|Any CPU
		{443C0652-B278-46A7-BB01-2C3CA08719A4}.Release|Any CPU.Build.0 = Release|Any CPU
		{B8C48727-95BB-4603-98DB-4BDC3A33E465}.Debug|Any CPU.ActiveCfg = Debug|Any CPU
		{B8C48727-95BB-4603-98DB-4BDC3A33E465}.Debug|Any CPU.Build.0 = Debug|Any CPU
		{B8C48727-95BB-4603-98DB-4BDC3A33E465}.Release|Any CPU.ActiveCfg = Release|Any CPU
		{B8C48727-95BB-4603-98DB-4BDC3A33E465}.Release|Any CPU.Build.0 = Release|Any CPU
		{43C4DC59-A8B1-4E91-99AD-FEEB4731705E}.Debug|Any CPU.ActiveCfg = Debug|Any CPU
		{43C4DC59-A8B1-4E91-99AD-FEEB4731705E}.Debug|Any CPU.Build.0 = Debug|Any CPU
		{43C4DC59-A8B1-4E91-99AD-FEEB4731705E}.Release|Any CPU.ActiveCfg = Release|Any CPU
		{43C4DC59-A8B1-4E91-99AD-FEEB4731705E}.Release|Any CPU.Build.0 = Release|Any CPU
		{B871C68A-CCD7-4E3C-A1B3-869642A6D222}.Debug|Any CPU.ActiveCfg = Debug|Any CPU
		{B871C68A-CCD7-4E3C-A1B3-869642A6D222}.Debug|Any CPU.Build.0 = Debug|Any CPU
		{B871C68A-CCD7-4E3C-A1B3-869642A6D222}.Release|Any CPU.ActiveCfg = Release|Any CPU
		{B871C68A-CCD7-4E3C-A1B3-869642A6D222}.Release|Any CPU.Build.0 = Release|Any CPU
		{C8E4788A-6A93-471B-8C23-2DDF62CF8804}.Debug|Any CPU.ActiveCfg = Debug|Any CPU
		{C8E4788A-6A93-471B-8C23-2DDF62CF8804}.Debug|Any CPU.Build.0 = Debug|Any CPU
		{C8E4788A-6A93-471B-8C23-2DDF62CF8804}.Release|Any CPU.ActiveCfg = Release|Any CPU
		{C8E4788A-6A93-471B-8C23-2DDF62CF8804}.Release|Any CPU.Build.0 = Release|Any CPU
		{4FDEE240-B74E-46DA-8EC5-71BBDD198DD8}.Debug|Any CPU.ActiveCfg = Debug|Any CPU
		{4FDEE240-B74E-46DA-8EC5-71BBDD198DD8}.Debug|Any CPU.Build.0 = Debug|Any CPU
		{4FDEE240-B74E-46DA-8EC5-71BBDD198DD8}.Release|Any CPU.ActiveCfg = Release|Any CPU
		{4FDEE240-B74E-46DA-8EC5-71BBDD198DD8}.Release|Any CPU.Build.0 = Release|Any CPU
		{B1118B24-1899-4F67-8229-554EE15BF7C6}.Debug|Any CPU.ActiveCfg = Debug|Any CPU
		{B1118B24-1899-4F67-8229-554EE15BF7C6}.Debug|Any CPU.Build.0 = Debug|Any CPU
		{B1118B24-1899-4F67-8229-554EE15BF7C6}.Release|Any CPU.ActiveCfg = Release|Any CPU
		{B1118B24-1899-4F67-8229-554EE15BF7C6}.Release|Any CPU.Build.0 = Release|Any CPU
		{853AFA5B-4699-4763-A1BC-40D5152E5327}.Debug|Any CPU.ActiveCfg = Debug|Any CPU
		{853AFA5B-4699-4763-A1BC-40D5152E5327}.Debug|Any CPU.Build.0 = Debug|Any CPU
		{853AFA5B-4699-4763-A1BC-40D5152E5327}.Release|Any CPU.ActiveCfg = Release|Any CPU
		{853AFA5B-4699-4763-A1BC-40D5152E5327}.Release|Any CPU.Build.0 = Release|Any CPU
		{DFD0ED8C-0788-4AEF-9D59-B1BD7E452FB6}.Debug|Any CPU.ActiveCfg = Debug|Any CPU
		{DFD0ED8C-0788-4AEF-9D59-B1BD7E452FB6}.Debug|Any CPU.Build.0 = Debug|Any CPU
		{DFD0ED8C-0788-4AEF-9D59-B1BD7E452FB6}.Release|Any CPU.ActiveCfg = Release|Any CPU
		{DFD0ED8C-0788-4AEF-9D59-B1BD7E452FB6}.Release|Any CPU.Build.0 = Release|Any CPU
		{C523CCA7-EAE0-432D-9A9F-92FCE14A9326}.Debug|Any CPU.ActiveCfg = Debug|Any CPU
		{C523CCA7-EAE0-432D-9A9F-92FCE14A9326}.Debug|Any CPU.Build.0 = Debug|Any CPU
		{C523CCA7-EAE0-432D-9A9F-92FCE14A9326}.Release|Any CPU.ActiveCfg = Release|Any CPU
		{C523CCA7-EAE0-432D-9A9F-92FCE14A9326}.Release|Any CPU.Build.0 = Release|Any CPU
		{54498877-F7D3-43A5-AD9F-FE088EBC2E82}.Debug|Any CPU.ActiveCfg = Debug|Any CPU
		{54498877-F7D3-43A5-AD9F-FE088EBC2E82}.Debug|Any CPU.Build.0 = Debug|Any CPU
		{54498877-F7D3-43A5-AD9F-FE088EBC2E82}.Release|Any CPU.ActiveCfg = Release|Any CPU
		{54498877-F7D3-43A5-AD9F-FE088EBC2E82}.Release|Any CPU.Build.0 = Release|Any CPU
		{8669A9E4-C48E-4CA7-9874-1C882CA5CB25}.Debug|Any CPU.ActiveCfg = Debug|Any CPU
		{8669A9E4-C48E-4CA7-9874-1C882CA5CB25}.Debug|Any CPU.Build.0 = Debug|Any CPU
		{8669A9E4-C48E-4CA7-9874-1C882CA5CB25}.Release|Any CPU.ActiveCfg = Release|Any CPU
		{8669A9E4-C48E-4CA7-9874-1C882CA5CB25}.Release|Any CPU.Build.0 = Release|Any CPU
		{C766C9FB-58E7-4D69-BA27-C830C28508FD}.Debug|Any CPU.ActiveCfg = Debug|Any CPU
		{C766C9FB-58E7-4D69-BA27-C830C28508FD}.Debug|Any CPU.Build.0 = Debug|Any CPU
		{C766C9FB-58E7-4D69-BA27-C830C28508FD}.Release|Any CPU.ActiveCfg = Release|Any CPU
		{C766C9FB-58E7-4D69-BA27-C830C28508FD}.Release|Any CPU.Build.0 = Release|Any CPU
		{58840463-53AB-4C9A-A854-90E78B1FDEDA}.Debug|Any CPU.ActiveCfg = Debug|Any CPU
		{58840463-53AB-4C9A-A854-90E78B1FDEDA}.Debug|Any CPU.Build.0 = Debug|Any CPU
		{58840463-53AB-4C9A-A854-90E78B1FDEDA}.Release|Any CPU.ActiveCfg = Release|Any CPU
		{58840463-53AB-4C9A-A854-90E78B1FDEDA}.Release|Any CPU.Build.0 = Release|Any CPU
		{256187C8-A985-480C-9359-D9B50D79A4D2}.Debug|Any CPU.ActiveCfg = Debug|Any CPU
		{256187C8-A985-480C-9359-D9B50D79A4D2}.Debug|Any CPU.Build.0 = Debug|Any CPU
		{256187C8-A985-480C-9359-D9B50D79A4D2}.Release|Any CPU.ActiveCfg = Release|Any CPU
		{256187C8-A985-480C-9359-D9B50D79A4D2}.Release|Any CPU.Build.0 = Release|Any CPU
		{D0687C86-09D6-40D4-960E-4F837CB9EC64}.Debug|Any CPU.ActiveCfg = Debug|Any CPU
		{D0687C86-09D6-40D4-960E-4F837CB9EC64}.Debug|Any CPU.Build.0 = Debug|Any CPU
		{D0687C86-09D6-40D4-960E-4F837CB9EC64}.Release|Any CPU.ActiveCfg = Release|Any CPU
		{D0687C86-09D6-40D4-960E-4F837CB9EC64}.Release|Any CPU.Build.0 = Release|Any CPU
		{DDB23F3F-CA38-4EE1-A58B-C72EDEE26486}.Debug|Any CPU.ActiveCfg = Debug|Any CPU
		{DDB23F3F-CA38-4EE1-A58B-C72EDEE26486}.Debug|Any CPU.Build.0 = Debug|Any CPU
		{DDB23F3F-CA38-4EE1-A58B-C72EDEE26486}.Release|Any CPU.ActiveCfg = Release|Any CPU
		{DDB23F3F-CA38-4EE1-A58B-C72EDEE26486}.Release|Any CPU.Build.0 = Release|Any CPU
		{55FCC63A-3157-402A-9F58-C0C275568236}.Debug|Any CPU.ActiveCfg = Debug|Any CPU
		{55FCC63A-3157-402A-9F58-C0C275568236}.Debug|Any CPU.Build.0 = Debug|Any CPU
		{55FCC63A-3157-402A-9F58-C0C275568236}.Release|Any CPU.ActiveCfg = Release|Any CPU
		{55FCC63A-3157-402A-9F58-C0C275568236}.Release|Any CPU.Build.0 = Release|Any CPU
		{495410BE-1D2B-4CC6-9E8F-112AEBF6D1F4}.Debug|Any CPU.ActiveCfg = Debug|Any CPU
		{495410BE-1D2B-4CC6-9E8F-112AEBF6D1F4}.Debug|Any CPU.Build.0 = Debug|Any CPU
		{495410BE-1D2B-4CC6-9E8F-112AEBF6D1F4}.Release|Any CPU.ActiveCfg = Release|Any CPU
		{495410BE-1D2B-4CC6-9E8F-112AEBF6D1F4}.Release|Any CPU.Build.0 = Release|Any CPU
		{033E39F7-29E8-4FB4-9865-5ED56B5A93FA}.Debug|Any CPU.ActiveCfg = Debug|Any CPU
		{033E39F7-29E8-4FB4-9865-5ED56B5A93FA}.Debug|Any CPU.Build.0 = Debug|Any CPU
		{033E39F7-29E8-4FB4-9865-5ED56B5A93FA}.Release|Any CPU.ActiveCfg = Release|Any CPU
		{033E39F7-29E8-4FB4-9865-5ED56B5A93FA}.Release|Any CPU.Build.0 = Release|Any CPU
		{A7902AF7-D08A-4985-B1A2-A955C303ECC5}.Debug|Any CPU.ActiveCfg = Debug|Any CPU
		{A7902AF7-D08A-4985-B1A2-A955C303ECC5}.Debug|Any CPU.Build.0 = Debug|Any CPU
		{A7902AF7-D08A-4985-B1A2-A955C303ECC5}.Release|Any CPU.ActiveCfg = Release|Any CPU
		{A7902AF7-D08A-4985-B1A2-A955C303ECC5}.Release|Any CPU.Build.0 = Release|Any CPU
		{C853D93D-CC51-4A6B-9FD3-15B05B175C4F}.Debug|Any CPU.ActiveCfg = Debug|Any CPU
		{C853D93D-CC51-4A6B-9FD3-15B05B175C4F}.Debug|Any CPU.Build.0 = Debug|Any CPU
		{C853D93D-CC51-4A6B-9FD3-15B05B175C4F}.Release|Any CPU.ActiveCfg = Release|Any CPU
		{C853D93D-CC51-4A6B-9FD3-15B05B175C4F}.Release|Any CPU.Build.0 = Release|Any CPU
		{5038A966-C57C-4D87-881B-893307E307AE}.Debug|Any CPU.ActiveCfg = Debug|Any CPU
		{5038A966-C57C-4D87-881B-893307E307AE}.Debug|Any CPU.Build.0 = Debug|Any CPU
		{5038A966-C57C-4D87-881B-893307E307AE}.Release|Any CPU.ActiveCfg = Release|Any CPU
		{5038A966-C57C-4D87-881B-893307E307AE}.Release|Any CPU.Build.0 = Release|Any CPU
		{20217769-8C15-46BB-AE1C-6337B3C4BA85}.Debug|Any CPU.ActiveCfg = Debug|Any CPU
		{20217769-8C15-46BB-AE1C-6337B3C4BA85}.Debug|Any CPU.Build.0 = Debug|Any CPU
		{20217769-8C15-46BB-AE1C-6337B3C4BA85}.Release|Any CPU.ActiveCfg = Release|Any CPU
		{20217769-8C15-46BB-AE1C-6337B3C4BA85}.Release|Any CPU.Build.0 = Release|Any CPU
		{B1D31B62-703D-4EE6-86E3-3D32F47D4C1E}.Debug|Any CPU.ActiveCfg = Debug|Any CPU
		{B1D31B62-703D-4EE6-86E3-3D32F47D4C1E}.Debug|Any CPU.Build.0 = Debug|Any CPU
		{B1D31B62-703D-4EE6-86E3-3D32F47D4C1E}.Release|Any CPU.ActiveCfg = Release|Any CPU
		{B1D31B62-703D-4EE6-86E3-3D32F47D4C1E}.Release|Any CPU.Build.0 = Release|Any CPU
		{2C607039-B36D-447C-ABEE-F06A33677830}.Debug|Any CPU.ActiveCfg = Debug|Any CPU
		{2C607039-B36D-447C-ABEE-F06A33677830}.Debug|Any CPU.Build.0 = Debug|Any CPU
		{2C607039-B36D-447C-ABEE-F06A33677830}.Release|Any CPU.ActiveCfg = Release|Any CPU
		{2C607039-B36D-447C-ABEE-F06A33677830}.Release|Any CPU.Build.0 = Release|Any CPU
		{622C73EE-31B2-4029-9666-5F32A4ADA393}.Debug|Any CPU.ActiveCfg = Debug|Any CPU
		{622C73EE-31B2-4029-9666-5F32A4ADA393}.Debug|Any CPU.Build.0 = Debug|Any CPU
		{622C73EE-31B2-4029-9666-5F32A4ADA393}.Release|Any CPU.ActiveCfg = Release|Any CPU
		{622C73EE-31B2-4029-9666-5F32A4ADA393}.Release|Any CPU.Build.0 = Release|Any CPU
		{EA208C8B-FE20-4A4F-8515-FBDF67BC80B8}.Debug|Any CPU.ActiveCfg = Debug|Any CPU
		{EA208C8B-FE20-4A4F-8515-FBDF67BC80B8}.Debug|Any CPU.Build.0 = Debug|Any CPU
		{EA208C8B-FE20-4A4F-8515-FBDF67BC80B8}.Release|Any CPU.ActiveCfg = Release|Any CPU
		{EA208C8B-FE20-4A4F-8515-FBDF67BC80B8}.Release|Any CPU.Build.0 = Release|Any CPU
		{4FAE70C7-7B95-40B7-A01C-C266FC9A5E3D}.Debug|Any CPU.ActiveCfg = Debug|Any CPU
		{4FAE70C7-7B95-40B7-A01C-C266FC9A5E3D}.Debug|Any CPU.Build.0 = Debug|Any CPU
		{4FAE70C7-7B95-40B7-A01C-C266FC9A5E3D}.Release|Any CPU.ActiveCfg = Release|Any CPU
		{4FAE70C7-7B95-40B7-A01C-C266FC9A5E3D}.Release|Any CPU.Build.0 = Release|Any CPU
		{7A28AC30-63CA-4B64-B852-058FC91C2D8D}.Debug|Any CPU.ActiveCfg = Debug|Any CPU
		{7A28AC30-63CA-4B64-B852-058FC91C2D8D}.Debug|Any CPU.Build.0 = Debug|Any CPU
		{7A28AC30-63CA-4B64-B852-058FC91C2D8D}.Release|Any CPU.ActiveCfg = Release|Any CPU
		{7A28AC30-63CA-4B64-B852-058FC91C2D8D}.Release|Any CPU.Build.0 = Release|Any CPU
		{5019AD8C-29F3-48FE-8B4A-90FB9333A670}.Debug|Any CPU.ActiveCfg = Debug|Any CPU
		{5019AD8C-29F3-48FE-8B4A-90FB9333A670}.Debug|Any CPU.Build.0 = Debug|Any CPU
		{5019AD8C-29F3-48FE-8B4A-90FB9333A670}.Release|Any CPU.ActiveCfg = Release|Any CPU
		{5019AD8C-29F3-48FE-8B4A-90FB9333A670}.Release|Any CPU.Build.0 = Release|Any CPU
		{AF688785-479C-4156-BA04-E446B30BF928}.Debug|Any CPU.ActiveCfg = Debug|Any CPU
		{AF688785-479C-4156-BA04-E446B30BF928}.Debug|Any CPU.Build.0 = Debug|Any CPU
		{AF688785-479C-4156-BA04-E446B30BF928}.Release|Any CPU.ActiveCfg = Release|Any CPU
		{AF688785-479C-4156-BA04-E446B30BF928}.Release|Any CPU.Build.0 = Release|Any CPU
		{D4B5F75B-2B82-47E8-8281-3E1888A70BF5}.Debug|Any CPU.ActiveCfg = Debug|Any CPU
		{D4B5F75B-2B82-47E8-8281-3E1888A70BF5}.Debug|Any CPU.Build.0 = Debug|Any CPU
		{D4B5F75B-2B82-47E8-8281-3E1888A70BF5}.Release|Any CPU.ActiveCfg = Release|Any CPU
		{D4B5F75B-2B82-47E8-8281-3E1888A70BF5}.Release|Any CPU.Build.0 = Release|Any CPU
		{E02707A5-FA32-484B-BEA3-2F6E2419B6E2}.Debug|Any CPU.ActiveCfg = Debug|Any CPU
		{E02707A5-FA32-484B-BEA3-2F6E2419B6E2}.Debug|Any CPU.Build.0 = Debug|Any CPU
		{E02707A5-FA32-484B-BEA3-2F6E2419B6E2}.Release|Any CPU.ActiveCfg = Release|Any CPU
		{E02707A5-FA32-484B-BEA3-2F6E2419B6E2}.Release|Any CPU.Build.0 = Release|Any CPU
		{3A29FC99-68FD-4591-80C1-69D0B2859C2D}.Debug|Any CPU.ActiveCfg = Debug|Any CPU
		{3A29FC99-68FD-4591-80C1-69D0B2859C2D}.Debug|Any CPU.Build.0 = Debug|Any CPU
		{3A29FC99-68FD-4591-80C1-69D0B2859C2D}.Release|Any CPU.ActiveCfg = Release|Any CPU
		{3A29FC99-68FD-4591-80C1-69D0B2859C2D}.Release|Any CPU.Build.0 = Release|Any CPU
		{41E83C51-66CB-46F4-ADD6-06B0E31EDEF8}.Debug|Any CPU.ActiveCfg = Debug|Any CPU
		{41E83C51-66CB-46F4-ADD6-06B0E31EDEF8}.Debug|Any CPU.Build.0 = Debug|Any CPU
		{41E83C51-66CB-46F4-ADD6-06B0E31EDEF8}.Release|Any CPU.ActiveCfg = Release|Any CPU
		{41E83C51-66CB-46F4-ADD6-06B0E31EDEF8}.Release|Any CPU.Build.0 = Release|Any CPU
		{E96F43D8-D7D0-4242-AFA1-927FCED45BF8}.Debug|Any CPU.ActiveCfg = Debug|Any CPU
		{E96F43D8-D7D0-4242-AFA1-927FCED45BF8}.Debug|Any CPU.Build.0 = Debug|Any CPU
		{E96F43D8-D7D0-4242-AFA1-927FCED45BF8}.Release|Any CPU.ActiveCfg = Release|Any CPU
		{E96F43D8-D7D0-4242-AFA1-927FCED45BF8}.Release|Any CPU.Build.0 = Release|Any CPU
	EndGlobalSection
	GlobalSection(SolutionProperties) = preSolution
		HideSolutionNode = FALSE
	EndGlobalSection
	GlobalSection(NestedProjects) = preSolution
		{94B89F70-D398-4D4B-8D10-935EC46EDBC9} = {7394B8F6-BF6A-420B-A2D9-33807B4F9809}
		{DAA8E7E9-FAD4-4EE9-8536-52A6B975890C} = {153654FC-F2F4-4198-AD10-26DFE5FCA57A}
		{04513D25-B5B1-4FC9-B61A-6CBBB20B273E} = {7394B8F6-BF6A-420B-A2D9-33807B4F9809}
		{A370EEFD-A62C-4661-951C-8A6DA1DE56F7} = {7394B8F6-BF6A-420B-A2D9-33807B4F9809}
		{CB835FF6-8A54-4FB8-BC91-B287644DD16F} = {7394B8F6-BF6A-420B-A2D9-33807B4F9809}
		{82897B9A-561E-45D0-B617-1C6D84BAED5C} = {7394B8F6-BF6A-420B-A2D9-33807B4F9809}
		{625CDB8C-E0D2-4D23-8EC1-9D85CFBE318F} = {7394B8F6-BF6A-420B-A2D9-33807B4F9809}
		{5BFDFA73-834C-4417-9936-E021179A9A0B} = {93F69DAE-0CC5-473B-ABAC-F6DF1C7B2B6C}
		{93F69DAE-0CC5-473B-ABAC-F6DF1C7B2B6C} = {7394B8F6-BF6A-420B-A2D9-33807B4F9809}
		{511803A5-A736-4F5D-92B9-266F6F3697B7} = {7394B8F6-BF6A-420B-A2D9-33807B4F9809}
		{0C90D317-87AB-461D-8650-49CF3704EE05} = {511803A5-A736-4F5D-92B9-266F6F3697B7}
		{153654FC-F2F4-4198-AD10-26DFE5FCA57A} = {511803A5-A736-4F5D-92B9-266F6F3697B7}
		{9BA9CD96-078A-49DE-A98E-72A742BABC09} = {7394B8F6-BF6A-420B-A2D9-33807B4F9809}
		{985A52E3-0C8C-48DA-9644-A17B7108A665} = {9BA9CD96-078A-49DE-A98E-72A742BABC09}
		{A695E56E-ECBB-4E6E-963F-09940702285B} = {985A52E3-0C8C-48DA-9644-A17B7108A665}
		{C5ACE062-B912-4B88-A390-2B1D31EE3346} = {511803A5-A736-4F5D-92B9-266F6F3697B7}
		{4D3FAC8B-9D42-4440-8995-D9E6654539D7} = {7394B8F6-BF6A-420B-A2D9-33807B4F9809}
		{8FD7A620-42C2-43A2-89E5-E9B1864E233B} = {4D3FAC8B-9D42-4440-8995-D9E6654539D7}
		{2294501F-65A5-4FB3-9301-2E66512F13A7} = {0C90D317-87AB-461D-8650-49CF3704EE05}
		{C8A9B7F6-EC1E-403B-952E-4F29BEC1D39D} = {93F69DAE-0CC5-473B-ABAC-F6DF1C7B2B6C}
		{B0CD3F27-D2BB-4D8D-AEFA-7058DC73E7C5} = {C8A9B7F6-EC1E-403B-952E-4F29BEC1D39D}
		{9A63ECA1-887C-47BB-BC05-53115142B434} = {4D3FAC8B-9D42-4440-8995-D9E6654539D7}
		{728BE41D-6979-498A-8BCD-D4E3BA476D92} = {7394B8F6-BF6A-420B-A2D9-33807B4F9809}
		{9D7A703D-CDF7-4461-80D3-3C8B60697233} = {728BE41D-6979-498A-8BCD-D4E3BA476D92}
		{EC0ED15B-0011-45E9-BF8E-B2663AB264DC} = {9D7A703D-CDF7-4461-80D3-3C8B60697233}
		{B9151FE9-D4A1-463B-8ADA-373019A90B33} = {EC0ED15B-0011-45E9-BF8E-B2663AB264DC}
		{EB698FC0-5EFA-42B9-A67C-C182C62FBA1A} = {EC0ED15B-0011-45E9-BF8E-B2663AB264DC}
		{E9261BE3-6734-48CA-8C0C-58F2EDB0B291} = {EC0ED15B-0011-45E9-BF8E-B2663AB264DC}
		{B9A6BCBB-4430-4CBA-A606-B23D7DD52E12} = {E9261BE3-6734-48CA-8C0C-58F2EDB0B291}
		{09CDD879-5080-4BD4-A9F6-29342FCD979A} = {EB698FC0-5EFA-42B9-A67C-C182C62FBA1A}
		{3C32D7E3-C3F5-45CB-8B29-EE2FBB5F1338} = {EB698FC0-5EFA-42B9-A67C-C182C62FBA1A}
		{990D197B-8F76-4D6A-B209-0DCB7FE0DA87} = {E9261BE3-6734-48CA-8C0C-58F2EDB0B291}
		{443C0652-B278-46A7-BB01-2C3CA08719A4} = {EC0ED15B-0011-45E9-BF8E-B2663AB264DC}
		{B8C48727-95BB-4603-98DB-4BDC3A33E465} = {B9151FE9-D4A1-463B-8ADA-373019A90B33}
		{43C4DC59-A8B1-4E91-99AD-FEEB4731705E} = {B9151FE9-D4A1-463B-8ADA-373019A90B33}
		{B871C68A-CCD7-4E3C-A1B3-869642A6D222} = {B9151FE9-D4A1-463B-8ADA-373019A90B33}
		{C8E4788A-6A93-471B-8C23-2DDF62CF8804} = {EB698FC0-5EFA-42B9-A67C-C182C62FBA1A}
		{4FDEE240-B74E-46DA-8EC5-71BBDD198DD8} = {EB698FC0-5EFA-42B9-A67C-C182C62FBA1A}
		{B70C317C-2BF1-4E83-9735-9A5AF1177332} = {9BA9CD96-078A-49DE-A98E-72A742BABC09}
		{B1118B24-1899-4F67-8229-554EE15BF7C6} = {B70C317C-2BF1-4E83-9735-9A5AF1177332}
		{853AFA5B-4699-4763-A1BC-40D5152E5327} = {B70C317C-2BF1-4E83-9735-9A5AF1177332}
		{1A16063A-D196-49E6-84CF-F2E2D51DE6BF} = {93F69DAE-0CC5-473B-ABAC-F6DF1C7B2B6C}
		{DFD0ED8C-0788-4AEF-9D59-B1BD7E452FB6} = {1A16063A-D196-49E6-84CF-F2E2D51DE6BF}
		{F5DF3BFB-AAB1-4EBE-8B8A-FE829CB3BB84} = {511803A5-A736-4F5D-92B9-266F6F3697B7}
		{3AFEDF76-C40B-4E5B-975C-C8F1B9D0BEB0} = {511803A5-A736-4F5D-92B9-266F6F3697B7}
		{27153CC6-B5CD-4008-874D-D9892480BD72} = {511803A5-A736-4F5D-92B9-266F6F3697B7}
		{C523CCA7-EAE0-432D-9A9F-92FCE14A9326} = {C5ACE062-B912-4B88-A390-2B1D31EE3346}
		{54498877-F7D3-43A5-AD9F-FE088EBC2E82} = {C5ACE062-B912-4B88-A390-2B1D31EE3346}
		{8669A9E4-C48E-4CA7-9874-1C882CA5CB25} = {C5ACE062-B912-4B88-A390-2B1D31EE3346}
		{93A2C133-60AE-496D-97F5-3D5834B81983} = {511803A5-A736-4F5D-92B9-266F6F3697B7}
		{C766C9FB-58E7-4D69-BA27-C830C28508FD} = {93A2C133-60AE-496D-97F5-3D5834B81983}
		{58840463-53AB-4C9A-A854-90E78B1FDEDA} = {93A2C133-60AE-496D-97F5-3D5834B81983}
		{BEA94DC0-07C9-47AC-B69B-D71A9436EE46} = {511803A5-A736-4F5D-92B9-266F6F3697B7}
		{42AA9DA0-E0D0-435A-A137-983DB00F9012} = {511803A5-A736-4F5D-92B9-266F6F3697B7}
		{256187C8-A985-480C-9359-D9B50D79A4D2} = {42AA9DA0-E0D0-435A-A137-983DB00F9012}
		{D0687C86-09D6-40D4-960E-4F837CB9EC64} = {BEA94DC0-07C9-47AC-B69B-D71A9436EE46}
		{DDB23F3F-CA38-4EE1-A58B-C72EDEE26486} = {BEA94DC0-07C9-47AC-B69B-D71A9436EE46}
		{55FCC63A-3157-402A-9F58-C0C275568236} = {27153CC6-B5CD-4008-874D-D9892480BD72}
		{495410BE-1D2B-4CC6-9E8F-112AEBF6D1F4} = {27153CC6-B5CD-4008-874D-D9892480BD72}
		{033E39F7-29E8-4FB4-9865-5ED56B5A93FA} = {F5DF3BFB-AAB1-4EBE-8B8A-FE829CB3BB84}
		{A7902AF7-D08A-4985-B1A2-A955C303ECC5} = {F5DF3BFB-AAB1-4EBE-8B8A-FE829CB3BB84}
		{C853D93D-CC51-4A6B-9FD3-15B05B175C4F} = {3AFEDF76-C40B-4E5B-975C-C8F1B9D0BEB0}
		{5038A966-C57C-4D87-881B-893307E307AE} = {3AFEDF76-C40B-4E5B-975C-C8F1B9D0BEB0}
		{6BB35754-9C87-4140-8CB2-3226FBEECC0D} = {511803A5-A736-4F5D-92B9-266F6F3697B7}
		{20217769-8C15-46BB-AE1C-6337B3C4BA85} = {3AFEDF76-C40B-4E5B-975C-C8F1B9D0BEB0}
		{B1D31B62-703D-4EE6-86E3-3D32F47D4C1E} = {3AFEDF76-C40B-4E5B-975C-C8F1B9D0BEB0}
		{2C607039-B36D-447C-ABEE-F06A33677830} = {F5DF3BFB-AAB1-4EBE-8B8A-FE829CB3BB84}
		{622C73EE-31B2-4029-9666-5F32A4ADA393} = {F5DF3BFB-AAB1-4EBE-8B8A-FE829CB3BB84}
		{EA208C8B-FE20-4A4F-8515-FBDF67BC80B8} = {27153CC6-B5CD-4008-874D-D9892480BD72}
		{4FAE70C7-7B95-40B7-A01C-C266FC9A5E3D} = {27153CC6-B5CD-4008-874D-D9892480BD72}
		{7A28AC30-63CA-4B64-B852-058FC91C2D8D} = {BEA94DC0-07C9-47AC-B69B-D71A9436EE46}
		{5019AD8C-29F3-48FE-8B4A-90FB9333A670} = {BEA94DC0-07C9-47AC-B69B-D71A9436EE46}
		{AF688785-479C-4156-BA04-E446B30BF928} = {93A2C133-60AE-496D-97F5-3D5834B81983}
		{D4B5F75B-2B82-47E8-8281-3E1888A70BF5} = {93A2C133-60AE-496D-97F5-3D5834B81983}
		{E02707A5-FA32-484B-BEA3-2F6E2419B6E2} = {6BB35754-9C87-4140-8CB2-3226FBEECC0D}
		{3A29FC99-68FD-4591-80C1-69D0B2859C2D} = {6BB35754-9C87-4140-8CB2-3226FBEECC0D}
		{41E83C51-66CB-46F4-ADD6-06B0E31EDEF8} = {6BB35754-9C87-4140-8CB2-3226FBEECC0D}
		{E96F43D8-D7D0-4242-AFA1-927FCED45BF8} = {6BB35754-9C87-4140-8CB2-3226FBEECC0D}
	EndGlobalSection
	GlobalSection(ExtensibilityGlobals) = postSolution
		SolutionGuid = {58A386E4-E7C7-49B8-8E30-D8DD2154B7D5}
	EndGlobalSection
EndGlobal
